
Microsoft Visual Studio Solution File, Format Version 10.00
# Visual Studio 2008
Project("{FAE04EC0-301F-11D3-BF4B-00C04F79EFBC}") = "corlib", "corlib.csproj", "{689506F5-E94F-4D3D-8302-9BBDDA279F9A}"
EndProject
Project("{FAE04EC0-301F-11D3-BF4B-00C04F79EFBC}") = "System", "System.csproj", "{620F96A6-674D-4000-BB62-04FDD2DA0453}"
EndProject
Project("{FAE04EC0-301F-11D3-BF4B-00C04F79EFBC}") = "ICSharpCode.SharpZipLib", "ICSharpCode.SharpZipLib.csproj", "{804E718D-C06C-4236-AF08-19420BAA608A}"
EndProject
Project("{FAE04EC0-301F-11D3-BF4B-00C04F79EFBC}") = "System.Xml", "System.Xml.csproj", "{EF12AA46-2375-42F0-B71C-BF74E7C55A07}"
EndProject
Project("{FAE04EC0-301F-11D3-BF4B-00C04F79EFBC}") = "Mono.CompilerServices.SymbolWriter", "Mono.CompilerServices.SymbolWriter.csproj", "{D5D2CEB0-90BE-44EF-9D6D-FB4EC433263C}"
EndProject
Global
	GlobalSection(SolutionConfigurationPlatforms) = preSolution
		Debug|Any CPU = Debug|Any CPU
		Release|Any CPU = Release|Any CPU
	EndGlobalSection
	GlobalSection(ProjectConfigurationPlatforms) = postSolution
		{689506F5-E94F-4D3D-8302-9BBDDA279F9A}.Debug|Any CPU.ActiveCfg = Debug|Any CPU
		{689506F5-E94F-4D3D-8302-9BBDDA279F9A}.Debug|Any CPU.Build.0 = Debug|Any CPU
		{689506F5-E94F-4D3D-8302-9BBDDA279F9A}.Release|Any CPU.ActiveCfg = Release|Any CPU
		{689506F5-E94F-4D3D-8302-9BBDDA279F9A}.Release|Any CPU.Build.0 = Release|Any CPU
		{620F96A6-674D-4000-BB62-04FDD2DA0453}.Debug|Any CPU.ActiveCfg = Debug|Any CPU
		{620F96A6-674D-4000-BB62-04FDD2DA0453}.Debug|Any CPU.Build.0 = Debug|Any CPU
		{620F96A6-674D-4000-BB62-04FDD2DA0453}.Release|Any CPU.ActiveCfg = Release|Any CPU
		{620F96A6-674D-4000-BB62-04FDD2DA0453}.Release|Any CPU.Build.0 = Release|Any CPU
		{804E718D-C06C-4236-AF08-19420BAA608A}.Debug|Any CPU.ActiveCfg = Debug|Any CPU
		{804E718D-C06C-4236-AF08-19420BAA608A}.Debug|Any CPU.Build.0 = Debug|Any CPU
		{804E718D-C06C-4236-AF08-19420BAA608A}.Release|Any CPU.ActiveCfg = Release|Any CPU
		{804E718D-C06C-4236-AF08-19420BAA608A}.Release|Any CPU.Build.0 = Release|Any CPU
		{EF12AA46-2375-42F0-B71C-BF74E7C55A07}.Debug|Any CPU.ActiveCfg = Debug|Any CPU
		{EF12AA46-2375-42F0-B71C-BF74E7C55A07}.Debug|Any CPU.Build.0 = Debug|Any CPU
		{EF12AA46-2375-42F0-B71C-BF74E7C55A07}.Release|Any CPU.ActiveCfg = Release|Any CPU
		{EF12AA46-2375-42F0-B71C-BF74E7C55A07}.Release|Any CPU.Build.0 = Release|Any CPU
		{D5D2CEB0-90BE-44EF-9D6D-FB4EC433263C}.Debug|Any CPU.ActiveCfg = Debug|Any CPU
		{D5D2CEB0-90BE-44EF-9D6D-FB4EC433263C}.Debug|Any CPU.Build.0 = Debug|Any CPU
		{D5D2CEB0-90BE-44EF-9D6D-FB4EC433263C}.Release|Any CPU.ActiveCfg = Release|Any CPU
		{D5D2CEB0-90BE-44EF-9D6D-FB4EC433263C}.Release|Any CPU.Build.0 = Release|Any CPU
	EndGlobalSection
	GlobalSection(SolutionProperties) = preSolution
		HideSolutionNode = FALSE
	EndGlobalSection
EndGlobal
