Microsoft Visual Studio Solution File, Format Version 10.00
# Visual Studio 2008
Project("{FAE04EC0-301F-11D3-BF4B-00C04F79EFBC}") = "Mosa.System", "System\Mosa.System.csproj", "{631BC4F3-E2D8-4319-814C-13904CAA17CE}"
EndProject
Project("{FAE04EC0-301F-11D3-BF4B-00C04F79EFBC}") = "Test.Mosa.Runtime.CompilerFramework", "..\Test\Mosa\Runtime\CompilerFramework\Test.Mosa.Runtime.CompilerFramework.csproj", "{AD653B6B-EBB7-4E69-93F7-FADA40462648}"
EndProject
Project("{FAE04EC0-301F-11D3-BF4B-00C04F79EFBC}") = "Mosa.Tools.Compiler", "Tools\Compiler\Mosa.Tools.Compiler.csproj", "{B69C2F31-5161-47BB-9FD3-2F2F2BCBF659}"
EndProject
Project("{FAE04EC0-301F-11D3-BF4B-00C04F79EFBC}") = "Mosa.Platforms.x86", "Platforms\x86\Mosa.Platforms.x86.csproj", "{56CA38E7-0883-4461-A10E-386D0C58DBF9}"
EndProject
Project("{FAE04EC0-301F-11D3-BF4B-00C04F79EFBC}") = "Mosa.HelloWorld", "HelloWorld\Mosa.HelloWorld.csproj", "{F1776FF2-A727-4FAF-B6BE-D37D6B019038}"
EndProject
Project("{FAE04EC0-301F-11D3-BF4B-00C04F79EFBC}") = "Mosa.Tools.CreatePCIList", "Tools\CreatePCIList\Mosa.Tools.CreatePCIList.csproj", "{B271896A-D16A-4B76-B2F5-2EE0F98E4FC9}"
EndProject
Project("{FAE04EC0-301F-11D3-BF4B-00C04F79EFBC}") = "Mosa.Runtime", "Runtime\Mosa.Runtime.csproj", "{75A12A8A-8C8F-4D1E-801B-689D8F781BF4}"
EndProject
Project("{FAE04EC0-301F-11D3-BF4B-00C04F79EFBC}") = "Mosa.Jit.SimpleJit", "Jit\SimpleJit\Mosa.Jit.SimpleJit.csproj", "{57399D8B-1B6C-4169-A340-B804F240B450}"
EndProject
Project("{FAE04EC0-301F-11D3-BF4B-00C04F79EFBC}") = "Mosa.ClassLib", "ClassLib\Mosa.ClassLib.csproj", "{27A3C89C-1967-45FF-A77E-94F44995C42C}"
EndProject
Project("{FAE04EC0-301F-11D3-BF4B-00C04F79EFBC}") = "Mosa.DeviceDrivers", "DeviceDrivers\Mosa.DeviceDrivers.csproj", "{4DBD4C50-BEC5-48D9-B471-9FB0A7F69999}"
EndProject
Project("{FAE04EC0-301F-11D3-BF4B-00C04F79EFBC}") = "Mosa.FileSystem", "FileSystem\Mosa.FileSystem.csproj", "{D89972FD-A930-4D0C-B393-1895E78FAFAB}"
EndProject
Project("{FAE04EC0-301F-11D3-BF4B-00C04F79EFBC}") = "Mosa.DeviceSystem", "DeviceSystem\Mosa.DeviceSystem.csproj", "{6509477A-7360-4937-A1B9-26FED0A75CDA}"
EndProject
Project("{FAE04EC0-301F-11D3-BF4B-00C04F79EFBC}") = "Mosa.Kernel", "Kernel\Mosa.Kernel.csproj", "{FF099D48-3FA5-4ED6-BBA0-1497D734962A}"
EndProject
Project("{FAE04EC0-301F-11D3-BF4B-00C04F79EFBC}") = "Mosa.Emulator", "Emulator\Mosa.Emulator.csproj", "{65D89ED3-D999-4E8F-BB82-F470F7EC06E4}"
EndProject
Project("{FAE04EC0-301F-11D3-BF4B-00C04F79EFBC}") = "Mosa.EmulatedDevices", "EmulatedDevices\Mosa.EmulatedDevices.csproj", "{4BCC3783-8374-4E44-A843-22C0C5624C92}"
EndProject
Project("{FAE04EC0-301F-11D3-BF4B-00C04F79EFBC}") = "Mosa.EmulatedKernel", "EmulatedKernel\Mosa.EmulatedKernel.csproj", "{A6C1F330-B858-44DE-89E6-C89D2B80DA62}"
EndProject
Project("{FAE04EC0-301F-11D3-BF4B-00C04F79EFBC}") = "Mosa.Tools.MakeBootImage", "Tools\MakeBootImage\Mosa.Tools.MakeBootImage.csproj", "{BE9A5A27-22C4-4664-A8BD-388B30B5972C}"
EndProject
Global
	GlobalSection(TeamFoundationVersionControl) = preSolution
		SccNumberOfProjects = 17
		SccEnterpriseProvider = {4CA58AB2-18FA-4F8D-95D4-32DDF27D184C}
		SccTeamFoundationServer = https://tfs01.codeplex.com/
		SccProjectUniqueName0 = System\\Mosa.System.csproj
		SccProjectName0 = System
		SccAuxPath0 = https://tfs01.codeplex.com
		SccLocalPath0 = System
		SccProvider0 = {4CA58AB2-18FA-4F8D-95D4-32DDF27D184C}
		SccProjectUniqueName1 = ..\\Test\\Mosa\\Runtime\\CompilerFramework\\Test.Mosa.Runtime.CompilerFramework.csproj
		SccProjectName1 = ../Test/Mosa/Runtime/CompilerFramework
		SccAuxPath1 = https://tfs01.codeplex.com
		SccLocalPath1 = ..\\Test\\Mosa\\Runtime\\CompilerFramework
		SccProvider1 = {4CA58AB2-18FA-4F8D-95D4-32DDF27D184C}
		SccProjectUniqueName2 = Tools\\Compiler\\Mosa.Tools.Compiler.csproj
		SccProjectName2 = Tools/Compiler
		SccAuxPath2 = https://tfs01.codeplex.com
		SccLocalPath2 = Tools\\Compiler
		SccProvider2 = {4CA58AB2-18FA-4F8D-95D4-32DDF27D184C}
		SccProjectUniqueName3 = Platforms\\x86\\Mosa.Platforms.x86.csproj
		SccProjectName3 = Platforms/x86
		SccAuxPath3 = https://tfs01.codeplex.com
		SccLocalPath3 = Platforms\\x86
		SccProvider3 = {4CA58AB2-18FA-4F8D-95D4-32DDF27D184C}
		SccProjectUniqueName4 = HelloWorld\\Mosa.HelloWorld.csproj
		SccProjectName4 = HelloWorld
		SccAuxPath4 = https://tfs01.codeplex.com
		SccLocalPath4 = HelloWorld
		SccProvider4 = {4CA58AB2-18FA-4F8D-95D4-32DDF27D184C}
		SccProjectUniqueName5 = Tools\\CreatePCIList\\Mosa.Tools.CreatePCIList.csproj
		SccProjectName5 = Tools/CreatePCIList
		SccAuxPath5 = https://tfs01.codeplex.com
		SccLocalPath5 = Tools\\CreatePCIList
		SccProvider5 = {4CA58AB2-18FA-4F8D-95D4-32DDF27D184C}
		SccProjectUniqueName6 = Runtime\\Mosa.Runtime.csproj
		SccProjectName6 = Runtime
		SccAuxPath6 = https://tfs01.codeplex.com
		SccLocalPath6 = Runtime
		SccProvider6 = {4CA58AB2-18FA-4F8D-95D4-32DDF27D184C}
		SccProjectUniqueName7 = Jit\\SimpleJit\\Mosa.Jit.SimpleJit.csproj
		SccProjectName7 = Jit/SimpleJit
		SccAuxPath7 = https://tfs01.codeplex.com
		SccLocalPath7 = Jit\\SimpleJit
		SccProvider7 = {4CA58AB2-18FA-4F8D-95D4-32DDF27D184C}
		SccProjectUniqueName8 = ClassLib\\Mosa.ClassLib.csproj
		SccProjectName8 = ClassLib
		SccAuxPath8 = https://tfs01.codeplex.com
		SccLocalPath8 = ClassLib
		SccProvider8 = {4CA58AB2-18FA-4F8D-95D4-32DDF27D184C}
		SccProjectUniqueName9 = DeviceDrivers\\Mosa.DeviceDrivers.csproj
		SccProjectName9 = DeviceDrivers
		SccAuxPath9 = https://tfs01.codeplex.com
		SccLocalPath9 = DeviceDrivers
		SccProvider9 = {4CA58AB2-18FA-4F8D-95D4-32DDF27D184C}
		SccProjectUniqueName10 = FileSystem\\Mosa.FileSystem.csproj
		SccProjectName10 = FileSystem
		SccAuxPath10 = https://tfs01.codeplex.com
		SccLocalPath10 = FileSystem
		SccProvider10 = {4CA58AB2-18FA-4F8D-95D4-32DDF27D184C}
		SccProjectUniqueName11 = DeviceSystem\\Mosa.DeviceSystem.csproj
		SccProjectName11 = DeviceSystem
		SccAuxPath11 = https://tfs01.codeplex.com
		SccLocalPath11 = DeviceSystem
		SccProvider11 = {4CA58AB2-18FA-4F8D-95D4-32DDF27D184C}
		SccProjectUniqueName12 = Kernel\\Mosa.Kernel.csproj
		SccProjectName12 = Kernel
		SccAuxPath12 = https://tfs01.codeplex.com
		SccLocalPath12 = Kernel
		SccProvider12 = {4CA58AB2-18FA-4F8D-95D4-32DDF27D184C}
		SccProjectUniqueName13 = Emulator\\Mosa.Emulator.csproj
		SccProjectName13 = Emulator
		SccAuxPath13 = https://tfs01.codeplex.com
		SccLocalPath13 = Emulator
		SccProvider13 = {4CA58AB2-18FA-4F8D-95D4-32DDF27D184C}
		SccProjectUniqueName14 = EmulatedDevices\\Mosa.EmulatedDevices.csproj
		SccProjectName14 = EmulatedDevices
		SccAuxPath14 = https://tfs01.codeplex.com
		SccLocalPath14 = EmulatedDevices
		SccProvider14 = {4CA58AB2-18FA-4F8D-95D4-32DDF27D184C}
		SccProjectUniqueName15 = EmulatedKernel\\Mosa.EmulatedKernel.csproj
		SccProjectName15 = EmulatedKernel
		SccAuxPath15 = https://tfs01.codeplex.com
		SccLocalPath15 = EmulatedKernel
		SccProvider15 = {4CA58AB2-18FA-4F8D-95D4-32DDF27D184C}
		SccProjectUniqueName16 = Tools\\MakeBootImage\\Mosa.Tools.MakeBootImage.csproj
		SccProjectName16 = Tools/MakeBootImage
		SccAuxPath16 = https://tfs01.codeplex.com
		SccLocalPath16 = Tools\\MakeBootImage
		SccProvider16 = {4CA58AB2-18FA-4F8D-95D4-32DDF27D184C}
	EndGlobalSection
	GlobalSection(SolutionConfigurationPlatforms) = preSolution
		Debug|Any CPU = Debug|Any CPU
		Release|Any CPU = Release|Any CPU
	EndGlobalSection
	GlobalSection(ProjectConfigurationPlatforms) = postSolution
		{631BC4F3-E2D8-4319-814C-13904CAA17CE}.Debug|Any CPU.ActiveCfg = Debug|Any CPU
		{631BC4F3-E2D8-4319-814C-13904CAA17CE}.Debug|Any CPU.Build.0 = Debug|Any CPU
		{631BC4F3-E2D8-4319-814C-13904CAA17CE}.Release|Any CPU.ActiveCfg = Release|Any CPU
		{631BC4F3-E2D8-4319-814C-13904CAA17CE}.Release|Any CPU.Build.0 = Release|Any CPU
		{AD653B6B-EBB7-4E69-93F7-FADA40462648}.Debug|Any CPU.ActiveCfg = Debug|Any CPU
		{AD653B6B-EBB7-4E69-93F7-FADA40462648}.Debug|Any CPU.Build.0 = Debug|Any CPU
		{AD653B6B-EBB7-4E69-93F7-FADA40462648}.Release|Any CPU.ActiveCfg = Release|Any CPU
		{AD653B6B-EBB7-4E69-93F7-FADA40462648}.Release|Any CPU.Build.0 = Release|Any CPU
		{B69C2F31-5161-47BB-9FD3-2F2F2BCBF659}.Debug|Any CPU.ActiveCfg = Debug|Any CPU
		{B69C2F31-5161-47BB-9FD3-2F2F2BCBF659}.Debug|Any CPU.Build.0 = Debug|Any CPU
		{B69C2F31-5161-47BB-9FD3-2F2F2BCBF659}.Release|Any CPU.ActiveCfg = Release|Any CPU
		{B69C2F31-5161-47BB-9FD3-2F2F2BCBF659}.Release|Any CPU.Build.0 = Release|Any CPU
		{56CA38E7-0883-4461-A10E-386D0C58DBF9}.Debug|Any CPU.ActiveCfg = Debug|Any CPU
		{56CA38E7-0883-4461-A10E-386D0C58DBF9}.Debug|Any CPU.Build.0 = Debug|Any CPU
		{56CA38E7-0883-4461-A10E-386D0C58DBF9}.Release|Any CPU.ActiveCfg = Release|Any CPU
		{56CA38E7-0883-4461-A10E-386D0C58DBF9}.Release|Any CPU.Build.0 = Release|Any CPU
		{F1776FF2-A727-4FAF-B6BE-D37D6B019038}.Debug|Any CPU.ActiveCfg = Debug|Any CPU
		{F1776FF2-A727-4FAF-B6BE-D37D6B019038}.Debug|Any CPU.Build.0 = Debug|Any CPU
		{F1776FF2-A727-4FAF-B6BE-D37D6B019038}.Release|Any CPU.ActiveCfg = Release|Any CPU
		{F1776FF2-A727-4FAF-B6BE-D37D6B019038}.Release|Any CPU.Build.0 = Release|Any CPU
		{B271896A-D16A-4B76-B2F5-2EE0F98E4FC9}.Debug|Any CPU.ActiveCfg = Debug|Any CPU
		{B271896A-D16A-4B76-B2F5-2EE0F98E4FC9}.Debug|Any CPU.Build.0 = Debug|Any CPU
		{B271896A-D16A-4B76-B2F5-2EE0F98E4FC9}.Release|Any CPU.ActiveCfg = Release|Any CPU
		{B271896A-D16A-4B76-B2F5-2EE0F98E4FC9}.Release|Any CPU.Build.0 = Release|Any CPU
		{75A12A8A-8C8F-4D1E-801B-689D8F781BF4}.Debug|Any CPU.ActiveCfg = Debug|Any CPU
		{75A12A8A-8C8F-4D1E-801B-689D8F781BF4}.Debug|Any CPU.Build.0 = Debug|Any CPU
		{75A12A8A-8C8F-4D1E-801B-689D8F781BF4}.Release|Any CPU.ActiveCfg = Release|Any CPU
		{75A12A8A-8C8F-4D1E-801B-689D8F781BF4}.Release|Any CPU.Build.0 = Release|Any CPU
		{57399D8B-1B6C-4169-A340-B804F240B450}.Debug|Any CPU.ActiveCfg = Debug|Any CPU
		{57399D8B-1B6C-4169-A340-B804F240B450}.Debug|Any CPU.Build.0 = Debug|Any CPU
		{57399D8B-1B6C-4169-A340-B804F240B450}.Release|Any CPU.ActiveCfg = Release|Any CPU
		{57399D8B-1B6C-4169-A340-B804F240B450}.Release|Any CPU.Build.0 = Release|Any CPU
		{27A3C89C-1967-45FF-A77E-94F44995C42C}.Debug|Any CPU.ActiveCfg = Debug|Any CPU
		{27A3C89C-1967-45FF-A77E-94F44995C42C}.Debug|Any CPU.Build.0 = Debug|Any CPU
		{27A3C89C-1967-45FF-A77E-94F44995C42C}.Release|Any CPU.ActiveCfg = Release|Any CPU
		{27A3C89C-1967-45FF-A77E-94F44995C42C}.Release|Any CPU.Build.0 = Release|Any CPU
		{4DBD4C50-BEC5-48D9-B471-9FB0A7F69999}.Debug|Any CPU.ActiveCfg = Debug|Any CPU
		{4DBD4C50-BEC5-48D9-B471-9FB0A7F69999}.Debug|Any CPU.Build.0 = Debug|Any CPU
		{4DBD4C50-BEC5-48D9-B471-9FB0A7F69999}.Release|Any CPU.ActiveCfg = Release|Any CPU
		{4DBD4C50-BEC5-48D9-B471-9FB0A7F69999}.Release|Any CPU.Build.0 = Release|Any CPU
		{D89972FD-A930-4D0C-B393-1895E78FAFAB}.Debug|Any CPU.ActiveCfg = Debug|Any CPU
		{D89972FD-A930-4D0C-B393-1895E78FAFAB}.Debug|Any CPU.Build.0 = Debug|Any CPU
		{D89972FD-A930-4D0C-B393-1895E78FAFAB}.Release|Any CPU.ActiveCfg = Release|Any CPU
		{D89972FD-A930-4D0C-B393-1895E78FAFAB}.Release|Any CPU.Build.0 = Release|Any CPU
		{6509477A-7360-4937-A1B9-26FED0A75CDA}.Debug|Any CPU.ActiveCfg = Debug|Any CPU
		{6509477A-7360-4937-A1B9-26FED0A75CDA}.Debug|Any CPU.Build.0 = Debug|Any CPU
		{6509477A-7360-4937-A1B9-26FED0A75CDA}.Release|Any CPU.ActiveCfg = Release|Any CPU
		{6509477A-7360-4937-A1B9-26FED0A75CDA}.Release|Any CPU.Build.0 = Release|Any CPU
		{FF099D48-3FA5-4ED6-BBA0-1497D734962A}.Debug|Any CPU.ActiveCfg = Debug|Any CPU
		{FF099D48-3FA5-4ED6-BBA0-1497D734962A}.Debug|Any CPU.Build.0 = Debug|Any CPU
		{FF099D48-3FA5-4ED6-BBA0-1497D734962A}.Release|Any CPU.ActiveCfg = Release|Any CPU
		{FF099D48-3FA5-4ED6-BBA0-1497D734962A}.Release|Any CPU.Build.0 = Release|Any CPU
		{65D89ED3-D999-4E8F-BB82-F470F7EC06E4}.Debug|Any CPU.ActiveCfg = Debug|Any CPU
		{65D89ED3-D999-4E8F-BB82-F470F7EC06E4}.Debug|Any CPU.Build.0 = Debug|Any CPU
		{65D89ED3-D999-4E8F-BB82-F470F7EC06E4}.Release|Any CPU.ActiveCfg = Release|Any CPU
		{65D89ED3-D999-4E8F-BB82-F470F7EC06E4}.Release|Any CPU.Build.0 = Release|Any CPU
		{4BCC3783-8374-4E44-A843-22C0C5624C92}.Debug|Any CPU.ActiveCfg = Debug|Any CPU
		{4BCC3783-8374-4E44-A843-22C0C5624C92}.Debug|Any CPU.Build.0 = Debug|Any CPU
		{4BCC3783-8374-4E44-A843-22C0C5624C92}.Release|Any CPU.ActiveCfg = Release|Any CPU
		{4BCC3783-8374-4E44-A843-22C0C5624C92}.Release|Any CPU.Build.0 = Release|Any CPU
		{A6C1F330-B858-44DE-89E6-C89D2B80DA62}.Debug|Any CPU.ActiveCfg = Debug|Any CPU
		{A6C1F330-B858-44DE-89E6-C89D2B80DA62}.Debug|Any CPU.Build.0 = Debug|Any CPU
		{A6C1F330-B858-44DE-89E6-C89D2B80DA62}.Release|Any CPU.ActiveCfg = Release|Any CPU
		{A6C1F330-B858-44DE-89E6-C89D2B80DA62}.Release|Any CPU.Build.0 = Release|Any CPU
		{BE9A5A27-22C4-4664-A8BD-388B30B5972C}.Debug|Any CPU.ActiveCfg = Debug|Any CPU
		{BE9A5A27-22C4-4664-A8BD-388B30B5972C}.Debug|Any CPU.Build.0 = Debug|Any CPU
		{BE9A5A27-22C4-4664-A8BD-388B30B5972C}.Release|Any CPU.ActiveCfg = Release|Any CPU
		{BE9A5A27-22C4-4664-A8BD-388B30B5972C}.Release|Any CPU.Build.0 = Release|Any CPU
	EndGlobalSection
	GlobalSection(SolutionProperties) = preSolution
		HideSolutionNode = FALSE
	EndGlobalSection
EndGlobal
