Microsoft Visual Studio Solution File, Format Version 10.00
# Visual Studio 2008
Project("{2150E333-8FDC-42A3-9474-1A3956D46DE8}") = "System", "System", "{0E4F77CF-F524-4BA7-B6C9-36F6630C9D06}"
EndProject
Project("{FAE04EC0-301F-11D3-BF4B-00C04F79EFBC}") = "Mosa.System", "System\Mosa.System.csproj", "{631BC4F3-E2D8-4319-814C-13904CAA17CE}"
EndProject
Project("{2150E333-8FDC-42A3-9474-1A3956D46DE8}") = "CompilerFramework", "CompilerFramework", "{B9F7DEE6-2052-44E3-B7B9-48BBDCFA86F2}"
EndProject
Project("{2150E333-8FDC-42A3-9474-1A3956D46DE8}") = "Platforms", "Platforms", "{AB88960E-B233-475B-96E4-8C10EEF8622C}"
EndProject
Project("{2150E333-8FDC-42A3-9474-1A3956D46DE8}") = "Tests", "Tests", "{88D3D1D0-85D2-4301-A9EA-3F964CB05415}"
EndProject
Project("{FAE04EC0-301F-11D3-BF4B-00C04F79EFBC}") = "Test.Mosa.Runtime.CompilerFramework", "..\Test\Mosa\Runtime\CompilerFramework\Test.Mosa.Runtime.CompilerFramework.csproj", "{AD653B6B-EBB7-4E69-93F7-FADA40462648}"
EndProject
Project("{FAE04EC0-301F-11D3-BF4B-00C04F79EFBC}") = "Mosa.Tools.Compiler", "Tools\Compiler\Mosa.Tools.Compiler.csproj", "{B69C2F31-5161-47BB-9FD3-2F2F2BCBF659}"
EndProject
Project("{FAE04EC0-301F-11D3-BF4B-00C04F79EFBC}") = "Mosa.Platforms.x86", "Platforms\x86\Mosa.Platforms.x86.csproj", "{56CA38E7-0883-4461-A10E-386D0C58DBF9}"
EndProject
Project("{2150E333-8FDC-42A3-9474-1A3956D46DE8}") = "TestBoot", "TestBoot", "{DA2E0617-CC88-4CBE-AE8F-C8467C54A5E5}"
EndProject
Project("{FAE04EC0-301F-11D3-BF4B-00C04F79EFBC}") = "Mosa.HelloWorld", "HelloWorld\Mosa.HelloWorld.csproj", "{F1776FF2-A727-4FAF-B6BE-D37D6B019038}"
EndProject
Project("{2150E333-8FDC-42A3-9474-1A3956D46DE8}") = "Tools", "Tools", "{D032B24A-CE3A-4881-BACE-CC4FE0AFD69D}"
EndProject
Project("{FAE04EC0-301F-11D3-BF4B-00C04F79EFBC}") = "Mosa.Tools.CreatePCIList", "Tools\CreatePCIList\Mosa.Tools.CreatePCIList.csproj", "{B271896A-D16A-4B76-B2F5-2EE0F98E4FC9}"
EndProject
Project("{2150E333-8FDC-42A3-9474-1A3956D46DE8}") = "OS", "OS", "{1AB7FA6A-829C-4DCF-BCA6-A27156D8DA26}"
EndProject
Project("{2150E333-8FDC-42A3-9474-1A3956D46DE8}") = "Runtime", "Runtime", "{CB09F6BB-036F-4425-8D2B-10D1A1EF31FA}"
EndProject
Project("{FAE04EC0-301F-11D3-BF4B-00C04F79EFBC}") = "Mosa.Runtime", "Runtime\Mosa.Runtime.csproj", "{75A12A8A-8C8F-4D1E-801B-689D8F781BF4}"
EndProject
Project("{FAE04EC0-301F-11D3-BF4B-00C04F79EFBC}") = "Mosa.Jit.SimpleJit", "Jit\SimpleJit\Mosa.Jit.SimpleJit.csproj", "{57399D8B-1B6C-4169-A340-B804F240B450}"
EndProject
Project("{FAE04EC0-301F-11D3-BF4B-00C04F79EFBC}") = "Mosa.ClassLib", "ClassLib\Mosa.ClassLib.csproj", "{27A3C89C-1967-45FF-A77E-94F44995C42C}"
EndProject
Project("{2150E333-8FDC-42A3-9474-1A3956D46DE8}") = "Drivers", "Drivers", "{F46A9333-AFD9-4139-A651-F7ED20772F89}"
EndProject
Project("{FAE04EC0-301F-11D3-BF4B-00C04F79EFBC}") = "Mosa.DeviceDrivers", "DeviceDrivers\Mosa.DeviceDrivers.csproj", "{4DBD4C50-BEC5-48D9-B471-9FB0A7F69999}"
EndProject
Project("{FAE04EC0-301F-11D3-BF4B-00C04F79EFBC}") = "Mosa.FileSystem", "FileSystem\Mosa.FileSystem.csproj", "{D89972FD-A930-4D0C-B393-1895E78FAFAB}"
EndProject
Project("{FAE04EC0-301F-11D3-BF4B-00C04F79EFBC}") = "Mosa.DeviceSystem", "DeviceSystem\Mosa.DeviceSystem.csproj", "{6509477A-7360-4937-A1B9-26FED0A75CDA}"
EndProject
Project("{FAE04EC0-301F-11D3-BF4B-00C04F79EFBC}") = "Mosa.Kernel", "Kernel\Mosa.Kernel.csproj", "{FF099D48-3FA5-4ED6-BBA0-1497D734962A}"
EndProject
Project("{2150E333-8FDC-42A3-9474-1A3956D46DE8}") = "Emulation", "Emulation", "{16A382BF-94CC-4FBB-B791-35E77DE849A8}"
EndProject
Project("{FAE04EC0-301F-11D3-BF4B-00C04F79EFBC}") = "Mosa.Emulator", "Emulator\Mosa.Emulator.csproj", "{65D89ED3-D999-4E8F-BB82-F470F7EC06E4}"
EndProject
Project("{FAE04EC0-301F-11D3-BF4B-00C04F79EFBC}") = "Mosa.EmulatedDevices", "EmulatedDevices\Mosa.EmulatedDevices.csproj", "{4BCC3783-8374-4E44-A843-22C0C5624C92}"
EndProject
Project("{FAE04EC0-301F-11D3-BF4B-00C04F79EFBC}") = "Mosa.EmulatedKernel", "EmulatedKernel\Mosa.EmulatedKernel.csproj", "{A6C1F330-B858-44DE-89E6-C89D2B80DA62}"
EndProject
Project("{FAE04EC0-301F-11D3-BF4B-00C04F79EFBC}") = "Mosa.Tools.MakeBootImage", "Tools\MakeBootImage\Mosa.Tools.MakeBootImage.csproj", "{BE9A5A27-22C4-4664-A8BD-388B30B5972C}"
EndProject
Project("{FAE04EC0-301F-11D3-BF4B-00C04F79EFBC}") = "Pictor", "Pictor\Pictor.csproj", "{1D756AD8-07A2-44F3-9A69-B6573A339CB4}"
EndProject
Project("{FAE04EC0-301F-11D3-BF4B-00C04F79EFBC}") = "Pictor.UI", "Pictor.UI\Pictor.UI.csproj", "{79BA50A4-B1A8-45E0-B6C2-65FDC165C147}"
EndProject
Project("{2150E333-8FDC-42A3-9474-1A3956D46DE8}") = "Pictor", "Pictor", "{F4796AD7-8EE0-4EF7-B05D-D7C5B291F65B}"
EndProject
Global
	GlobalSection(TeamFoundationVersionControl) = preSolution
		SccNumberOfProjects = 20
		SccEnterpriseProvider = {4CA58AB2-18FA-4F8D-95D4-32DDF27D184C}
		SccTeamFoundationServer = https://tfs01.codeplex.com/
		SccLocalPath0 = .
		SccProjectUniqueName1 = System\\Mosa.System.csproj
		SccProjectTopLevelParentUniqueName1 = MOSA.sln
		SccProjectName1 = System
		SccLocalPath1 = System
		SccProjectUniqueName2 = Platforms\\x86\\Mosa.Platforms.x86.csproj
		SccProjectTopLevelParentUniqueName2 = MOSA.sln
		SccProjectName2 = Platforms/x86
		SccLocalPath2 = Platforms\\x86
		SccProjectUniqueName3 = Runtime\\Mosa.Runtime.csproj
		SccProjectTopLevelParentUniqueName3 = MOSA.sln
		SccProjectName3 = Runtime
		SccLocalPath3 = Runtime
		SccProjectUniqueName4 = Jit\\SimpleJit\\Mosa.Jit.SimpleJit.csproj
		SccProjectTopLevelParentUniqueName4 = MOSA.sln
		SccProjectName4 = Jit/SimpleJit
		SccLocalPath4 = Jit\\SimpleJit
		SccProjectUniqueName5 = ClassLib\\Mosa.ClassLib.csproj
		SccProjectTopLevelParentUniqueName5 = MOSA.sln
		SccProjectName5 = ClassLib
		SccLocalPath5 = ClassLib
		SccProjectUniqueName6 = DeviceDrivers\\Mosa.DeviceDrivers.csproj
		SccProjectTopLevelParentUniqueName6 = MOSA.sln
		SccProjectName6 = DeviceDrivers
		SccLocalPath6 = DeviceDrivers
		SccProjectUniqueName7 = FileSystem\\Mosa.FileSystem.csproj
		SccProjectTopLevelParentUniqueName7 = MOSA.sln
		SccProjectName7 = FileSystem
		SccLocalPath7 = FileSystem
		SccProjectUniqueName8 = DeviceSystem\\Mosa.DeviceSystem.csproj
		SccProjectTopLevelParentUniqueName8 = MOSA.sln
		SccProjectName8 = DeviceSystem
		SccLocalPath8 = DeviceSystem
		SccProjectUniqueName9 = Kernel\\Mosa.Kernel.csproj
		SccProjectTopLevelParentUniqueName9 = MOSA.sln
		SccProjectName9 = Kernel
		SccLocalPath9 = Kernel
		SccProjectUniqueName10 = Emulator\\Mosa.Emulator.csproj
		SccProjectTopLevelParentUniqueName10 = MOSA.sln
		SccProjectName10 = Emulator
		SccLocalPath10 = Emulator
		SccProjectUniqueName11 = EmulatedDevices\\Mosa.EmulatedDevices.csproj
		SccProjectTopLevelParentUniqueName11 = MOSA.sln
		SccProjectName11 = EmulatedDevices
		SccLocalPath11 = EmulatedDevices
		SccProjectUniqueName12 = EmulatedKernel\\Mosa.EmulatedKernel.csproj
		SccProjectTopLevelParentUniqueName12 = MOSA.sln
		SccProjectName12 = EmulatedKernel
		SccLocalPath12 = EmulatedKernel
		SccProjectUniqueName13 = ..\\Test\\Mosa\\Runtime\\CompilerFramework\\Test.Mosa.Runtime.CompilerFramework.csproj
		SccProjectTopLevelParentUniqueName13 = MOSA.sln
		SccProjectName13 = ../Test/Mosa/Runtime/CompilerFramework
		SccLocalPath13 = ..\\Test\\Mosa\\Runtime\\CompilerFramework
		SccProjectUniqueName14 = HelloWorld\\Mosa.HelloWorld.csproj
		SccProjectTopLevelParentUniqueName14 = MOSA.sln
		SccProjectName14 = HelloWorld
		SccLocalPath14 = HelloWorld
		SccProjectUniqueName15 = Tools\\CreatePCIList\\Mosa.Tools.CreatePCIList.csproj
		SccProjectTopLevelParentUniqueName15 = MOSA.sln
		SccProjectName15 = Tools/CreatePCIList
		SccLocalPath15 = Tools\\CreatePCIList
		SccProjectUniqueName16 = Tools\\MakeBootImage\\Mosa.Tools.MakeBootImage.csproj
		SccProjectTopLevelParentUniqueName16 = MOSA.sln
		SccProjectName16 = Tools/MakeBootImage
		SccLocalPath16 = Tools\\MakeBootImage
		SccProjectUniqueName17 = Tools\\Compiler\\Mosa.Tools.Compiler.csproj
		SccProjectTopLevelParentUniqueName17 = MOSA.sln
		SccProjectName17 = Tools/Compiler
		SccLocalPath17 = Tools\\Compiler
		SccProjectUniqueName18 = Pictor\\Pictor.csproj
		SccProjectTopLevelParentUniqueName18 = MOSA.sln
		SccProjectName18 = Pictor
		SccLocalPath18 = Pictor
		SccProjectUniqueName19 = Pictor.UI\\Pictor.UI.csproj
		SccProjectTopLevelParentUniqueName19 = MOSA.sln
		SccProjectName19 = Pictor.UI
		SccLocalPath19 = Pictor.UI
	EndGlobalSection
	GlobalSection(SolutionConfigurationPlatforms) = preSolution
		Debug|Any CPU = Debug|Any CPU
		Release|Any CPU = Release|Any CPU
	EndGlobalSection
	GlobalSection(ProjectConfigurationPlatforms) = postSolution
		{631BC4F3-E2D8-4319-814C-13904CAA17CE}.Debug|Any CPU.ActiveCfg = Debug|Any CPU
		{631BC4F3-E2D8-4319-814C-13904CAA17CE}.Debug|Any CPU.Build.0 = Debug|Any CPU
		{631BC4F3-E2D8-4319-814C-13904CAA17CE}.Release|Any CPU.ActiveCfg = Release|Any CPU
		{631BC4F3-E2D8-4319-814C-13904CAA17CE}.Release|Any CPU.Build.0 = Release|Any CPU
		{AD653B6B-EBB7-4E69-93F7-FADA40462648}.Debug|Any CPU.ActiveCfg = Debug|Any CPU
		{AD653B6B-EBB7-4E69-93F7-FADA40462648}.Debug|Any CPU.Build.0 = Debug|Any CPU
		{AD653B6B-EBB7-4E69-93F7-FADA40462648}.Release|Any CPU.ActiveCfg = Release|Any CPU
		{AD653B6B-EBB7-4E69-93F7-FADA40462648}.Release|Any CPU.Build.0 = Release|Any CPU
		{B69C2F31-5161-47BB-9FD3-2F2F2BCBF659}.Debug|Any CPU.ActiveCfg = Debug|Any CPU
		{B69C2F31-5161-47BB-9FD3-2F2F2BCBF659}.Debug|Any CPU.Build.0 = Debug|Any CPU
		{B69C2F31-5161-47BB-9FD3-2F2F2BCBF659}.Release|Any CPU.ActiveCfg = Release|Any CPU
		{B69C2F31-5161-47BB-9FD3-2F2F2BCBF659}.Release|Any CPU.Build.0 = Release|Any CPU
		{56CA38E7-0883-4461-A10E-386D0C58DBF9}.Debug|Any CPU.ActiveCfg = Debug|Any CPU
		{56CA38E7-0883-4461-A10E-386D0C58DBF9}.Debug|Any CPU.Build.0 = Debug|Any CPU
		{56CA38E7-0883-4461-A10E-386D0C58DBF9}.Release|Any CPU.ActiveCfg = Release|Any CPU
		{56CA38E7-0883-4461-A10E-386D0C58DBF9}.Release|Any CPU.Build.0 = Release|Any CPU
		{F1776FF2-A727-4FAF-B6BE-D37D6B019038}.Debug|Any CPU.ActiveCfg = Debug|Any CPU
		{F1776FF2-A727-4FAF-B6BE-D37D6B019038}.Debug|Any CPU.Build.0 = Debug|Any CPU
		{F1776FF2-A727-4FAF-B6BE-D37D6B019038}.Release|Any CPU.ActiveCfg = Release|Any CPU
		{F1776FF2-A727-4FAF-B6BE-D37D6B019038}.Release|Any CPU.Build.0 = Release|Any CPU
		{B271896A-D16A-4B76-B2F5-2EE0F98E4FC9}.Debug|Any CPU.ActiveCfg = Debug|Any CPU
		{B271896A-D16A-4B76-B2F5-2EE0F98E4FC9}.Debug|Any CPU.Build.0 = Debug|Any CPU
		{B271896A-D16A-4B76-B2F5-2EE0F98E4FC9}.Release|Any CPU.ActiveCfg = Release|Any CPU
		{B271896A-D16A-4B76-B2F5-2EE0F98E4FC9}.Release|Any CPU.Build.0 = Release|Any CPU
		{75A12A8A-8C8F-4D1E-801B-689D8F781BF4}.Debug|Any CPU.ActiveCfg = Debug|Any CPU
		{75A12A8A-8C8F-4D1E-801B-689D8F781BF4}.Debug|Any CPU.Build.0 = Debug|Any CPU
		{75A12A8A-8C8F-4D1E-801B-689D8F781BF4}.Release|Any CPU.ActiveCfg = Release|Any CPU
		{75A12A8A-8C8F-4D1E-801B-689D8F781BF4}.Release|Any CPU.Build.0 = Release|Any CPU
		{57399D8B-1B6C-4169-A340-B804F240B450}.Debug|Any CPU.ActiveCfg = Debug|Any CPU
		{57399D8B-1B6C-4169-A340-B804F240B450}.Debug|Any CPU.Build.0 = Debug|Any CPU
		{57399D8B-1B6C-4169-A340-B804F240B450}.Release|Any CPU.ActiveCfg = Release|Any CPU
		{57399D8B-1B6C-4169-A340-B804F240B450}.Release|Any CPU.Build.0 = Release|Any CPU
		{27A3C89C-1967-45FF-A77E-94F44995C42C}.Debug|Any CPU.ActiveCfg = Debug|Any CPU
		{27A3C89C-1967-45FF-A77E-94F44995C42C}.Debug|Any CPU.Build.0 = Debug|Any CPU
		{27A3C89C-1967-45FF-A77E-94F44995C42C}.Release|Any CPU.ActiveCfg = Release|Any CPU
		{27A3C89C-1967-45FF-A77E-94F44995C42C}.Release|Any CPU.Build.0 = Release|Any CPU
		{4DBD4C50-BEC5-48D9-B471-9FB0A7F69999}.Debug|Any CPU.ActiveCfg = Debug|Any CPU
		{4DBD4C50-BEC5-48D9-B471-9FB0A7F69999}.Debug|Any CPU.Build.0 = Debug|Any CPU
		{4DBD4C50-BEC5-48D9-B471-9FB0A7F69999}.Release|Any CPU.ActiveCfg = Release|Any CPU
		{4DBD4C50-BEC5-48D9-B471-9FB0A7F69999}.Release|Any CPU.Build.0 = Release|Any CPU
		{D89972FD-A930-4D0C-B393-1895E78FAFAB}.Debug|Any CPU.ActiveCfg = Debug|Any CPU
		{D89972FD-A930-4D0C-B393-1895E78FAFAB}.Debug|Any CPU.Build.0 = Debug|Any CPU
		{D89972FD-A930-4D0C-B393-1895E78FAFAB}.Release|Any CPU.ActiveCfg = Release|Any CPU
		{D89972FD-A930-4D0C-B393-1895E78FAFAB}.Release|Any CPU.Build.0 = Release|Any CPU
		{6509477A-7360-4937-A1B9-26FED0A75CDA}.Debug|Any CPU.ActiveCfg = Debug|Any CPU
		{6509477A-7360-4937-A1B9-26FED0A75CDA}.Debug|Any CPU.Build.0 = Debug|Any CPU
		{6509477A-7360-4937-A1B9-26FED0A75CDA}.Release|Any CPU.ActiveCfg = Release|Any CPU
		{6509477A-7360-4937-A1B9-26FED0A75CDA}.Release|Any CPU.Build.0 = Release|Any CPU
		{FF099D48-3FA5-4ED6-BBA0-1497D734962A}.Debug|Any CPU.ActiveCfg = Debug|Any CPU
		{FF099D48-3FA5-4ED6-BBA0-1497D734962A}.Debug|Any CPU.Build.0 = Debug|Any CPU
		{FF099D48-3FA5-4ED6-BBA0-1497D734962A}.Release|Any CPU.ActiveCfg = Release|Any CPU
		{FF099D48-3FA5-4ED6-BBA0-1497D734962A}.Release|Any CPU.Build.0 = Release|Any CPU
		{65D89ED3-D999-4E8F-BB82-F470F7EC06E4}.Debug|Any CPU.ActiveCfg = Debug|Any CPU
		{65D89ED3-D999-4E8F-BB82-F470F7EC06E4}.Debug|Any CPU.Build.0 = Debug|Any CPU
		{65D89ED3-D999-4E8F-BB82-F470F7EC06E4}.Release|Any CPU.ActiveCfg = Release|Any CPU
		{65D89ED3-D999-4E8F-BB82-F470F7EC06E4}.Release|Any CPU.Build.0 = Release|Any CPU
		{4BCC3783-8374-4E44-A843-22C0C5624C92}.Debug|Any CPU.ActiveCfg = Debug|Any CPU
		{4BCC3783-8374-4E44-A843-22C0C5624C92}.Debug|Any CPU.Build.0 = Debug|Any CPU
		{4BCC3783-8374-4E44-A843-22C0C5624C92}.Release|Any CPU.ActiveCfg = Release|Any CPU
		{4BCC3783-8374-4E44-A843-22C0C5624C92}.Release|Any CPU.Build.0 = Release|Any CPU
		{A6C1F330-B858-44DE-89E6-C89D2B80DA62}.Debug|Any CPU.ActiveCfg = Debug|Any CPU
		{A6C1F330-B858-44DE-89E6-C89D2B80DA62}.Debug|Any CPU.Build.0 = Debug|Any CPU
		{A6C1F330-B858-44DE-89E6-C89D2B80DA62}.Release|Any CPU.ActiveCfg = Release|Any CPU
		{A6C1F330-B858-44DE-89E6-C89D2B80DA62}.Release|Any CPU.Build.0 = Release|Any CPU
		{BE9A5A27-22C4-4664-A8BD-388B30B5972C}.Debug|Any CPU.ActiveCfg = Debug|Any CPU
		{BE9A5A27-22C4-4664-A8BD-388B30B5972C}.Debug|Any CPU.Build.0 = Debug|Any CPU
		{BE9A5A27-22C4-4664-A8BD-388B30B5972C}.Release|Any CPU.ActiveCfg = Release|Any CPU
		{BE9A5A27-22C4-4664-A8BD-388B30B5972C}.Release|Any CPU.Build.0 = Release|Any CPU
		{1D756AD8-07A2-44F3-9A69-B6573A339CB4}.Debug|Any CPU.ActiveCfg = Debug|Any CPU
		{1D756AD8-07A2-44F3-9A69-B6573A339CB4}.Debug|Any CPU.Build.0 = Debug|Any CPU
		{1D756AD8-07A2-44F3-9A69-B6573A339CB4}.Release|Any CPU.ActiveCfg = Release|Any CPU
		{1D756AD8-07A2-44F3-9A69-B6573A339CB4}.Release|Any CPU.Build.0 = Release|Any CPU
		{79BA50A4-B1A8-45E0-B6C2-65FDC165C147}.Debug|Any CPU.ActiveCfg = Debug|Any CPU
		{79BA50A4-B1A8-45E0-B6C2-65FDC165C147}.Debug|Any CPU.Build.0 = Debug|Any CPU
		{79BA50A4-B1A8-45E0-B6C2-65FDC165C147}.Release|Any CPU.ActiveCfg = Release|Any CPU
		{79BA50A4-B1A8-45E0-B6C2-65FDC165C147}.Release|Any CPU.Build.0 = Release|Any CPU
	EndGlobalSection
	GlobalSection(SolutionProperties) = preSolution
		HideSolutionNode = FALSE
	EndGlobalSection
	GlobalSection(NestedProjects) = preSolution
		{631BC4F3-E2D8-4319-814C-13904CAA17CE} = {0E4F77CF-F524-4BA7-B6C9-36F6630C9D06}
		{AB88960E-B233-475B-96E4-8C10EEF8622C} = {B9F7DEE6-2052-44E3-B7B9-48BBDCFA86F2}
		{88D3D1D0-85D2-4301-A9EA-3F964CB05415} = {AB88960E-B233-475B-96E4-8C10EEF8622C}
		{56CA38E7-0883-4461-A10E-386D0C58DBF9} = {AB88960E-B233-475B-96E4-8C10EEF8622C}
		{AD653B6B-EBB7-4E69-93F7-FADA40462648} = {88D3D1D0-85D2-4301-A9EA-3F964CB05415}
		{B69C2F31-5161-47BB-9FD3-2F2F2BCBF659} = {D032B24A-CE3A-4881-BACE-CC4FE0AFD69D}
		{B271896A-D16A-4B76-B2F5-2EE0F98E4FC9} = {D032B24A-CE3A-4881-BACE-CC4FE0AFD69D}
		{BE9A5A27-22C4-4664-A8BD-388B30B5972C} = {D032B24A-CE3A-4881-BACE-CC4FE0AFD69D}
		{F1776FF2-A727-4FAF-B6BE-D37D6B019038} = {DA2E0617-CC88-4CBE-AE8F-C8467C54A5E5}
		{CB09F6BB-036F-4425-8D2B-10D1A1EF31FA} = {1AB7FA6A-829C-4DCF-BCA6-A27156D8DA26}
		{F46A9333-AFD9-4139-A651-F7ED20772F89} = {1AB7FA6A-829C-4DCF-BCA6-A27156D8DA26}
		{FF099D48-3FA5-4ED6-BBA0-1497D734962A} = {1AB7FA6A-829C-4DCF-BCA6-A27156D8DA26}
		{75A12A8A-8C8F-4D1E-801B-689D8F781BF4} = {CB09F6BB-036F-4425-8D2B-10D1A1EF31FA}
		{57399D8B-1B6C-4169-A340-B804F240B450} = {CB09F6BB-036F-4425-8D2B-10D1A1EF31FA}
		{27A3C89C-1967-45FF-A77E-94F44995C42C} = {CB09F6BB-036F-4425-8D2B-10D1A1EF31FA}
		{4DBD4C50-BEC5-48D9-B471-9FB0A7F69999} = {F46A9333-AFD9-4139-A651-F7ED20772F89}
		{D89972FD-A930-4D0C-B393-1895E78FAFAB} = {F46A9333-AFD9-4139-A651-F7ED20772F89}
		{6509477A-7360-4937-A1B9-26FED0A75CDA} = {F46A9333-AFD9-4139-A651-F7ED20772F89}
		{65D89ED3-D999-4E8F-BB82-F470F7EC06E4} = {16A382BF-94CC-4FBB-B791-35E77DE849A8}
		{4BCC3783-8374-4E44-A843-22C0C5624C92} = {16A382BF-94CC-4FBB-B791-35E77DE849A8}
		{A6C1F330-B858-44DE-89E6-C89D2B80DA62} = {16A382BF-94CC-4FBB-B791-35E77DE849A8}
		{1D756AD8-07A2-44F3-9A69-B6573A339CB4} = {F4796AD7-8EE0-4EF7-B05D-D7C5B291F65B}
		{79BA50A4-B1A8-45E0-B6C2-65FDC165C147} = {F4796AD7-8EE0-4EF7-B05D-D7C5B291F65B}
	EndGlobalSection
EndGlobal
