Microsoft Visual Studio Solution File, Format Version 11.00
# Visual Studio 2010
Project("{2150E333-8FDC-42A3-9474-1A3956D46DE8}") = "CompilerFramework", "CompilerFramework", "{B9F7DEE6-2052-44E3-B7B9-48BBDCFA86F2}"
EndProject
Project("{2150E333-8FDC-42A3-9474-1A3956D46DE8}") = "Platforms", "Platforms", "{AB88960E-B233-475B-96E4-8C10EEF8622C}"
EndProject
Project("{2150E333-8FDC-42A3-9474-1A3956D46DE8}") = "Tests", "Tests", "{88D3D1D0-85D2-4301-A9EA-3F964CB05415}"
EndProject
Project("{2150E333-8FDC-42A3-9474-1A3956D46DE8}") = "Test", "Test", "{DA2E0617-CC88-4CBE-AE8F-C8467C54A5E5}"
EndProject
Project("{2150E333-8FDC-42A3-9474-1A3956D46DE8}") = "Tools", "Tools", "{D032B24A-CE3A-4881-BACE-CC4FE0AFD69D}"
EndProject
Project("{2150E333-8FDC-42A3-9474-1A3956D46DE8}") = "OS", "OS", "{1AB7FA6A-829C-4DCF-BCA6-A27156D8DA26}"
EndProject
Project("{2150E333-8FDC-42A3-9474-1A3956D46DE8}") = "Runtime", "Runtime", "{CB09F6BB-036F-4425-8D2B-10D1A1EF31FA}"
EndProject
Project("{2150E333-8FDC-42A3-9474-1A3956D46DE8}") = "Drivers", "Drivers", "{F46A9333-AFD9-4139-A651-F7ED20772F89}"
EndProject
Project("{2150E333-8FDC-42A3-9474-1A3956D46DE8}") = "Emulation", "Emulation", "{16A382BF-94CC-4FBB-B791-35E77DE849A8}"
EndProject
Project("{2150E333-8FDC-42A3-9474-1A3956D46DE8}") = "Pictor", "Pictor", "{F4796AD7-8EE0-4EF7-B05D-D7C5B291F65B}"
EndProject
Project("{2150E333-8FDC-42A3-9474-1A3956D46DE8}") = "Mono", "Mono", "{30F29437-8AC3-44F2-89FA-3C35804CC2A8}"
EndProject
Project("{2150E333-8FDC-42A3-9474-1A3956D46DE8}") = "System", "System", "{FF773BDF-A20C-4A5F-BFF9-F422C2AFF3CE}"
EndProject
Project("{FAE04EC0-301F-11D3-BF4B-00C04F79EFBC}") = "Mosa.Tools.Compiler", "Tools\Compiler\Mosa.Tools.Compiler.csproj", "{B69C2F31-5161-47BB-9FD3-2F2F2BCBF659}"
EndProject
Project("{FAE04EC0-301F-11D3-BF4B-00C04F79EFBC}") = "Mosa.Platforms.x86", "Platforms\x86\Mosa.Platforms.x86.csproj", "{56CA38E7-0883-4461-A10E-386D0C58DBF9}"
EndProject
Project("{FAE04EC0-301F-11D3-BF4B-00C04F79EFBC}") = "Mosa.HelloWorld", "HelloWorld\Mosa.HelloWorld.csproj", "{F1776FF2-A727-4FAF-B6BE-D37D6B019038}"
EndProject
Project("{FAE04EC0-301F-11D3-BF4B-00C04F79EFBC}") = "Mosa.Tools.CreatePCIList", "Tools\CreatePCIList\Mosa.Tools.CreatePCIList.csproj", "{B271896A-D16A-4B76-B2F5-2EE0F98E4FC9}"
EndProject
Project("{FAE04EC0-301F-11D3-BF4B-00C04F79EFBC}") = "Mosa.Runtime", "Runtime\Mosa.Runtime.csproj", "{75A12A8A-8C8F-4D1E-801B-689D8F781BF4}"
EndProject
Project("{FAE04EC0-301F-11D3-BF4B-00C04F79EFBC}") = "Mosa.Jit.SimpleJit", "Jit\SimpleJit\Mosa.Jit.SimpleJit.csproj", "{57399D8B-1B6C-4169-A340-B804F240B450}"
EndProject
Project("{FAE04EC0-301F-11D3-BF4B-00C04F79EFBC}") = "Mosa.ClassLib", "ClassLib\Mosa.ClassLib.csproj", "{27A3C89C-1967-45FF-A77E-94F44995C42C}"
EndProject
Project("{FAE04EC0-301F-11D3-BF4B-00C04F79EFBC}") = "Mosa.DeviceDrivers", "DeviceDrivers\Mosa.DeviceDrivers.csproj", "{4DBD4C50-BEC5-48D9-B471-9FB0A7F69999}"
EndProject
Project("{FAE04EC0-301F-11D3-BF4B-00C04F79EFBC}") = "Mosa.FileSystem", "FileSystem\Mosa.FileSystem.csproj", "{D89972FD-A930-4D0C-B393-1895E78FAFAB}"
EndProject
Project("{FAE04EC0-301F-11D3-BF4B-00C04F79EFBC}") = "Mosa.DeviceSystem", "DeviceSystem\Mosa.DeviceSystem.csproj", "{6509477A-7360-4937-A1B9-26FED0A75CDA}"
EndProject
Project("{FAE04EC0-301F-11D3-BF4B-00C04F79EFBC}") = "Mosa.Kernel", "Kernel\Mosa.Kernel.csproj", "{FF099D48-3FA5-4ED6-BBA0-1497D734962A}"
EndProject
Project("{FAE04EC0-301F-11D3-BF4B-00C04F79EFBC}") = "Mosa.Emulator", "Emulator\Mosa.Emulator.csproj", "{65D89ED3-D999-4E8F-BB82-F470F7EC06E4}"
EndProject
Project("{FAE04EC0-301F-11D3-BF4B-00C04F79EFBC}") = "Mosa.EmulatedDevices", "EmulatedDevices\Mosa.EmulatedDevices.csproj", "{4BCC3783-8374-4E44-A843-22C0C5624C92}"
EndProject
Project("{FAE04EC0-301F-11D3-BF4B-00C04F79EFBC}") = "Mosa.EmulatedKernel", "EmulatedKernel\Mosa.EmulatedKernel.csproj", "{A6C1F330-B858-44DE-89E6-C89D2B80DA62}"
EndProject
Project("{FAE04EC0-301F-11D3-BF4B-00C04F79EFBC}") = "Pictor", "Pictor\Pictor.csproj", "{1D756AD8-07A2-44F3-9A69-B6573A339CB4}"
EndProject
Project("{FAE04EC0-301F-11D3-BF4B-00C04F79EFBC}") = "Pictor.UI", "Pictor.UI\Pictor.UI.csproj", "{79BA50A4-B1A8-45E0-B6C2-65FDC165C147}"
EndProject
Project("{FAE04EC0-301F-11D3-BF4B-00C04F79EFBC}") = "Mosa.Tools.XMLTo", "Tools\XmlTo\Mosa.Tools.XMLTo.csproj", "{0647E3DC-6386-4457-AFAC-CEF32F7E031E}"
EndProject
Project("{FAE04EC0-301F-11D3-BF4B-00C04F79EFBC}") = "Mosa.Tools.MakeIsoImage", "Tools\MakeIsoImage\Mosa.Tools.MakeIsoImage.csproj", "{7EB8E856-2D85-44BA-8F90-201C8D1A17EA}"
EndProject
Project("{FAE04EC0-301F-11D3-BF4B-00C04F79EFBC}") = "Mosa.Tools.CreateBootImage", "Tools\CreateBootImage\Mosa.Tools.CreateBootImage.csproj", "{BE9A5A27-22C4-4664-A8BD-388B30B5972C}"
EndProject
Project("{FAE04EC0-301F-11D3-BF4B-00C04F79EFBC}") = "Mosa.Tools.Mono.UpdateProject", "Tools\Mono\UpdateProject\Mosa.Tools.Mono.UpdateProject.csproj", "{59C6CA03-8473-47BA-B074-242257D2B910}"
EndProject
Project("{FAE04EC0-301F-11D3-BF4B-00C04F79EFBC}") = "Mosa.Tools.Mono.CreateProject", "Tools\Mono\CreateProject\Mosa.Tools.Mono.CreateProject.csproj", "{17DA1FF2-7414-4E25-8053-F3880C045877}"
EndProject
Project("{FAE04EC0-301F-11D3-BF4B-00C04F79EFBC}") = "Test.Mosa.Runtime.CompilerFramework", "..\Tests\Runtime\CompilerFramework\Test.Mosa.Runtime.CompilerFramework.csproj", "{AD653B6B-EBB7-4E69-93F7-FADA40462648}"
EndProject
Project("{FAE04EC0-301F-11D3-BF4B-00C04F79EFBC}") = "Mosa.QuickTest", "QuickTest\Mosa.QuickTest.csproj", "{038DC96D-021B-41E6-867E-047598F92ED3}"
EndProject
Project("{FAE04EC0-301F-11D3-BF4B-00C04F79EFBC}") = "Mosa.Tools.StageVisualizer", "Tools\Mosa.Tools.StageVisualizer\Mosa.Tools.StageVisualizer.csproj", "{93FC3B7E-2B95-46D5-B7D1-5E64085E41D3}"
EndProject
Project("{FAE04EC0-301F-11D3-BF4B-00C04F79EFBC}") = "LoaderTool", "Tools\LoaderTool\LoaderTool.csproj", "{336047E9-CF4C-426E-B447-D123AEABFF06}"
EndProject
Project("{FAE04EC0-301F-11D3-BF4B-00C04F79EFBC}") = "Korlib", "Korlib\Korlib.csproj", "{631BC4F3-E2D8-4319-814C-13904CAA17CE}"
EndProject
Global
	GlobalSection(SolutionConfigurationPlatforms) = preSolution
		Debug|Any CPU = Debug|Any CPU
		Release|Any CPU = Release|Any CPU
		Description = MOSA Project
	EndGlobalSection
	GlobalSection(ProjectConfigurationPlatforms) = postSolution
		{B69C2F31-5161-47BB-9FD3-2F2F2BCBF659}.Debug|Any CPU.ActiveCfg = Debug|Any CPU
		{B69C2F31-5161-47BB-9FD3-2F2F2BCBF659}.Debug|Any CPU.Build.0 = Debug|Any CPU
		{B69C2F31-5161-47BB-9FD3-2F2F2BCBF659}.Release|Any CPU.ActiveCfg = Release|Any CPU
		{B69C2F31-5161-47BB-9FD3-2F2F2BCBF659}.Release|Any CPU.Build.0 = Release|Any CPU
		{56CA38E7-0883-4461-A10E-386D0C58DBF9}.Debug|Any CPU.ActiveCfg = Debug|Any CPU
		{56CA38E7-0883-4461-A10E-386D0C58DBF9}.Debug|Any CPU.Build.0 = Debug|Any CPU
		{56CA38E7-0883-4461-A10E-386D0C58DBF9}.Release|Any CPU.ActiveCfg = Release|Any CPU
		{56CA38E7-0883-4461-A10E-386D0C58DBF9}.Release|Any CPU.Build.0 = Release|Any CPU
		{F1776FF2-A727-4FAF-B6BE-D37D6B019038}.Debug|Any CPU.ActiveCfg = Debug|Any CPU
		{F1776FF2-A727-4FAF-B6BE-D37D6B019038}.Debug|Any CPU.Build.0 = Debug|Any CPU
		{F1776FF2-A727-4FAF-B6BE-D37D6B019038}.Release|Any CPU.ActiveCfg = Release|Any CPU
		{F1776FF2-A727-4FAF-B6BE-D37D6B019038}.Release|Any CPU.Build.0 = Release|Any CPU
		{B271896A-D16A-4B76-B2F5-2EE0F98E4FC9}.Debug|Any CPU.ActiveCfg = Debug|Any CPU
		{B271896A-D16A-4B76-B2F5-2EE0F98E4FC9}.Debug|Any CPU.Build.0 = Debug|Any CPU
		{B271896A-D16A-4B76-B2F5-2EE0F98E4FC9}.Release|Any CPU.ActiveCfg = Release|Any CPU
		{B271896A-D16A-4B76-B2F5-2EE0F98E4FC9}.Release|Any CPU.Build.0 = Release|Any CPU
		{75A12A8A-8C8F-4D1E-801B-689D8F781BF4}.Debug|Any CPU.ActiveCfg = Debug|Any CPU
		{75A12A8A-8C8F-4D1E-801B-689D8F781BF4}.Debug|Any CPU.Build.0 = Debug|Any CPU
		{75A12A8A-8C8F-4D1E-801B-689D8F781BF4}.Release|Any CPU.ActiveCfg = Release|Any CPU
		{75A12A8A-8C8F-4D1E-801B-689D8F781BF4}.Release|Any CPU.Build.0 = Release|Any CPU
		{57399D8B-1B6C-4169-A340-B804F240B450}.Debug|Any CPU.ActiveCfg = Debug|Any CPU
		{57399D8B-1B6C-4169-A340-B804F240B450}.Debug|Any CPU.Build.0 = Debug|Any CPU
		{57399D8B-1B6C-4169-A340-B804F240B450}.Release|Any CPU.ActiveCfg = Release|Any CPU
		{57399D8B-1B6C-4169-A340-B804F240B450}.Release|Any CPU.Build.0 = Release|Any CPU
		{27A3C89C-1967-45FF-A77E-94F44995C42C}.Debug|Any CPU.ActiveCfg = Debug|Any CPU
		{27A3C89C-1967-45FF-A77E-94F44995C42C}.Debug|Any CPU.Build.0 = Debug|Any CPU
		{27A3C89C-1967-45FF-A77E-94F44995C42C}.Release|Any CPU.ActiveCfg = Release|Any CPU
		{27A3C89C-1967-45FF-A77E-94F44995C42C}.Release|Any CPU.Build.0 = Release|Any CPU
		{4DBD4C50-BEC5-48D9-B471-9FB0A7F69999}.Debug|Any CPU.ActiveCfg = Debug|Any CPU
		{4DBD4C50-BEC5-48D9-B471-9FB0A7F69999}.Debug|Any CPU.Build.0 = Debug|Any CPU
		{4DBD4C50-BEC5-48D9-B471-9FB0A7F69999}.Release|Any CPU.ActiveCfg = Release|Any CPU
		{4DBD4C50-BEC5-48D9-B471-9FB0A7F69999}.Release|Any CPU.Build.0 = Release|Any CPU
		{D89972FD-A930-4D0C-B393-1895E78FAFAB}.Debug|Any CPU.ActiveCfg = Debug|Any CPU
		{D89972FD-A930-4D0C-B393-1895E78FAFAB}.Debug|Any CPU.Build.0 = Debug|Any CPU
		{D89972FD-A930-4D0C-B393-1895E78FAFAB}.Release|Any CPU.ActiveCfg = Release|Any CPU
		{D89972FD-A930-4D0C-B393-1895E78FAFAB}.Release|Any CPU.Build.0 = Release|Any CPU
		{6509477A-7360-4937-A1B9-26FED0A75CDA}.Debug|Any CPU.ActiveCfg = Debug|Any CPU
		{6509477A-7360-4937-A1B9-26FED0A75CDA}.Debug|Any CPU.Build.0 = Debug|Any CPU
		{6509477A-7360-4937-A1B9-26FED0A75CDA}.Release|Any CPU.ActiveCfg = Release|Any CPU
		{6509477A-7360-4937-A1B9-26FED0A75CDA}.Release|Any CPU.Build.0 = Release|Any CPU
		{FF099D48-3FA5-4ED6-BBA0-1497D734962A}.Debug|Any CPU.ActiveCfg = Debug|Any CPU
		{FF099D48-3FA5-4ED6-BBA0-1497D734962A}.Debug|Any CPU.Build.0 = Debug|Any CPU
		{FF099D48-3FA5-4ED6-BBA0-1497D734962A}.Release|Any CPU.ActiveCfg = Release|Any CPU
		{FF099D48-3FA5-4ED6-BBA0-1497D734962A}.Release|Any CPU.Build.0 = Release|Any CPU
		{65D89ED3-D999-4E8F-BB82-F470F7EC06E4}.Debug|Any CPU.ActiveCfg = Debug|Any CPU
		{65D89ED3-D999-4E8F-BB82-F470F7EC06E4}.Debug|Any CPU.Build.0 = Debug|Any CPU
		{65D89ED3-D999-4E8F-BB82-F470F7EC06E4}.Release|Any CPU.ActiveCfg = Release|Any CPU
		{65D89ED3-D999-4E8F-BB82-F470F7EC06E4}.Release|Any CPU.Build.0 = Release|Any CPU
		{4BCC3783-8374-4E44-A843-22C0C5624C92}.Debug|Any CPU.ActiveCfg = Debug|Any CPU
		{4BCC3783-8374-4E44-A843-22C0C5624C92}.Debug|Any CPU.Build.0 = Debug|Any CPU
		{4BCC3783-8374-4E44-A843-22C0C5624C92}.Release|Any CPU.ActiveCfg = Release|Any CPU
		{4BCC3783-8374-4E44-A843-22C0C5624C92}.Release|Any CPU.Build.0 = Release|Any CPU
		{A6C1F330-B858-44DE-89E6-C89D2B80DA62}.Debug|Any CPU.ActiveCfg = Debug|Any CPU
		{A6C1F330-B858-44DE-89E6-C89D2B80DA62}.Debug|Any CPU.Build.0 = Debug|Any CPU
		{A6C1F330-B858-44DE-89E6-C89D2B80DA62}.Release|Any CPU.ActiveCfg = Release|Any CPU
		{A6C1F330-B858-44DE-89E6-C89D2B80DA62}.Release|Any CPU.Build.0 = Release|Any CPU
		{1D756AD8-07A2-44F3-9A69-B6573A339CB4}.Debug|Any CPU.ActiveCfg = Debug|Any CPU
		{1D756AD8-07A2-44F3-9A69-B6573A339CB4}.Debug|Any CPU.Build.0 = Debug|Any CPU
		{1D756AD8-07A2-44F3-9A69-B6573A339CB4}.Release|Any CPU.ActiveCfg = Release|Any CPU
		{1D756AD8-07A2-44F3-9A69-B6573A339CB4}.Release|Any CPU.Build.0 = Release|Any CPU
		{79BA50A4-B1A8-45E0-B6C2-65FDC165C147}.Debug|Any CPU.ActiveCfg = Debug|Any CPU
		{79BA50A4-B1A8-45E0-B6C2-65FDC165C147}.Debug|Any CPU.Build.0 = Debug|Any CPU
		{79BA50A4-B1A8-45E0-B6C2-65FDC165C147}.Release|Any CPU.ActiveCfg = Release|Any CPU
		{79BA50A4-B1A8-45E0-B6C2-65FDC165C147}.Release|Any CPU.Build.0 = Release|Any CPU
		{0647E3DC-6386-4457-AFAC-CEF32F7E031E}.Debug|Any CPU.ActiveCfg = Debug|Any CPU
		{0647E3DC-6386-4457-AFAC-CEF32F7E031E}.Debug|Any CPU.Build.0 = Debug|Any CPU
		{0647E3DC-6386-4457-AFAC-CEF32F7E031E}.Release|Any CPU.ActiveCfg = Release|Any CPU
		{0647E3DC-6386-4457-AFAC-CEF32F7E031E}.Release|Any CPU.Build.0 = Release|Any CPU
		{7EB8E856-2D85-44BA-8F90-201C8D1A17EA}.Debug|Any CPU.ActiveCfg = Debug|Any CPU
		{7EB8E856-2D85-44BA-8F90-201C8D1A17EA}.Debug|Any CPU.Build.0 = Debug|Any CPU
		{7EB8E856-2D85-44BA-8F90-201C8D1A17EA}.Release|Any CPU.ActiveCfg = Release|Any CPU
		{7EB8E856-2D85-44BA-8F90-201C8D1A17EA}.Release|Any CPU.Build.0 = Release|Any CPU
		{BE9A5A27-22C4-4664-A8BD-388B30B5972C}.Debug|Any CPU.ActiveCfg = Debug|Any CPU
		{BE9A5A27-22C4-4664-A8BD-388B30B5972C}.Debug|Any CPU.Build.0 = Debug|Any CPU
		{BE9A5A27-22C4-4664-A8BD-388B30B5972C}.Release|Any CPU.ActiveCfg = Release|Any CPU
		{BE9A5A27-22C4-4664-A8BD-388B30B5972C}.Release|Any CPU.Build.0 = Release|Any CPU
		{59C6CA03-8473-47BA-B074-242257D2B910}.Debug|Any CPU.ActiveCfg = Debug|Any CPU
		{59C6CA03-8473-47BA-B074-242257D2B910}.Debug|Any CPU.Build.0 = Debug|Any CPU
		{59C6CA03-8473-47BA-B074-242257D2B910}.Release|Any CPU.ActiveCfg = Release|Any CPU
		{59C6CA03-8473-47BA-B074-242257D2B910}.Release|Any CPU.Build.0 = Release|Any CPU
		{17DA1FF2-7414-4E25-8053-F3880C045877}.Debug|Any CPU.ActiveCfg = Debug|Any CPU
		{17DA1FF2-7414-4E25-8053-F3880C045877}.Debug|Any CPU.Build.0 = Debug|Any CPU
		{17DA1FF2-7414-4E25-8053-F3880C045877}.Release|Any CPU.ActiveCfg = Release|Any CPU
		{17DA1FF2-7414-4E25-8053-F3880C045877}.Release|Any CPU.Build.0 = Release|Any CPU
		{AD653B6B-EBB7-4E69-93F7-FADA40462648}.Debug|Any CPU.ActiveCfg = Debug|Any CPU
		{AD653B6B-EBB7-4E69-93F7-FADA40462648}.Debug|Any CPU.Build.0 = Debug|Any CPU
		{AD653B6B-EBB7-4E69-93F7-FADA40462648}.Release|Any CPU.ActiveCfg = Release|Any CPU
		{AD653B6B-EBB7-4E69-93F7-FADA40462648}.Release|Any CPU.Build.0 = Release|Any CPU
		{038DC96D-021B-41E6-867E-047598F92ED3}.Debug|Any CPU.ActiveCfg = Debug|Any CPU
		{038DC96D-021B-41E6-867E-047598F92ED3}.Debug|Any CPU.Build.0 = Debug|Any CPU
		{038DC96D-021B-41E6-867E-047598F92ED3}.Release|Any CPU.ActiveCfg = Release|Any CPU
		{038DC96D-021B-41E6-867E-047598F92ED3}.Release|Any CPU.Build.0 = Release|Any CPU
		{93FC3B7E-2B95-46D5-B7D1-5E64085E41D3}.Debug|Any CPU.ActiveCfg = Debug|Any CPU
		{93FC3B7E-2B95-46D5-B7D1-5E64085E41D3}.Debug|Any CPU.Build.0 = Debug|Any CPU
		{93FC3B7E-2B95-46D5-B7D1-5E64085E41D3}.Release|Any CPU.ActiveCfg = Release|Any CPU
		{93FC3B7E-2B95-46D5-B7D1-5E64085E41D3}.Release|Any CPU.Build.0 = Release|Any CPU
		{336047E9-CF4C-426E-B447-D123AEABFF06}.Debug|Any CPU.ActiveCfg = Debug|Any CPU
		{336047E9-CF4C-426E-B447-D123AEABFF06}.Debug|Any CPU.Build.0 = Debug|Any CPU
		{336047E9-CF4C-426E-B447-D123AEABFF06}.Release|Any CPU.ActiveCfg = Release|Any CPU
		{336047E9-CF4C-426E-B447-D123AEABFF06}.Release|Any CPU.Build.0 = Release|Any CPU
		{631BC4F3-E2D8-4319-814C-13904CAA17CE}.Debug|Any CPU.ActiveCfg = Debug|Any CPU
		{631BC4F3-E2D8-4319-814C-13904CAA17CE}.Debug|Any CPU.Build.0 = Debug|Any CPU
		{631BC4F3-E2D8-4319-814C-13904CAA17CE}.Release|Any CPU.ActiveCfg = Release|Any CPU
		{631BC4F3-E2D8-4319-814C-13904CAA17CE}.Release|Any CPU.Build.0 = Release|Any CPU
	EndGlobalSection
	GlobalSection(SolutionProperties) = preSolution
		HideSolutionNode = FALSE
	EndGlobalSection
	GlobalSection(NestedProjects) = preSolution
		{AB88960E-B233-475B-96E4-8C10EEF8622C} = {B9F7DEE6-2052-44E3-B7B9-48BBDCFA86F2}
		{88D3D1D0-85D2-4301-A9EA-3F964CB05415} = {AB88960E-B233-475B-96E4-8C10EEF8622C}
		{56CA38E7-0883-4461-A10E-386D0C58DBF9} = {AB88960E-B233-475B-96E4-8C10EEF8622C}
		{AD653B6B-EBB7-4E69-93F7-FADA40462648} = {88D3D1D0-85D2-4301-A9EA-3F964CB05415}
		{F1776FF2-A727-4FAF-B6BE-D37D6B019038} = {DA2E0617-CC88-4CBE-AE8F-C8467C54A5E5}
		{038DC96D-021B-41E6-867E-047598F92ED3} = {DA2E0617-CC88-4CBE-AE8F-C8467C54A5E5}
		{30F29437-8AC3-44F2-89FA-3C35804CC2A8} = {D032B24A-CE3A-4881-BACE-CC4FE0AFD69D}
		{B69C2F31-5161-47BB-9FD3-2F2F2BCBF659} = {D032B24A-CE3A-4881-BACE-CC4FE0AFD69D}
		{B271896A-D16A-4B76-B2F5-2EE0F98E4FC9} = {D032B24A-CE3A-4881-BACE-CC4FE0AFD69D}
		{0647E3DC-6386-4457-AFAC-CEF32F7E031E} = {D032B24A-CE3A-4881-BACE-CC4FE0AFD69D}
		{7EB8E856-2D85-44BA-8F90-201C8D1A17EA} = {D032B24A-CE3A-4881-BACE-CC4FE0AFD69D}
		{BE9A5A27-22C4-4664-A8BD-388B30B5972C} = {D032B24A-CE3A-4881-BACE-CC4FE0AFD69D}
		{93FC3B7E-2B95-46D5-B7D1-5E64085E41D3} = {D032B24A-CE3A-4881-BACE-CC4FE0AFD69D}
		{336047E9-CF4C-426E-B447-D123AEABFF06} = {D032B24A-CE3A-4881-BACE-CC4FE0AFD69D}
		{CB09F6BB-036F-4425-8D2B-10D1A1EF31FA} = {1AB7FA6A-829C-4DCF-BCA6-A27156D8DA26}
		{F46A9333-AFD9-4139-A651-F7ED20772F89} = {1AB7FA6A-829C-4DCF-BCA6-A27156D8DA26}
		{FF099D48-3FA5-4ED6-BBA0-1497D734962A} = {1AB7FA6A-829C-4DCF-BCA6-A27156D8DA26}
		{75A12A8A-8C8F-4D1E-801B-689D8F781BF4} = {CB09F6BB-036F-4425-8D2B-10D1A1EF31FA}
		{57399D8B-1B6C-4169-A340-B804F240B450} = {CB09F6BB-036F-4425-8D2B-10D1A1EF31FA}
		{27A3C89C-1967-45FF-A77E-94F44995C42C} = {CB09F6BB-036F-4425-8D2B-10D1A1EF31FA}
		{4DBD4C50-BEC5-48D9-B471-9FB0A7F69999} = {F46A9333-AFD9-4139-A651-F7ED20772F89}
		{D89972FD-A930-4D0C-B393-1895E78FAFAB} = {F46A9333-AFD9-4139-A651-F7ED20772F89}
		{6509477A-7360-4937-A1B9-26FED0A75CDA} = {F46A9333-AFD9-4139-A651-F7ED20772F89}
		{65D89ED3-D999-4E8F-BB82-F470F7EC06E4} = {16A382BF-94CC-4FBB-B791-35E77DE849A8}
		{4BCC3783-8374-4E44-A843-22C0C5624C92} = {16A382BF-94CC-4FBB-B791-35E77DE849A8}
		{A6C1F330-B858-44DE-89E6-C89D2B80DA62} = {16A382BF-94CC-4FBB-B791-35E77DE849A8}
		{1D756AD8-07A2-44F3-9A69-B6573A339CB4} = {F4796AD7-8EE0-4EF7-B05D-D7C5B291F65B}
		{79BA50A4-B1A8-45E0-B6C2-65FDC165C147} = {F4796AD7-8EE0-4EF7-B05D-D7C5B291F65B}
		{59C6CA03-8473-47BA-B074-242257D2B910} = {30F29437-8AC3-44F2-89FA-3C35804CC2A8}
		{17DA1FF2-7414-4E25-8053-F3880C045877} = {30F29437-8AC3-44F2-89FA-3C35804CC2A8}
		{631BC4F3-E2D8-4319-814C-13904CAA17CE} = {FF773BDF-A20C-4A5F-BFF9-F422C2AFF3CE}
	EndGlobalSection
EndGlobal
