Microsoft Visual Studio Solution File, Format Version 12.00
# Visual Studio 15
VisualStudioVersion = 15.0.26430.14
VisualStudioVersion = 15.0.26430.16
MinimumVisualStudioVersion = 12.0.31101.0
Project("{2150E333-8FDC-42A3-9474-1A3956D46DE8}") = "Platforms", "Platforms", "{AB88960E-B233-475B-96E4-8C10EEF8622C}"
EndProject
Project("{2150E333-8FDC-42A3-9474-1A3956D46DE8}") = "UnitTests", "UnitTests", "{88D3D1D0-85D2-4301-A9EA-3F964CB05415}"
EndProject
Project("{2150E333-8FDC-42A3-9474-1A3956D46DE8}") = "Tools", "Tools", "{D032B24A-CE3A-4881-BACE-CC4FE0AFD69D}"
EndProject
Project("{2150E333-8FDC-42A3-9474-1A3956D46DE8}") = "OS", "OS", "{1AB7FA6A-829C-4DCF-BCA6-A27156D8DA26}"
EndProject
Project("{2150E333-8FDC-42A3-9474-1A3956D46DE8}") = "Kernel", "Kernel", "{FF773BDF-A20C-4A5F-BFF9-F422C2AFF3CE}"
EndProject
Project("{2150E333-8FDC-42A3-9474-1A3956D46DE8}") = "Libraries", "Libraries", "{E808AF53-3054-497B-B7C5-DEA4FDED0806}"
EndProject
Project("{2150E333-8FDC-42A3-9474-1A3956D46DE8}") = "Compiler", "Compiler", "{DDBC7F79-A2A1-4D92-9AE7-ADDC838F1E5E}"
EndProject
Project("{2150E333-8FDC-42A3-9474-1A3956D46DE8}") = "Utilities", "Utilities", "{90065B0F-1BFE-40D8-AED5-11096B2535B0}"
EndProject
Project("{2150E333-8FDC-42A3-9474-1A3956D46DE8}") = "Runtimes", "Runtimes", "{3C5A2C4B-FD05-42B3-B6C6-C366DF978A62}"
EndProject
Project("{2150E333-8FDC-42A3-9474-1A3956D46DE8}") = "Workspaces", "Workspaces", "{AC7C3CDA-E0E8-408C-BB32-DBCBB905E3E1}"
EndProject
Project("{2150E333-8FDC-42A3-9474-1A3956D46DE8}") = "Screenshots", "Screenshots", "{D30D7194-59AD-4B6F-8DB9-F1CCE0483E99}"
	ProjectSection(SolutionItems) = preProject
		..\Documentation\Screenshots\MOSA Debugger.png = ..\Documentation\Screenshots\MOSA Debugger.png
		..\Documentation\Screenshots\MOSA GDB Debugger.png = ..\Documentation\Screenshots\MOSA GDB Debugger.png
		..\Documentation\Screenshots\MOSA Launcher Output.png = ..\Documentation\Screenshots\MOSA Launcher Output.png
		..\Documentation\Screenshots\MOSA Launcher.png = ..\Documentation\Screenshots\MOSA Launcher.png
		..\Documentation\Screenshots\MOSA QEMU CoolWorld.png = ..\Documentation\Screenshots\MOSA QEMU CoolWorld.png
		..\Documentation\Screenshots\MOSA QEMU TestWorld.png = ..\Documentation\Screenshots\MOSA QEMU TestWorld.png
	EndProjectSection
EndProject
Project("{2150E333-8FDC-42A3-9474-1A3956D46DE8}") = "!Documentation", "!Documentation", "{D60671B4-A7D3-4550-BDEE-6BA70CD35B5B}"
	ProjectSection(SolutionItems) = preProject
		..\LICENSE.txt = ..\LICENSE.txt
		..\Readme.md = ..\Readme.md
	EndProjectSection
EndProject
Project("{2150E333-8FDC-42A3-9474-1A3956D46DE8}") = "Compiler", "Compiler", "{6BCE96BF-7EDF-48C2-ADE3-8925BF9E107F}"
	ProjectSection(SolutionItems) = preProject
		..\Documentation\Compiler\AOT Compiler.md = ..\Documentation\Compiler\AOT Compiler.md
		..\Documentation\Compiler\IR Optimizations.md = ..\Documentation\Compiler\IR Optimizations.md
		..\Documentation\Compiler\TypeSystem.md = ..\Documentation\Compiler\TypeSystem.md
	EndProjectSection
EndProject
Project("{2150E333-8FDC-42A3-9474-1A3956D46DE8}") = "Runtime", "Runtime", "{849C084E-68A5-45C7-A18B-85077E212E9B}"
	ProjectSection(SolutionItems) = preProject
		..\Documentation\Runtime\MemoryUsageMap.txt = ..\Documentation\Runtime\MemoryUsageMap.txt
		..\Documentation\Runtime\MOSA-Runtime-Tables.gv = ..\Documentation\Runtime\MOSA-Runtime-Tables.gv
		..\Documentation\Runtime\MOSA-Runtime-Tables.png = ..\Documentation\Runtime\MOSA-Runtime-Tables.png
	EndProjectSection
EndProject
Project("{2150E333-8FDC-42A3-9474-1A3956D46DE8}") = "VisualStudio", "VisualStudio", "{1F29608A-4C39-42C7-B981-154F92B9EDAC}"
EndProject
Project("{FAE04EC0-301F-11D3-BF4B-00C04F79EFBC}") = "Mosa.Tool.Compiler", "Mosa.Tool.Compiler\Mosa.Tool.Compiler.csproj", "{B69C2F31-5161-47BB-9FD3-2F2F2BCBF659}"
EndProject
Project("{FAE04EC0-301F-11D3-BF4B-00C04F79EFBC}") = "Mosa.Compiler.Framework", "Mosa.Compiler.Framework\Mosa.Compiler.Framework.csproj", "{75A12A8A-8C8F-4D1E-801B-689D8F781BF4}"
EndProject
Project("{FAE04EC0-301F-11D3-BF4B-00C04F79EFBC}") = "Mosa.ClassLib", "Mosa.ClassLib\Mosa.ClassLib.csproj", "{27A3C89C-1967-45FF-A77E-94F44995C42C}"
EndProject
Project("{FAE04EC0-301F-11D3-BF4B-00C04F79EFBC}") = "Mosa.DeviceDriver", "Mosa.DeviceDriver\Mosa.DeviceDriver.csproj", "{4DBD4C50-BEC5-48D9-B471-9FB0A7F69999}"
EndProject
Project("{FAE04EC0-301F-11D3-BF4B-00C04F79EFBC}") = "Mosa.FileSystem", "Mosa.FileSystem\Mosa.FileSystem.csproj", "{D89972FD-A930-4D0C-B393-1895E78FAFAB}"
EndProject
Project("{FAE04EC0-301F-11D3-BF4B-00C04F79EFBC}") = "Mosa.DeviceSystem", "Mosa.DeviceSystem\Mosa.DeviceSystem.csproj", "{6509477A-7360-4937-A1B9-26FED0A75CDA}"
EndProject
Project("{FAE04EC0-301F-11D3-BF4B-00C04F79EFBC}") = "Mosa.Tool.CreateBootImage", "Mosa.Tool.CreateBootImage\Mosa.Tool.CreateBootImage.csproj", "{BE9A5A27-22C4-4664-A8BD-388B30B5972C}"
EndProject
Project("{FAE04EC0-301F-11D3-BF4B-00C04F79EFBC}") = "Korlib", "Korlib\Korlib.csproj", "{631BC4F3-E2D8-4319-814C-13904CAA17CE}"
EndProject
Project("{FAE04EC0-301F-11D3-BF4B-00C04F79EFBC}") = "Mosa.Kernel.x86", "Mosa.Kernel.x86\Mosa.Kernel.x86.csproj", "{FF099D48-3FA5-4ED6-BBA0-1497D734962A}"
EndProject
Project("{FAE04EC0-301F-11D3-BF4B-00C04F79EFBC}") = "Mosa.Runtime.x86", "Mosa.Runtime.x86\Mosa.Runtime.x86.csproj", "{A47B7998-4EE8-4AF8-9373-C664FDEDDC65}"
EndProject
Project("{FAE04EC0-301F-11D3-BF4B-00C04F79EFBC}") = "Mosa.Compiler.Pdb", "Mosa.Compiler.Pdb\Mosa.Compiler.Pdb.csproj", "{F970F8CB-8FF1-4244-9A31-D00C6D7AABE5}"
EndProject
Project("{FAE04EC0-301F-11D3-BF4B-00C04F79EFBC}") = "Mosa.Compiler.Common", "Mosa.Compiler.Common\Mosa.Compiler.Common.csproj", "{0B1011A6-8FCD-4F9E-BBB8-8DB86E23D2E8}"
EndProject
Project("{FAE04EC0-301F-11D3-BF4B-00C04F79EFBC}") = "Mosa.Tool.Explorer", "Mosa.Tool.Explorer\Mosa.Tool.Explorer.csproj", "{49D8DA65-FC99-4C63-ADC6-1B07260F674F}"
EndProject
Project("{FAE04EC0-301F-11D3-BF4B-00C04F79EFBC}") = "Mosa.Compiler.Trace", "Mosa.Compiler.Trace\Mosa.Compiler.Trace.csproj", "{540BEAC7-A2C3-4C46-9F4A-E6E1DF4EF6FC}"
EndProject
Project("{FAE04EC0-301F-11D3-BF4B-00C04F79EFBC}") = "Mosa.Utility.BootImage", "Mosa.Utility.BootImage\Mosa.Utility.BootImage.csproj", "{65F7691A-B355-4D98-BB97-0B19F13E2190}"
EndProject
Project("{FAE04EC0-301F-11D3-BF4B-00C04F79EFBC}") = "Mosa.Platform.x64", "Mosa.Platform.x64\Mosa.Platform.x64.csproj", "{F445DB8E-E25A-41EF-A158-C742F14E94E4}"
EndProject
Project("{FAE04EC0-301F-11D3-BF4B-00C04F79EFBC}") = "Mosa.Platform.x86", "Mosa.Platform.x86\Mosa.Platform.x86.csproj", "{DE30CBE9-50F3-4A3E-BCC9-A8A36348530E}"
EndProject
Project("{FAE04EC0-301F-11D3-BF4B-00C04F79EFBC}") = "Mosa.CoolWorld.x86", "Mosa.CoolWorld.x86\Mosa.CoolWorld.x86.csproj", "{B21130AE-311F-4F15-B763-0E91EE4C9646}"
EndProject
Project("{FAE04EC0-301F-11D3-BF4B-00C04F79EFBC}") = "Mosa.UnitTest.Collection", "Mosa.UnitTest.Collection\Mosa.UnitTest.Collection.csproj", "{067AAB6B-447A-45BA-9E0D-DFEA886B4F69}"
EndProject
Project("{FAE04EC0-301F-11D3-BF4B-00C04F79EFBC}") = "Mosa.HelloWorld.x86", "Mosa.HelloWorld.x86\Mosa.HelloWorld.x86.csproj", "{F1776FF2-A727-4FAF-B6BE-D37D6B019038}"
EndProject
Project("{FAE04EC0-301F-11D3-BF4B-00C04F79EFBC}") = "Mosa.Utility.DebugEngine", "Mosa.Utility.DebugEngine\Mosa.Utility.DebugEngine.csproj", "{5B810793-78E2-413C-AA05-FCDD12B7DB04}"
EndProject
Project("{FAE04EC0-301F-11D3-BF4B-00C04F79EFBC}") = "Mosa.Tool.Debugger", "Mosa.Tool.Debugger\Mosa.Tool.Debugger.csproj", "{DFD831EA-79D8-49FC-8923-3AFFDA1283B6}"
EndProject
Project("{FAE04EC0-301F-11D3-BF4B-00C04F79EFBC}") = "Mosa.TestWorld.x86", "Mosa.TestWorld.x86\Mosa.TestWorld.x86.csproj", "{577B8294-334B-4E02-BE1A-CBA8ABAF8939}"
EndProject
Project("{FAE04EC0-301F-11D3-BF4B-00C04F79EFBC}") = "Mosa.Compiler.Framework.xUnit", "Mosa.Compiler.Framework.xUnit\Mosa.Compiler.Framework.xUnit.csproj", "{C286833F-D1CD-4618-98E7-F3A5BA9ECFA1}"
EndProject
Project("{FAE04EC0-301F-11D3-BF4B-00C04F79EFBC}") = "Mosa.Kernel.ARMv6", "Mosa.Kernel.ARMv6\Mosa.Kernel.ARMv6.csproj", "{4CFF6607-4D83-46E6-A1D0-EF045311C98B}"
EndProject
Project("{FAE04EC0-301F-11D3-BF4B-00C04F79EFBC}") = "Mosa.Runtime.ARMv6", "Mosa.Runtime.ARMv6\Mosa.Runtime.ARMv6.csproj", "{599D1C00-7C78-4211-A958-1285C4CB76C9}"
EndProject
Project("{FAE04EC0-301F-11D3-BF4B-00C04F79EFBC}") = "Mosa.Platform.ARMv6", "Mosa.Platform.ARMv6\Mosa.Platform.ARMv6.csproj", "{0FB92651-3EE8-441D-84F2-C4DFDA68E8A5}"
EndProject
Project("{FAE04EC0-301F-11D3-BF4B-00C04F79EFBC}") = "Mosa.TestWorld.ARMv6", "Mosa.TestWorld.ARMv6\Mosa.TestWorld.ARMv6.csproj", "{577B8294-334B-4E02-BE3A-CBA8ABAF8939}"
EndProject
Project("{FAE04EC0-301F-11D3-BF4B-00C04F79EFBC}") = "Mosa.Compiler.MosaTypeSystem", "Mosa.Compiler.MosaTypeSystem\Mosa.Compiler.MosaTypeSystem.csproj", "{5F30A68E-05BF-40EA-B576-5EBCDE520559}"
EndProject
Project("{FAE04EC0-301F-11D3-BF4B-00C04F79EFBC}") = "Mosa.Utility.GUI.Common", "Mosa.Utility.GUI.Common\Mosa.Utility.GUI.Common.csproj", "{5A813793-78E2-413C-AA05-FCDD12B7DB04}"
EndProject
Project("{FAE04EC0-301F-11D3-BF4B-00C04F79EFBC}") = "Mosa.UnitTest.Numbers", "Mosa.UnitTest.Numbers\Mosa.UnitTest.Numbers.csproj", "{AD653B6B-EBC7-4E69-93F7-FADA40462648}"
EndProject
Project("{FAE04EC0-301F-11D3-BF4B-00C04F79EFBC}") = "Mosa.Utility.CodeDomCompiler", "Mosa.Utility.CodeDomCompiler\Mosa.Utility.CodeDomCompiler.csproj", "{7B8FBA4E-D6AC-4DAD-A607-43BA112F8EC1}"
EndProject
Project("{FAE04EC0-301F-11D3-BF4B-00C04F79EFBC}") = "Mosa.Compiler.Linker", "Mosa.Compiler.Linker\Mosa.Compiler.Linker.csproj", "{65866A51-B229-44C5-AC81-87A90FA1741C}"
EndProject
Project("{FAE04EC0-301F-11D3-BF4B-00C04F79EFBC}") = "Mosa.Tool.Launcher", "Mosa.Tool.Launcher\Mosa.Tool.Launcher.csproj", "{B69C2F31-5161-47BB-9FD3-2F2F2BCCF659}"
EndProject
Project("{FAE04EC0-301F-11D3-BF4B-00C04F79EFBC}") = "Mosa.Utility.Aot", "Mosa.Utility.AOT\Mosa.Utility.Aot.csproj", "{3BF17C10-A1FB-4517-923E-B609C2FD8282}"
EndProject
Project("{FAE04EC0-301F-11D3-BF4B-00C04F79EFBC}") = "Mosa.Utility.Launcher", "Mosa.Utility.Launcher\Mosa.Utility.Launcher.csproj", "{B69C2F31-5161-47AA-9FD3-2F2F2BCCF659}"
EndProject
Project("{FAE04EC0-301F-11D3-BF4B-00C04F79EFBC}") = "Mosa.Runtime", "Mosa.Runtime\Mosa.Runtime.csproj", "{77961864-DB33-4189-804F-D774022C96E2}"
EndProject
Project("{FAE04EC0-301F-11D3-BF4B-00C04F79EFBC}") = "Mosa.Workspace.FileSystem.Debug", "Mosa.Workspace.FileSystem.Debug\Mosa.Workspace.FileSystem.Debug.csproj", "{A8765C3C-1194-4A3A-8579-745CA47C36D3}"
EndProject
Project("{FAE04EC0-301F-11D3-BF4B-00C04F79EFBC}") = "Mosa.HardwareSystem", "Mosa.HardwareSystem\Mosa.HardwareSystem.csproj", "{4DBD4C50-BEC5-48D9-B471-9FB0C7F69999}"
EndProject
Project("{FAE04EC0-301F-11D3-BF4B-00C04F79EFBC}") = "Mosa.UnitTest.Engine", "Mosa.UnitTest.Engine\Mosa.UnitTest.Engine.csproj", "{B0776C9D-7F3D-4E6E-8C5D-5F735326C7D7}"
EndProject
Project("{FAE04EC0-301F-11D3-BF4B-00C04F79EFBC}") = "Mosa.UnitTest.Collection.xUnit", "Mosa.UnitTest.Collection.xUnit\Mosa.UnitTest.Collection.xUnit.csproj", "{2A98B95B-B900-485C-85F7-7CD2944612C0}"
EndProject
Project("{FAE04EC0-301F-11D3-BF4B-00C04F79EFBC}") = "Mosa.Workspace.UnitTest.Debug", "Mosa.Workspace.UnitTest.Debug\Mosa.Workspace.UnitTest.Debug.csproj", "{1717C7EB-06ED-434B-BA3C-E46C9644EEDF}"
EndProject
Project("{FAE04EC0-301F-11D3-BF4B-00C04F79EFBC}") = "Mosa.UnitTests.x86", "Mosa.UnitTests.x86\Mosa.UnitTests.x86.csproj", "{44725E46-513F-4CFB-8196-2191399C514B}"
EndProject
Project("{FAE04EC0-301F-11D3-BF4B-00C04F79EFBC}") = "Mosa.BootLoader.x86", "Mosa.BootLoader.x86\Mosa.BootLoader.x86.csproj", "{EA460394-B868-45FB-8B7F-4096550B3113}"
EndProject
Project("{FAE04EC0-301F-11D3-BF4B-00C04F79EFBC}") = "Mosa.Tool.Disassembler.Intel", "Mosa.Tool.Disassembler.Intel\Mosa.Tool.Disassembler.Intel.csproj", "{D9A2A321-F63A-495D-905F-EF7C84E4BB81}"
EndProject
Project("{FAE04EC0-301F-11D3-BF4B-00C04F79EFBC}") = "Mosa.Utility.RSP", "Mosa.Utility.RSP\Mosa.Utility.RSP.csproj", "{5B810793-78E2-413C-CC05-FCDD12B7DB04}"
EndProject
Project("{FAE04EC0-301F-11D3-BF4B-00C04F79EFBC}") = "Mosa.Workspace.GDB.Debug", "Mosa.Workspace.GDB.Debug\Mosa.Workspace.GDB.Debug.csproj", "{1717C7EB-06ED-434B-BA3C-E4FF9644EEDF}"
EndProject
Project("{FAE04EC0-301F-11D3-BF4B-00C04F79EFBC}") = "Mosa.VisualStudio.Template", "Mosa.VisualStudio.Template\Mosa.VisualStudio.Template.csproj", "{FD266261-809F-483C-99CF-F26A7C143E52}"
EndProject
Project("{2150E333-8FDC-42A3-9474-1A3956D46DE8}") = "Build", "Build", "{F0EFF742-92D5-4219-939A-8F6F8DAB24E5}"
	ProjectSection(SolutionItems) = preProject
		..\appveyor.yml = ..\appveyor.yml
	EndProjectSection
EndProject
Project("{FAE04EC0-301F-11D3-BF4B-00C04F79EFBC}") = "Mosa.Tool.GDBDebugger", "Mosa.Tool.GDBDebugger\Mosa.Tool.GDBDebugger.csproj", "{DFD831EA-79D8-49FC-8923-3AFFDA1283B9}"
EndProject
Project("{FAE04EC0-301F-11D3-BF4B-00C04F79EFBC}") = "Mosa.VBEWorld.x86", "Mosa.VBEWorld.x86\Mosa.VBEWorld.x86.csproj", "{E039B97A-FEA6-4655-94D6-32381A9F9931}"
EndProject
Global
	GlobalSection(SolutionConfigurationPlatforms) = preSolution
		Debug|Any CPU = Debug|Any CPU
		Debug|Mixed Platforms = Debug|Mixed Platforms
		Debug|x86 = Debug|x86
		Release|Any CPU = Release|Any CPU
		Release|Mixed Platforms = Release|Mixed Platforms
		Release|x86 = Release|x86
		Description = MOSA Project
	EndGlobalSection
	GlobalSection(ProjectConfigurationPlatforms) = postSolution
		{B69C2F31-5161-47BB-9FD3-2F2F2BCBF659}.Debug|Any CPU.ActiveCfg = Debug|Any CPU
		{B69C2F31-5161-47BB-9FD3-2F2F2BCBF659}.Debug|Any CPU.Build.0 = Debug|Any CPU
		{B69C2F31-5161-47BB-9FD3-2F2F2BCBF659}.Debug|Mixed Platforms.ActiveCfg = Debug|Any CPU
		{B69C2F31-5161-47BB-9FD3-2F2F2BCBF659}.Debug|Mixed Platforms.Build.0 = Debug|Any CPU
		{B69C2F31-5161-47BB-9FD3-2F2F2BCBF659}.Debug|x86.ActiveCfg = Debug|Any CPU
		{B69C2F31-5161-47BB-9FD3-2F2F2BCBF659}.Debug|x86.Build.0 = Debug|Any CPU
		{B69C2F31-5161-47BB-9FD3-2F2F2BCBF659}.Release|Any CPU.ActiveCfg = Release|Any CPU
		{B69C2F31-5161-47BB-9FD3-2F2F2BCBF659}.Release|Any CPU.Build.0 = Release|Any CPU
		{B69C2F31-5161-47BB-9FD3-2F2F2BCBF659}.Release|Mixed Platforms.ActiveCfg = Release|Any CPU
		{B69C2F31-5161-47BB-9FD3-2F2F2BCBF659}.Release|Mixed Platforms.Build.0 = Release|Any CPU
		{B69C2F31-5161-47BB-9FD3-2F2F2BCBF659}.Release|x86.ActiveCfg = Release|Any CPU
		{B69C2F31-5161-47BB-9FD3-2F2F2BCBF659}.Release|x86.Build.0 = Release|Any CPU
		{75A12A8A-8C8F-4D1E-801B-689D8F781BF4}.Debug|Any CPU.ActiveCfg = Debug|Any CPU
		{75A12A8A-8C8F-4D1E-801B-689D8F781BF4}.Debug|Any CPU.Build.0 = Debug|Any CPU
		{75A12A8A-8C8F-4D1E-801B-689D8F781BF4}.Debug|Mixed Platforms.ActiveCfg = Debug|Any CPU
		{75A12A8A-8C8F-4D1E-801B-689D8F781BF4}.Debug|Mixed Platforms.Build.0 = Debug|Any CPU
		{75A12A8A-8C8F-4D1E-801B-689D8F781BF4}.Debug|x86.ActiveCfg = Debug|Any CPU
		{75A12A8A-8C8F-4D1E-801B-689D8F781BF4}.Debug|x86.Build.0 = Debug|Any CPU
		{75A12A8A-8C8F-4D1E-801B-689D8F781BF4}.Release|Any CPU.ActiveCfg = Release|Any CPU
		{75A12A8A-8C8F-4D1E-801B-689D8F781BF4}.Release|Any CPU.Build.0 = Release|Any CPU
		{75A12A8A-8C8F-4D1E-801B-689D8F781BF4}.Release|Mixed Platforms.ActiveCfg = Release|Any CPU
		{75A12A8A-8C8F-4D1E-801B-689D8F781BF4}.Release|Mixed Platforms.Build.0 = Release|Any CPU
		{75A12A8A-8C8F-4D1E-801B-689D8F781BF4}.Release|x86.ActiveCfg = Release|Any CPU
		{75A12A8A-8C8F-4D1E-801B-689D8F781BF4}.Release|x86.Build.0 = Release|Any CPU
		{27A3C89C-1967-45FF-A77E-94F44995C42C}.Debug|Any CPU.ActiveCfg = Debug|Any CPU
		{27A3C89C-1967-45FF-A77E-94F44995C42C}.Debug|Any CPU.Build.0 = Debug|Any CPU
		{27A3C89C-1967-45FF-A77E-94F44995C42C}.Debug|Mixed Platforms.ActiveCfg = Debug|Any CPU
		{27A3C89C-1967-45FF-A77E-94F44995C42C}.Debug|Mixed Platforms.Build.0 = Debug|Any CPU
		{27A3C89C-1967-45FF-A77E-94F44995C42C}.Debug|x86.ActiveCfg = Debug|Any CPU
		{27A3C89C-1967-45FF-A77E-94F44995C42C}.Debug|x86.Build.0 = Debug|Any CPU
		{27A3C89C-1967-45FF-A77E-94F44995C42C}.Release|Any CPU.ActiveCfg = Release|Any CPU
		{27A3C89C-1967-45FF-A77E-94F44995C42C}.Release|Any CPU.Build.0 = Release|Any CPU
		{27A3C89C-1967-45FF-A77E-94F44995C42C}.Release|Mixed Platforms.ActiveCfg = Release|Any CPU
		{27A3C89C-1967-45FF-A77E-94F44995C42C}.Release|Mixed Platforms.Build.0 = Release|Any CPU
		{27A3C89C-1967-45FF-A77E-94F44995C42C}.Release|x86.ActiveCfg = Release|Any CPU
		{27A3C89C-1967-45FF-A77E-94F44995C42C}.Release|x86.Build.0 = Release|Any CPU
		{4DBD4C50-BEC5-48D9-B471-9FB0A7F69999}.Debug|Any CPU.ActiveCfg = Debug|Any CPU
		{4DBD4C50-BEC5-48D9-B471-9FB0A7F69999}.Debug|Any CPU.Build.0 = Debug|Any CPU
		{4DBD4C50-BEC5-48D9-B471-9FB0A7F69999}.Debug|Mixed Platforms.ActiveCfg = Debug|Any CPU
		{4DBD4C50-BEC5-48D9-B471-9FB0A7F69999}.Debug|Mixed Platforms.Build.0 = Debug|Any CPU
		{4DBD4C50-BEC5-48D9-B471-9FB0A7F69999}.Debug|x86.ActiveCfg = Debug|Any CPU
		{4DBD4C50-BEC5-48D9-B471-9FB0A7F69999}.Debug|x86.Build.0 = Debug|Any CPU
		{4DBD4C50-BEC5-48D9-B471-9FB0A7F69999}.Release|Any CPU.ActiveCfg = Release|Any CPU
		{4DBD4C50-BEC5-48D9-B471-9FB0A7F69999}.Release|Any CPU.Build.0 = Release|Any CPU
		{4DBD4C50-BEC5-48D9-B471-9FB0A7F69999}.Release|Mixed Platforms.ActiveCfg = Release|Any CPU
		{4DBD4C50-BEC5-48D9-B471-9FB0A7F69999}.Release|Mixed Platforms.Build.0 = Release|Any CPU
		{4DBD4C50-BEC5-48D9-B471-9FB0A7F69999}.Release|x86.ActiveCfg = Release|Any CPU
		{4DBD4C50-BEC5-48D9-B471-9FB0A7F69999}.Release|x86.Build.0 = Release|Any CPU
		{D89972FD-A930-4D0C-B393-1895E78FAFAB}.Debug|Any CPU.ActiveCfg = Debug|Any CPU
		{D89972FD-A930-4D0C-B393-1895E78FAFAB}.Debug|Any CPU.Build.0 = Debug|Any CPU
		{D89972FD-A930-4D0C-B393-1895E78FAFAB}.Debug|Mixed Platforms.ActiveCfg = Debug|Any CPU
		{D89972FD-A930-4D0C-B393-1895E78FAFAB}.Debug|Mixed Platforms.Build.0 = Debug|Any CPU
		{D89972FD-A930-4D0C-B393-1895E78FAFAB}.Debug|x86.ActiveCfg = Debug|Any CPU
		{D89972FD-A930-4D0C-B393-1895E78FAFAB}.Debug|x86.Build.0 = Debug|Any CPU
		{D89972FD-A930-4D0C-B393-1895E78FAFAB}.Release|Any CPU.ActiveCfg = Release|Any CPU
		{D89972FD-A930-4D0C-B393-1895E78FAFAB}.Release|Any CPU.Build.0 = Release|Any CPU
		{D89972FD-A930-4D0C-B393-1895E78FAFAB}.Release|Mixed Platforms.ActiveCfg = Release|Any CPU
		{D89972FD-A930-4D0C-B393-1895E78FAFAB}.Release|Mixed Platforms.Build.0 = Release|Any CPU
		{D89972FD-A930-4D0C-B393-1895E78FAFAB}.Release|x86.ActiveCfg = Release|Any CPU
		{D89972FD-A930-4D0C-B393-1895E78FAFAB}.Release|x86.Build.0 = Release|Any CPU
		{6509477A-7360-4937-A1B9-26FED0A75CDA}.Debug|Any CPU.ActiveCfg = Debug|Any CPU
		{6509477A-7360-4937-A1B9-26FED0A75CDA}.Debug|Any CPU.Build.0 = Debug|Any CPU
		{6509477A-7360-4937-A1B9-26FED0A75CDA}.Debug|Mixed Platforms.ActiveCfg = Debug|Any CPU
		{6509477A-7360-4937-A1B9-26FED0A75CDA}.Debug|Mixed Platforms.Build.0 = Debug|Any CPU
		{6509477A-7360-4937-A1B9-26FED0A75CDA}.Debug|x86.ActiveCfg = Debug|Any CPU
		{6509477A-7360-4937-A1B9-26FED0A75CDA}.Debug|x86.Build.0 = Debug|Any CPU
		{6509477A-7360-4937-A1B9-26FED0A75CDA}.Release|Any CPU.ActiveCfg = Release|Any CPU
		{6509477A-7360-4937-A1B9-26FED0A75CDA}.Release|Any CPU.Build.0 = Release|Any CPU
		{6509477A-7360-4937-A1B9-26FED0A75CDA}.Release|Mixed Platforms.ActiveCfg = Release|Any CPU
		{6509477A-7360-4937-A1B9-26FED0A75CDA}.Release|Mixed Platforms.Build.0 = Release|Any CPU
		{6509477A-7360-4937-A1B9-26FED0A75CDA}.Release|x86.ActiveCfg = Release|Any CPU
		{6509477A-7360-4937-A1B9-26FED0A75CDA}.Release|x86.Build.0 = Release|Any CPU
		{BE9A5A27-22C4-4664-A8BD-388B30B5972C}.Debug|Any CPU.ActiveCfg = Debug|Any CPU
		{BE9A5A27-22C4-4664-A8BD-388B30B5972C}.Debug|Any CPU.Build.0 = Debug|Any CPU
		{BE9A5A27-22C4-4664-A8BD-388B30B5972C}.Debug|Mixed Platforms.ActiveCfg = Debug|Any CPU
		{BE9A5A27-22C4-4664-A8BD-388B30B5972C}.Debug|Mixed Platforms.Build.0 = Debug|Any CPU
		{BE9A5A27-22C4-4664-A8BD-388B30B5972C}.Debug|x86.ActiveCfg = Debug|Any CPU
		{BE9A5A27-22C4-4664-A8BD-388B30B5972C}.Debug|x86.Build.0 = Debug|Any CPU
		{BE9A5A27-22C4-4664-A8BD-388B30B5972C}.Release|Any CPU.ActiveCfg = Release|Any CPU
		{BE9A5A27-22C4-4664-A8BD-388B30B5972C}.Release|Any CPU.Build.0 = Release|Any CPU
		{BE9A5A27-22C4-4664-A8BD-388B30B5972C}.Release|Mixed Platforms.ActiveCfg = Release|Any CPU
		{BE9A5A27-22C4-4664-A8BD-388B30B5972C}.Release|Mixed Platforms.Build.0 = Release|Any CPU
		{BE9A5A27-22C4-4664-A8BD-388B30B5972C}.Release|x86.ActiveCfg = Release|Any CPU
		{BE9A5A27-22C4-4664-A8BD-388B30B5972C}.Release|x86.Build.0 = Release|Any CPU
		{631BC4F3-E2D8-4319-814C-13904CAA17CE}.Debug|Any CPU.ActiveCfg = Debug|Any CPU
		{631BC4F3-E2D8-4319-814C-13904CAA17CE}.Debug|Any CPU.Build.0 = Debug|Any CPU
		{631BC4F3-E2D8-4319-814C-13904CAA17CE}.Debug|Mixed Platforms.ActiveCfg = Debug|Any CPU
		{631BC4F3-E2D8-4319-814C-13904CAA17CE}.Debug|Mixed Platforms.Build.0 = Debug|Any CPU
		{631BC4F3-E2D8-4319-814C-13904CAA17CE}.Debug|x86.ActiveCfg = Debug|Any CPU
		{631BC4F3-E2D8-4319-814C-13904CAA17CE}.Debug|x86.Build.0 = Debug|Any CPU
		{631BC4F3-E2D8-4319-814C-13904CAA17CE}.Release|Any CPU.ActiveCfg = Release|Any CPU
		{631BC4F3-E2D8-4319-814C-13904CAA17CE}.Release|Any CPU.Build.0 = Release|Any CPU
		{631BC4F3-E2D8-4319-814C-13904CAA17CE}.Release|Mixed Platforms.ActiveCfg = Release|Any CPU
		{631BC4F3-E2D8-4319-814C-13904CAA17CE}.Release|Mixed Platforms.Build.0 = Release|Any CPU
		{631BC4F3-E2D8-4319-814C-13904CAA17CE}.Release|x86.ActiveCfg = Release|Any CPU
		{631BC4F3-E2D8-4319-814C-13904CAA17CE}.Release|x86.Build.0 = Release|Any CPU
		{FF099D48-3FA5-4ED6-BBA0-1497D734962A}.Debug|Any CPU.ActiveCfg = Debug|Any CPU
		{FF099D48-3FA5-4ED6-BBA0-1497D734962A}.Debug|Any CPU.Build.0 = Debug|Any CPU
		{FF099D48-3FA5-4ED6-BBA0-1497D734962A}.Debug|Mixed Platforms.ActiveCfg = Debug|Any CPU
		{FF099D48-3FA5-4ED6-BBA0-1497D734962A}.Debug|Mixed Platforms.Build.0 = Debug|Any CPU
		{FF099D48-3FA5-4ED6-BBA0-1497D734962A}.Debug|x86.ActiveCfg = Debug|Any CPU
		{FF099D48-3FA5-4ED6-BBA0-1497D734962A}.Debug|x86.Build.0 = Debug|Any CPU
		{FF099D48-3FA5-4ED6-BBA0-1497D734962A}.Release|Any CPU.ActiveCfg = Release|Any CPU
		{FF099D48-3FA5-4ED6-BBA0-1497D734962A}.Release|Any CPU.Build.0 = Release|Any CPU
		{FF099D48-3FA5-4ED6-BBA0-1497D734962A}.Release|Mixed Platforms.ActiveCfg = Release|Any CPU
		{FF099D48-3FA5-4ED6-BBA0-1497D734962A}.Release|Mixed Platforms.Build.0 = Release|Any CPU
		{FF099D48-3FA5-4ED6-BBA0-1497D734962A}.Release|x86.ActiveCfg = Release|Any CPU
		{FF099D48-3FA5-4ED6-BBA0-1497D734962A}.Release|x86.Build.0 = Release|Any CPU
		{A47B7998-4EE8-4AF8-9373-C664FDEDDC65}.Debug|Any CPU.ActiveCfg = Debug|Any CPU
		{A47B7998-4EE8-4AF8-9373-C664FDEDDC65}.Debug|Any CPU.Build.0 = Debug|Any CPU
		{A47B7998-4EE8-4AF8-9373-C664FDEDDC65}.Debug|Mixed Platforms.ActiveCfg = Debug|Any CPU
		{A47B7998-4EE8-4AF8-9373-C664FDEDDC65}.Debug|Mixed Platforms.Build.0 = Debug|Any CPU
		{A47B7998-4EE8-4AF8-9373-C664FDEDDC65}.Debug|x86.ActiveCfg = Debug|Any CPU
		{A47B7998-4EE8-4AF8-9373-C664FDEDDC65}.Debug|x86.Build.0 = Debug|Any CPU
		{A47B7998-4EE8-4AF8-9373-C664FDEDDC65}.Release|Any CPU.ActiveCfg = Release|Any CPU
		{A47B7998-4EE8-4AF8-9373-C664FDEDDC65}.Release|Any CPU.Build.0 = Release|Any CPU
		{A47B7998-4EE8-4AF8-9373-C664FDEDDC65}.Release|Mixed Platforms.ActiveCfg = Release|Any CPU
		{A47B7998-4EE8-4AF8-9373-C664FDEDDC65}.Release|Mixed Platforms.Build.0 = Release|Any CPU
		{A47B7998-4EE8-4AF8-9373-C664FDEDDC65}.Release|x86.ActiveCfg = Release|Any CPU
		{A47B7998-4EE8-4AF8-9373-C664FDEDDC65}.Release|x86.Build.0 = Release|Any CPU
		{F970F8CB-8FF1-4244-9A31-D00C6D7AABE5}.Debug|Any CPU.ActiveCfg = Debug|Any CPU
		{F970F8CB-8FF1-4244-9A31-D00C6D7AABE5}.Debug|Any CPU.Build.0 = Debug|Any CPU
		{F970F8CB-8FF1-4244-9A31-D00C6D7AABE5}.Debug|Mixed Platforms.ActiveCfg = Debug|Any CPU
		{F970F8CB-8FF1-4244-9A31-D00C6D7AABE5}.Debug|Mixed Platforms.Build.0 = Debug|Any CPU
		{F970F8CB-8FF1-4244-9A31-D00C6D7AABE5}.Debug|x86.ActiveCfg = Debug|Any CPU
		{F970F8CB-8FF1-4244-9A31-D00C6D7AABE5}.Debug|x86.Build.0 = Debug|Any CPU
		{F970F8CB-8FF1-4244-9A31-D00C6D7AABE5}.Release|Any CPU.ActiveCfg = Release|Any CPU
		{F970F8CB-8FF1-4244-9A31-D00C6D7AABE5}.Release|Any CPU.Build.0 = Release|Any CPU
		{F970F8CB-8FF1-4244-9A31-D00C6D7AABE5}.Release|Mixed Platforms.ActiveCfg = Release|Any CPU
		{F970F8CB-8FF1-4244-9A31-D00C6D7AABE5}.Release|Mixed Platforms.Build.0 = Release|Any CPU
		{F970F8CB-8FF1-4244-9A31-D00C6D7AABE5}.Release|x86.ActiveCfg = Release|Any CPU
		{F970F8CB-8FF1-4244-9A31-D00C6D7AABE5}.Release|x86.Build.0 = Release|Any CPU
		{0B1011A6-8FCD-4F9E-BBB8-8DB86E23D2E8}.Debug|Any CPU.ActiveCfg = Debug|Any CPU
		{0B1011A6-8FCD-4F9E-BBB8-8DB86E23D2E8}.Debug|Any CPU.Build.0 = Debug|Any CPU
		{0B1011A6-8FCD-4F9E-BBB8-8DB86E23D2E8}.Debug|Mixed Platforms.ActiveCfg = Debug|Any CPU
		{0B1011A6-8FCD-4F9E-BBB8-8DB86E23D2E8}.Debug|Mixed Platforms.Build.0 = Debug|Any CPU
		{0B1011A6-8FCD-4F9E-BBB8-8DB86E23D2E8}.Debug|x86.ActiveCfg = Debug|Any CPU
		{0B1011A6-8FCD-4F9E-BBB8-8DB86E23D2E8}.Debug|x86.Build.0 = Debug|Any CPU
		{0B1011A6-8FCD-4F9E-BBB8-8DB86E23D2E8}.Release|Any CPU.ActiveCfg = Release|Any CPU
		{0B1011A6-8FCD-4F9E-BBB8-8DB86E23D2E8}.Release|Any CPU.Build.0 = Release|Any CPU
		{0B1011A6-8FCD-4F9E-BBB8-8DB86E23D2E8}.Release|Mixed Platforms.ActiveCfg = Release|Any CPU
		{0B1011A6-8FCD-4F9E-BBB8-8DB86E23D2E8}.Release|Mixed Platforms.Build.0 = Release|Any CPU
		{0B1011A6-8FCD-4F9E-BBB8-8DB86E23D2E8}.Release|x86.ActiveCfg = Release|Any CPU
		{0B1011A6-8FCD-4F9E-BBB8-8DB86E23D2E8}.Release|x86.Build.0 = Release|Any CPU
		{49D8DA65-FC99-4C63-ADC6-1B07260F674F}.Debug|Any CPU.ActiveCfg = Debug|Any CPU
		{49D8DA65-FC99-4C63-ADC6-1B07260F674F}.Debug|Any CPU.Build.0 = Debug|Any CPU
		{49D8DA65-FC99-4C63-ADC6-1B07260F674F}.Debug|Mixed Platforms.ActiveCfg = Debug|Any CPU
		{49D8DA65-FC99-4C63-ADC6-1B07260F674F}.Debug|Mixed Platforms.Build.0 = Debug|Any CPU
		{49D8DA65-FC99-4C63-ADC6-1B07260F674F}.Debug|x86.ActiveCfg = Debug|Any CPU
		{49D8DA65-FC99-4C63-ADC6-1B07260F674F}.Debug|x86.Build.0 = Debug|Any CPU
		{49D8DA65-FC99-4C63-ADC6-1B07260F674F}.Release|Any CPU.ActiveCfg = Release|Any CPU
		{49D8DA65-FC99-4C63-ADC6-1B07260F674F}.Release|Any CPU.Build.0 = Release|Any CPU
		{49D8DA65-FC99-4C63-ADC6-1B07260F674F}.Release|Mixed Platforms.ActiveCfg = Release|Any CPU
		{49D8DA65-FC99-4C63-ADC6-1B07260F674F}.Release|Mixed Platforms.Build.0 = Release|Any CPU
		{49D8DA65-FC99-4C63-ADC6-1B07260F674F}.Release|x86.ActiveCfg = Release|Any CPU
		{49D8DA65-FC99-4C63-ADC6-1B07260F674F}.Release|x86.Build.0 = Release|Any CPU
		{540BEAC7-A2C3-4C46-9F4A-E6E1DF4EF6FC}.Debug|Any CPU.ActiveCfg = Debug|Any CPU
		{540BEAC7-A2C3-4C46-9F4A-E6E1DF4EF6FC}.Debug|Any CPU.Build.0 = Debug|Any CPU
		{540BEAC7-A2C3-4C46-9F4A-E6E1DF4EF6FC}.Debug|Mixed Platforms.ActiveCfg = Debug|Any CPU
		{540BEAC7-A2C3-4C46-9F4A-E6E1DF4EF6FC}.Debug|Mixed Platforms.Build.0 = Debug|Any CPU
		{540BEAC7-A2C3-4C46-9F4A-E6E1DF4EF6FC}.Debug|x86.ActiveCfg = Debug|Any CPU
		{540BEAC7-A2C3-4C46-9F4A-E6E1DF4EF6FC}.Debug|x86.Build.0 = Debug|Any CPU
		{540BEAC7-A2C3-4C46-9F4A-E6E1DF4EF6FC}.Release|Any CPU.ActiveCfg = Release|Any CPU
		{540BEAC7-A2C3-4C46-9F4A-E6E1DF4EF6FC}.Release|Any CPU.Build.0 = Release|Any CPU
		{540BEAC7-A2C3-4C46-9F4A-E6E1DF4EF6FC}.Release|Mixed Platforms.ActiveCfg = Release|Any CPU
		{540BEAC7-A2C3-4C46-9F4A-E6E1DF4EF6FC}.Release|Mixed Platforms.Build.0 = Release|Any CPU
		{540BEAC7-A2C3-4C46-9F4A-E6E1DF4EF6FC}.Release|x86.ActiveCfg = Release|Any CPU
		{540BEAC7-A2C3-4C46-9F4A-E6E1DF4EF6FC}.Release|x86.Build.0 = Release|Any CPU
		{65F7691A-B355-4D98-BB97-0B19F13E2190}.Debug|Any CPU.ActiveCfg = Debug|Any CPU
		{65F7691A-B355-4D98-BB97-0B19F13E2190}.Debug|Any CPU.Build.0 = Debug|Any CPU
		{65F7691A-B355-4D98-BB97-0B19F13E2190}.Debug|Mixed Platforms.ActiveCfg = Debug|Any CPU
		{65F7691A-B355-4D98-BB97-0B19F13E2190}.Debug|Mixed Platforms.Build.0 = Debug|Any CPU
		{65F7691A-B355-4D98-BB97-0B19F13E2190}.Debug|x86.ActiveCfg = Debug|Any CPU
		{65F7691A-B355-4D98-BB97-0B19F13E2190}.Debug|x86.Build.0 = Debug|Any CPU
		{65F7691A-B355-4D98-BB97-0B19F13E2190}.Release|Any CPU.ActiveCfg = Release|Any CPU
		{65F7691A-B355-4D98-BB97-0B19F13E2190}.Release|Any CPU.Build.0 = Release|Any CPU
		{65F7691A-B355-4D98-BB97-0B19F13E2190}.Release|Mixed Platforms.ActiveCfg = Release|Any CPU
		{65F7691A-B355-4D98-BB97-0B19F13E2190}.Release|Mixed Platforms.Build.0 = Release|Any CPU
		{65F7691A-B355-4D98-BB97-0B19F13E2190}.Release|x86.ActiveCfg = Release|Any CPU
		{65F7691A-B355-4D98-BB97-0B19F13E2190}.Release|x86.Build.0 = Release|Any CPU
		{F445DB8E-E25A-41EF-A158-C742F14E94E4}.Debug|Any CPU.ActiveCfg = Debug|Any CPU
		{F445DB8E-E25A-41EF-A158-C742F14E94E4}.Debug|Any CPU.Build.0 = Debug|Any CPU
		{F445DB8E-E25A-41EF-A158-C742F14E94E4}.Debug|Mixed Platforms.ActiveCfg = Debug|Any CPU
		{F445DB8E-E25A-41EF-A158-C742F14E94E4}.Debug|Mixed Platforms.Build.0 = Debug|Any CPU
		{F445DB8E-E25A-41EF-A158-C742F14E94E4}.Debug|x86.ActiveCfg = Debug|Any CPU
		{F445DB8E-E25A-41EF-A158-C742F14E94E4}.Debug|x86.Build.0 = Debug|Any CPU
		{F445DB8E-E25A-41EF-A158-C742F14E94E4}.Release|Any CPU.ActiveCfg = Release|Any CPU
		{F445DB8E-E25A-41EF-A158-C742F14E94E4}.Release|Any CPU.Build.0 = Release|Any CPU
		{F445DB8E-E25A-41EF-A158-C742F14E94E4}.Release|Mixed Platforms.ActiveCfg = Release|Any CPU
		{F445DB8E-E25A-41EF-A158-C742F14E94E4}.Release|Mixed Platforms.Build.0 = Release|Any CPU
		{F445DB8E-E25A-41EF-A158-C742F14E94E4}.Release|x86.ActiveCfg = Release|Any CPU
		{F445DB8E-E25A-41EF-A158-C742F14E94E4}.Release|x86.Build.0 = Release|Any CPU
		{DE30CBE9-50F3-4A3E-BCC9-A8A36348530E}.Debug|Any CPU.ActiveCfg = Debug|Any CPU
		{DE30CBE9-50F3-4A3E-BCC9-A8A36348530E}.Debug|Any CPU.Build.0 = Debug|Any CPU
		{DE30CBE9-50F3-4A3E-BCC9-A8A36348530E}.Debug|Mixed Platforms.ActiveCfg = Debug|Any CPU
		{DE30CBE9-50F3-4A3E-BCC9-A8A36348530E}.Debug|Mixed Platforms.Build.0 = Debug|Any CPU
		{DE30CBE9-50F3-4A3E-BCC9-A8A36348530E}.Debug|x86.ActiveCfg = Debug|Any CPU
		{DE30CBE9-50F3-4A3E-BCC9-A8A36348530E}.Debug|x86.Build.0 = Debug|Any CPU
		{DE30CBE9-50F3-4A3E-BCC9-A8A36348530E}.Release|Any CPU.ActiveCfg = Release|Any CPU
		{DE30CBE9-50F3-4A3E-BCC9-A8A36348530E}.Release|Any CPU.Build.0 = Release|Any CPU
		{DE30CBE9-50F3-4A3E-BCC9-A8A36348530E}.Release|Mixed Platforms.ActiveCfg = Release|Any CPU
		{DE30CBE9-50F3-4A3E-BCC9-A8A36348530E}.Release|Mixed Platforms.Build.0 = Release|Any CPU
		{DE30CBE9-50F3-4A3E-BCC9-A8A36348530E}.Release|x86.ActiveCfg = Release|Any CPU
		{DE30CBE9-50F3-4A3E-BCC9-A8A36348530E}.Release|x86.Build.0 = Release|Any CPU
		{B21130AE-311F-4F15-B763-0E91EE4C9646}.Debug|Any CPU.ActiveCfg = Debug|Any CPU
		{B21130AE-311F-4F15-B763-0E91EE4C9646}.Debug|Any CPU.Build.0 = Debug|Any CPU
		{B21130AE-311F-4F15-B763-0E91EE4C9646}.Debug|Mixed Platforms.ActiveCfg = Debug|Any CPU
		{B21130AE-311F-4F15-B763-0E91EE4C9646}.Debug|Mixed Platforms.Build.0 = Debug|Any CPU
		{B21130AE-311F-4F15-B763-0E91EE4C9646}.Debug|x86.ActiveCfg = Debug|Any CPU
		{B21130AE-311F-4F15-B763-0E91EE4C9646}.Debug|x86.Build.0 = Debug|Any CPU
		{B21130AE-311F-4F15-B763-0E91EE4C9646}.Release|Any CPU.ActiveCfg = Release|Any CPU
		{B21130AE-311F-4F15-B763-0E91EE4C9646}.Release|Any CPU.Build.0 = Release|Any CPU
		{B21130AE-311F-4F15-B763-0E91EE4C9646}.Release|Mixed Platforms.ActiveCfg = Release|Any CPU
		{B21130AE-311F-4F15-B763-0E91EE4C9646}.Release|Mixed Platforms.Build.0 = Release|Any CPU
		{B21130AE-311F-4F15-B763-0E91EE4C9646}.Release|x86.ActiveCfg = Release|Any CPU
		{B21130AE-311F-4F15-B763-0E91EE4C9646}.Release|x86.Build.0 = Release|Any CPU
		{067AAB6B-447A-45BA-9E0D-DFEA886B4F69}.Debug|Any CPU.ActiveCfg = Debug|Any CPU
		{067AAB6B-447A-45BA-9E0D-DFEA886B4F69}.Debug|Any CPU.Build.0 = Debug|Any CPU
		{067AAB6B-447A-45BA-9E0D-DFEA886B4F69}.Debug|Mixed Platforms.ActiveCfg = Debug|Any CPU
		{067AAB6B-447A-45BA-9E0D-DFEA886B4F69}.Debug|Mixed Platforms.Build.0 = Debug|Any CPU
		{067AAB6B-447A-45BA-9E0D-DFEA886B4F69}.Debug|x86.ActiveCfg = Debug|Any CPU
		{067AAB6B-447A-45BA-9E0D-DFEA886B4F69}.Debug|x86.Build.0 = Debug|Any CPU
		{067AAB6B-447A-45BA-9E0D-DFEA886B4F69}.Release|Any CPU.ActiveCfg = Release|Any CPU
		{067AAB6B-447A-45BA-9E0D-DFEA886B4F69}.Release|Any CPU.Build.0 = Release|Any CPU
		{067AAB6B-447A-45BA-9E0D-DFEA886B4F69}.Release|Mixed Platforms.ActiveCfg = Release|Any CPU
		{067AAB6B-447A-45BA-9E0D-DFEA886B4F69}.Release|Mixed Platforms.Build.0 = Release|Any CPU
		{067AAB6B-447A-45BA-9E0D-DFEA886B4F69}.Release|x86.ActiveCfg = Release|Any CPU
		{067AAB6B-447A-45BA-9E0D-DFEA886B4F69}.Release|x86.Build.0 = Release|Any CPU
		{F1776FF2-A727-4FAF-B6BE-D37D6B019038}.Debug|Any CPU.ActiveCfg = Debug|Any CPU
		{F1776FF2-A727-4FAF-B6BE-D37D6B019038}.Debug|Any CPU.Build.0 = Debug|Any CPU
		{F1776FF2-A727-4FAF-B6BE-D37D6B019038}.Debug|Mixed Platforms.ActiveCfg = Debug|Any CPU
		{F1776FF2-A727-4FAF-B6BE-D37D6B019038}.Debug|Mixed Platforms.Build.0 = Debug|Any CPU
		{F1776FF2-A727-4FAF-B6BE-D37D6B019038}.Debug|x86.ActiveCfg = Debug|Any CPU
		{F1776FF2-A727-4FAF-B6BE-D37D6B019038}.Debug|x86.Build.0 = Debug|Any CPU
		{F1776FF2-A727-4FAF-B6BE-D37D6B019038}.Release|Any CPU.ActiveCfg = Release|Any CPU
		{F1776FF2-A727-4FAF-B6BE-D37D6B019038}.Release|Any CPU.Build.0 = Release|Any CPU
		{F1776FF2-A727-4FAF-B6BE-D37D6B019038}.Release|Mixed Platforms.ActiveCfg = Release|Any CPU
		{F1776FF2-A727-4FAF-B6BE-D37D6B019038}.Release|Mixed Platforms.Build.0 = Release|Any CPU
		{F1776FF2-A727-4FAF-B6BE-D37D6B019038}.Release|x86.ActiveCfg = Release|Any CPU
		{F1776FF2-A727-4FAF-B6BE-D37D6B019038}.Release|x86.Build.0 = Release|Any CPU
		{5B810793-78E2-413C-AA05-FCDD12B7DB04}.Debug|Any CPU.ActiveCfg = Debug|Any CPU
		{5B810793-78E2-413C-AA05-FCDD12B7DB04}.Debug|Any CPU.Build.0 = Debug|Any CPU
		{5B810793-78E2-413C-AA05-FCDD12B7DB04}.Debug|Mixed Platforms.ActiveCfg = Debug|Any CPU
		{5B810793-78E2-413C-AA05-FCDD12B7DB04}.Debug|Mixed Platforms.Build.0 = Debug|Any CPU
		{5B810793-78E2-413C-AA05-FCDD12B7DB04}.Debug|x86.ActiveCfg = Debug|Any CPU
		{5B810793-78E2-413C-AA05-FCDD12B7DB04}.Debug|x86.Build.0 = Debug|Any CPU
		{5B810793-78E2-413C-AA05-FCDD12B7DB04}.Release|Any CPU.ActiveCfg = Release|Any CPU
		{5B810793-78E2-413C-AA05-FCDD12B7DB04}.Release|Any CPU.Build.0 = Release|Any CPU
		{5B810793-78E2-413C-AA05-FCDD12B7DB04}.Release|Mixed Platforms.ActiveCfg = Release|Any CPU
		{5B810793-78E2-413C-AA05-FCDD12B7DB04}.Release|Mixed Platforms.Build.0 = Release|Any CPU
		{5B810793-78E2-413C-AA05-FCDD12B7DB04}.Release|x86.ActiveCfg = Release|Any CPU
		{5B810793-78E2-413C-AA05-FCDD12B7DB04}.Release|x86.Build.0 = Release|Any CPU
		{DFD831EA-79D8-49FC-8923-3AFFDA1283B6}.Debug|Any CPU.ActiveCfg = Debug|Any CPU
		{DFD831EA-79D8-49FC-8923-3AFFDA1283B6}.Debug|Any CPU.Build.0 = Debug|Any CPU
		{DFD831EA-79D8-49FC-8923-3AFFDA1283B6}.Debug|Mixed Platforms.ActiveCfg = Debug|Any CPU
		{DFD831EA-79D8-49FC-8923-3AFFDA1283B6}.Debug|Mixed Platforms.Build.0 = Debug|Any CPU
		{DFD831EA-79D8-49FC-8923-3AFFDA1283B6}.Debug|x86.ActiveCfg = Debug|Any CPU
		{DFD831EA-79D8-49FC-8923-3AFFDA1283B6}.Debug|x86.Build.0 = Debug|Any CPU
		{DFD831EA-79D8-49FC-8923-3AFFDA1283B6}.Release|Any CPU.ActiveCfg = Release|Any CPU
		{DFD831EA-79D8-49FC-8923-3AFFDA1283B6}.Release|Any CPU.Build.0 = Release|Any CPU
		{DFD831EA-79D8-49FC-8923-3AFFDA1283B6}.Release|Mixed Platforms.ActiveCfg = Release|Any CPU
		{DFD831EA-79D8-49FC-8923-3AFFDA1283B6}.Release|Mixed Platforms.Build.0 = Release|Any CPU
		{DFD831EA-79D8-49FC-8923-3AFFDA1283B6}.Release|x86.ActiveCfg = Release|Any CPU
		{DFD831EA-79D8-49FC-8923-3AFFDA1283B6}.Release|x86.Build.0 = Release|Any CPU
		{577B8294-334B-4E02-BE1A-CBA8ABAF8939}.Debug|Any CPU.ActiveCfg = Debug|Any CPU
		{577B8294-334B-4E02-BE1A-CBA8ABAF8939}.Debug|Any CPU.Build.0 = Debug|Any CPU
		{577B8294-334B-4E02-BE1A-CBA8ABAF8939}.Debug|Mixed Platforms.ActiveCfg = Debug|Any CPU
		{577B8294-334B-4E02-BE1A-CBA8ABAF8939}.Debug|Mixed Platforms.Build.0 = Debug|Any CPU
		{577B8294-334B-4E02-BE1A-CBA8ABAF8939}.Debug|x86.ActiveCfg = Debug|Any CPU
		{577B8294-334B-4E02-BE1A-CBA8ABAF8939}.Debug|x86.Build.0 = Debug|Any CPU
		{577B8294-334B-4E02-BE1A-CBA8ABAF8939}.Release|Any CPU.ActiveCfg = Release|Any CPU
		{577B8294-334B-4E02-BE1A-CBA8ABAF8939}.Release|Any CPU.Build.0 = Release|Any CPU
		{577B8294-334B-4E02-BE1A-CBA8ABAF8939}.Release|Mixed Platforms.ActiveCfg = Release|Any CPU
		{577B8294-334B-4E02-BE1A-CBA8ABAF8939}.Release|Mixed Platforms.Build.0 = Release|Any CPU
		{577B8294-334B-4E02-BE1A-CBA8ABAF8939}.Release|x86.ActiveCfg = Release|Any CPU
		{577B8294-334B-4E02-BE1A-CBA8ABAF8939}.Release|x86.Build.0 = Release|Any CPU
		{C286833F-D1CD-4618-98E7-F3A5BA9ECFA1}.Debug|Any CPU.ActiveCfg = Debug|Any CPU
		{C286833F-D1CD-4618-98E7-F3A5BA9ECFA1}.Debug|Any CPU.Build.0 = Debug|Any CPU
		{C286833F-D1CD-4618-98E7-F3A5BA9ECFA1}.Debug|Mixed Platforms.ActiveCfg = Debug|Any CPU
		{C286833F-D1CD-4618-98E7-F3A5BA9ECFA1}.Debug|Mixed Platforms.Build.0 = Debug|Any CPU
		{C286833F-D1CD-4618-98E7-F3A5BA9ECFA1}.Debug|x86.ActiveCfg = Debug|Any CPU
		{C286833F-D1CD-4618-98E7-F3A5BA9ECFA1}.Debug|x86.Build.0 = Debug|Any CPU
		{C286833F-D1CD-4618-98E7-F3A5BA9ECFA1}.Release|Any CPU.ActiveCfg = Release|Any CPU
		{C286833F-D1CD-4618-98E7-F3A5BA9ECFA1}.Release|Any CPU.Build.0 = Release|Any CPU
		{C286833F-D1CD-4618-98E7-F3A5BA9ECFA1}.Release|Mixed Platforms.ActiveCfg = Release|Any CPU
		{C286833F-D1CD-4618-98E7-F3A5BA9ECFA1}.Release|Mixed Platforms.Build.0 = Release|Any CPU
		{C286833F-D1CD-4618-98E7-F3A5BA9ECFA1}.Release|x86.ActiveCfg = Release|Any CPU
		{C286833F-D1CD-4618-98E7-F3A5BA9ECFA1}.Release|x86.Build.0 = Release|Any CPU
		{4CFF6607-4D83-46E6-A1D0-EF045311C98B}.Debug|Any CPU.ActiveCfg = Debug|Any CPU
		{4CFF6607-4D83-46E6-A1D0-EF045311C98B}.Debug|Any CPU.Build.0 = Debug|Any CPU
		{4CFF6607-4D83-46E6-A1D0-EF045311C98B}.Debug|Mixed Platforms.ActiveCfg = Debug|Any CPU
		{4CFF6607-4D83-46E6-A1D0-EF045311C98B}.Debug|Mixed Platforms.Build.0 = Debug|Any CPU
		{4CFF6607-4D83-46E6-A1D0-EF045311C98B}.Debug|x86.ActiveCfg = Debug|Any CPU
		{4CFF6607-4D83-46E6-A1D0-EF045311C98B}.Debug|x86.Build.0 = Debug|Any CPU
		{4CFF6607-4D83-46E6-A1D0-EF045311C98B}.Release|Any CPU.ActiveCfg = Release|Any CPU
		{4CFF6607-4D83-46E6-A1D0-EF045311C98B}.Release|Any CPU.Build.0 = Release|Any CPU
		{4CFF6607-4D83-46E6-A1D0-EF045311C98B}.Release|Mixed Platforms.ActiveCfg = Release|Any CPU
		{4CFF6607-4D83-46E6-A1D0-EF045311C98B}.Release|Mixed Platforms.Build.0 = Release|Any CPU
		{4CFF6607-4D83-46E6-A1D0-EF045311C98B}.Release|x86.ActiveCfg = Release|Any CPU
		{4CFF6607-4D83-46E6-A1D0-EF045311C98B}.Release|x86.Build.0 = Release|Any CPU
		{599D1C00-7C78-4211-A958-1285C4CB76C9}.Debug|Any CPU.ActiveCfg = Debug|Any CPU
		{599D1C00-7C78-4211-A958-1285C4CB76C9}.Debug|Any CPU.Build.0 = Debug|Any CPU
		{599D1C00-7C78-4211-A958-1285C4CB76C9}.Debug|Mixed Platforms.ActiveCfg = Debug|Any CPU
		{599D1C00-7C78-4211-A958-1285C4CB76C9}.Debug|Mixed Platforms.Build.0 = Debug|Any CPU
		{599D1C00-7C78-4211-A958-1285C4CB76C9}.Debug|x86.ActiveCfg = Debug|Any CPU
		{599D1C00-7C78-4211-A958-1285C4CB76C9}.Debug|x86.Build.0 = Debug|Any CPU
		{599D1C00-7C78-4211-A958-1285C4CB76C9}.Release|Any CPU.ActiveCfg = Release|Any CPU
		{599D1C00-7C78-4211-A958-1285C4CB76C9}.Release|Any CPU.Build.0 = Release|Any CPU
		{599D1C00-7C78-4211-A958-1285C4CB76C9}.Release|Mixed Platforms.ActiveCfg = Release|Any CPU
		{599D1C00-7C78-4211-A958-1285C4CB76C9}.Release|Mixed Platforms.Build.0 = Release|Any CPU
		{599D1C00-7C78-4211-A958-1285C4CB76C9}.Release|x86.ActiveCfg = Release|Any CPU
		{599D1C00-7C78-4211-A958-1285C4CB76C9}.Release|x86.Build.0 = Release|Any CPU
		{0FB92651-3EE8-441D-84F2-C4DFDA68E8A5}.Debug|Any CPU.ActiveCfg = Debug|Any CPU
		{0FB92651-3EE8-441D-84F2-C4DFDA68E8A5}.Debug|Any CPU.Build.0 = Debug|Any CPU
		{0FB92651-3EE8-441D-84F2-C4DFDA68E8A5}.Debug|Mixed Platforms.ActiveCfg = Debug|Any CPU
		{0FB92651-3EE8-441D-84F2-C4DFDA68E8A5}.Debug|Mixed Platforms.Build.0 = Debug|Any CPU
		{0FB92651-3EE8-441D-84F2-C4DFDA68E8A5}.Debug|x86.ActiveCfg = Debug|Any CPU
		{0FB92651-3EE8-441D-84F2-C4DFDA68E8A5}.Debug|x86.Build.0 = Debug|Any CPU
		{0FB92651-3EE8-441D-84F2-C4DFDA68E8A5}.Release|Any CPU.ActiveCfg = Release|Any CPU
		{0FB92651-3EE8-441D-84F2-C4DFDA68E8A5}.Release|Any CPU.Build.0 = Release|Any CPU
		{0FB92651-3EE8-441D-84F2-C4DFDA68E8A5}.Release|Mixed Platforms.ActiveCfg = Release|Any CPU
		{0FB92651-3EE8-441D-84F2-C4DFDA68E8A5}.Release|Mixed Platforms.Build.0 = Release|Any CPU
		{0FB92651-3EE8-441D-84F2-C4DFDA68E8A5}.Release|x86.ActiveCfg = Release|Any CPU
		{0FB92651-3EE8-441D-84F2-C4DFDA68E8A5}.Release|x86.Build.0 = Release|Any CPU
		{577B8294-334B-4E02-BE3A-CBA8ABAF8939}.Debug|Any CPU.ActiveCfg = Debug|Any CPU
		{577B8294-334B-4E02-BE3A-CBA8ABAF8939}.Debug|Any CPU.Build.0 = Debug|Any CPU
		{577B8294-334B-4E02-BE3A-CBA8ABAF8939}.Debug|Mixed Platforms.ActiveCfg = Debug|Any CPU
		{577B8294-334B-4E02-BE3A-CBA8ABAF8939}.Debug|Mixed Platforms.Build.0 = Debug|Any CPU
		{577B8294-334B-4E02-BE3A-CBA8ABAF8939}.Debug|x86.ActiveCfg = Debug|Any CPU
		{577B8294-334B-4E02-BE3A-CBA8ABAF8939}.Debug|x86.Build.0 = Debug|Any CPU
		{577B8294-334B-4E02-BE3A-CBA8ABAF8939}.Release|Any CPU.ActiveCfg = Release|Any CPU
		{577B8294-334B-4E02-BE3A-CBA8ABAF8939}.Release|Any CPU.Build.0 = Release|Any CPU
		{577B8294-334B-4E02-BE3A-CBA8ABAF8939}.Release|Mixed Platforms.ActiveCfg = Release|Any CPU
		{577B8294-334B-4E02-BE3A-CBA8ABAF8939}.Release|Mixed Platforms.Build.0 = Release|Any CPU
		{577B8294-334B-4E02-BE3A-CBA8ABAF8939}.Release|x86.ActiveCfg = Release|Any CPU
		{577B8294-334B-4E02-BE3A-CBA8ABAF8939}.Release|x86.Build.0 = Release|Any CPU
		{5F30A68E-05BF-40EA-B576-5EBCDE520559}.Debug|Any CPU.ActiveCfg = Debug|Any CPU
		{5F30A68E-05BF-40EA-B576-5EBCDE520559}.Debug|Any CPU.Build.0 = Debug|Any CPU
		{5F30A68E-05BF-40EA-B576-5EBCDE520559}.Debug|Mixed Platforms.ActiveCfg = Debug|Any CPU
		{5F30A68E-05BF-40EA-B576-5EBCDE520559}.Debug|Mixed Platforms.Build.0 = Debug|Any CPU
		{5F30A68E-05BF-40EA-B576-5EBCDE520559}.Debug|x86.ActiveCfg = Debug|Any CPU
		{5F30A68E-05BF-40EA-B576-5EBCDE520559}.Debug|x86.Build.0 = Debug|Any CPU
		{5F30A68E-05BF-40EA-B576-5EBCDE520559}.Release|Any CPU.ActiveCfg = Release|Any CPU
		{5F30A68E-05BF-40EA-B576-5EBCDE520559}.Release|Any CPU.Build.0 = Release|Any CPU
		{5F30A68E-05BF-40EA-B576-5EBCDE520559}.Release|Mixed Platforms.ActiveCfg = Release|Any CPU
		{5F30A68E-05BF-40EA-B576-5EBCDE520559}.Release|Mixed Platforms.Build.0 = Release|Any CPU
		{5F30A68E-05BF-40EA-B576-5EBCDE520559}.Release|x86.ActiveCfg = Release|Any CPU
		{5F30A68E-05BF-40EA-B576-5EBCDE520559}.Release|x86.Build.0 = Release|Any CPU
		{5A813793-78E2-413C-AA05-FCDD12B7DB04}.Debug|Any CPU.ActiveCfg = Debug|Any CPU
		{5A813793-78E2-413C-AA05-FCDD12B7DB04}.Debug|Any CPU.Build.0 = Debug|Any CPU
		{5A813793-78E2-413C-AA05-FCDD12B7DB04}.Debug|Mixed Platforms.ActiveCfg = Debug|Any CPU
		{5A813793-78E2-413C-AA05-FCDD12B7DB04}.Debug|Mixed Platforms.Build.0 = Debug|Any CPU
		{5A813793-78E2-413C-AA05-FCDD12B7DB04}.Debug|x86.ActiveCfg = Debug|Any CPU
		{5A813793-78E2-413C-AA05-FCDD12B7DB04}.Debug|x86.Build.0 = Debug|Any CPU
		{5A813793-78E2-413C-AA05-FCDD12B7DB04}.Release|Any CPU.ActiveCfg = Release|Any CPU
		{5A813793-78E2-413C-AA05-FCDD12B7DB04}.Release|Any CPU.Build.0 = Release|Any CPU
		{5A813793-78E2-413C-AA05-FCDD12B7DB04}.Release|Mixed Platforms.ActiveCfg = Release|Any CPU
		{5A813793-78E2-413C-AA05-FCDD12B7DB04}.Release|Mixed Platforms.Build.0 = Release|Any CPU
		{5A813793-78E2-413C-AA05-FCDD12B7DB04}.Release|x86.ActiveCfg = Release|Any CPU
		{5A813793-78E2-413C-AA05-FCDD12B7DB04}.Release|x86.Build.0 = Release|Any CPU
		{AD653B6B-EBC7-4E69-93F7-FADA40462648}.Debug|Any CPU.ActiveCfg = Debug|Any CPU
		{AD653B6B-EBC7-4E69-93F7-FADA40462648}.Debug|Any CPU.Build.0 = Debug|Any CPU
		{AD653B6B-EBC7-4E69-93F7-FADA40462648}.Debug|Mixed Platforms.ActiveCfg = Debug|Any CPU
		{AD653B6B-EBC7-4E69-93F7-FADA40462648}.Debug|Mixed Platforms.Build.0 = Debug|Any CPU
		{AD653B6B-EBC7-4E69-93F7-FADA40462648}.Debug|x86.ActiveCfg = Debug|Any CPU
		{AD653B6B-EBC7-4E69-93F7-FADA40462648}.Debug|x86.Build.0 = Debug|Any CPU
		{AD653B6B-EBC7-4E69-93F7-FADA40462648}.Release|Any CPU.ActiveCfg = Release|Any CPU
		{AD653B6B-EBC7-4E69-93F7-FADA40462648}.Release|Any CPU.Build.0 = Release|Any CPU
		{AD653B6B-EBC7-4E69-93F7-FADA40462648}.Release|Mixed Platforms.ActiveCfg = Release|Any CPU
		{AD653B6B-EBC7-4E69-93F7-FADA40462648}.Release|Mixed Platforms.Build.0 = Release|Any CPU
		{AD653B6B-EBC7-4E69-93F7-FADA40462648}.Release|x86.ActiveCfg = Release|Any CPU
		{AD653B6B-EBC7-4E69-93F7-FADA40462648}.Release|x86.Build.0 = Release|Any CPU
		{7B8FBA4E-D6AC-4DAD-A607-43BA112F8EC1}.Debug|Any CPU.ActiveCfg = Debug|Any CPU
		{7B8FBA4E-D6AC-4DAD-A607-43BA112F8EC1}.Debug|Any CPU.Build.0 = Debug|Any CPU
		{7B8FBA4E-D6AC-4DAD-A607-43BA112F8EC1}.Debug|Mixed Platforms.ActiveCfg = Debug|Any CPU
		{7B8FBA4E-D6AC-4DAD-A607-43BA112F8EC1}.Debug|Mixed Platforms.Build.0 = Debug|Any CPU
		{7B8FBA4E-D6AC-4DAD-A607-43BA112F8EC1}.Debug|x86.ActiveCfg = Debug|Any CPU
		{7B8FBA4E-D6AC-4DAD-A607-43BA112F8EC1}.Debug|x86.Build.0 = Debug|Any CPU
		{7B8FBA4E-D6AC-4DAD-A607-43BA112F8EC1}.Release|Any CPU.ActiveCfg = Release|Any CPU
		{7B8FBA4E-D6AC-4DAD-A607-43BA112F8EC1}.Release|Any CPU.Build.0 = Release|Any CPU
		{7B8FBA4E-D6AC-4DAD-A607-43BA112F8EC1}.Release|Mixed Platforms.ActiveCfg = Release|Any CPU
		{7B8FBA4E-D6AC-4DAD-A607-43BA112F8EC1}.Release|Mixed Platforms.Build.0 = Release|Any CPU
		{7B8FBA4E-D6AC-4DAD-A607-43BA112F8EC1}.Release|x86.ActiveCfg = Release|Any CPU
		{7B8FBA4E-D6AC-4DAD-A607-43BA112F8EC1}.Release|x86.Build.0 = Release|Any CPU
		{65866A51-B229-44C5-AC81-87A90FA1741C}.Debug|Any CPU.ActiveCfg = Debug|Any CPU
		{65866A51-B229-44C5-AC81-87A90FA1741C}.Debug|Any CPU.Build.0 = Debug|Any CPU
		{65866A51-B229-44C5-AC81-87A90FA1741C}.Debug|Mixed Platforms.ActiveCfg = Debug|Any CPU
		{65866A51-B229-44C5-AC81-87A90FA1741C}.Debug|Mixed Platforms.Build.0 = Debug|Any CPU
		{65866A51-B229-44C5-AC81-87A90FA1741C}.Debug|x86.ActiveCfg = Debug|Any CPU
		{65866A51-B229-44C5-AC81-87A90FA1741C}.Debug|x86.Build.0 = Debug|Any CPU
		{65866A51-B229-44C5-AC81-87A90FA1741C}.Release|Any CPU.ActiveCfg = Release|Any CPU
		{65866A51-B229-44C5-AC81-87A90FA1741C}.Release|Any CPU.Build.0 = Release|Any CPU
		{65866A51-B229-44C5-AC81-87A90FA1741C}.Release|Mixed Platforms.ActiveCfg = Release|Any CPU
		{65866A51-B229-44C5-AC81-87A90FA1741C}.Release|Mixed Platforms.Build.0 = Release|Any CPU
		{65866A51-B229-44C5-AC81-87A90FA1741C}.Release|x86.ActiveCfg = Release|Any CPU
		{65866A51-B229-44C5-AC81-87A90FA1741C}.Release|x86.Build.0 = Release|Any CPU
		{B69C2F31-5161-47BB-9FD3-2F2F2BCCF659}.Debug|Any CPU.ActiveCfg = Debug|Any CPU
		{B69C2F31-5161-47BB-9FD3-2F2F2BCCF659}.Debug|Any CPU.Build.0 = Debug|Any CPU
		{B69C2F31-5161-47BB-9FD3-2F2F2BCCF659}.Debug|Mixed Platforms.ActiveCfg = Debug|Any CPU
		{B69C2F31-5161-47BB-9FD3-2F2F2BCCF659}.Debug|Mixed Platforms.Build.0 = Debug|Any CPU
		{B69C2F31-5161-47BB-9FD3-2F2F2BCCF659}.Debug|x86.ActiveCfg = Debug|Any CPU
		{B69C2F31-5161-47BB-9FD3-2F2F2BCCF659}.Debug|x86.Build.0 = Debug|Any CPU
		{B69C2F31-5161-47BB-9FD3-2F2F2BCCF659}.Release|Any CPU.ActiveCfg = Release|Any CPU
		{B69C2F31-5161-47BB-9FD3-2F2F2BCCF659}.Release|Any CPU.Build.0 = Release|Any CPU
		{B69C2F31-5161-47BB-9FD3-2F2F2BCCF659}.Release|Mixed Platforms.ActiveCfg = Release|Any CPU
		{B69C2F31-5161-47BB-9FD3-2F2F2BCCF659}.Release|Mixed Platforms.Build.0 = Release|Any CPU
		{B69C2F31-5161-47BB-9FD3-2F2F2BCCF659}.Release|x86.ActiveCfg = Release|Any CPU
		{B69C2F31-5161-47BB-9FD3-2F2F2BCCF659}.Release|x86.Build.0 = Release|Any CPU
		{3BF17C10-A1FB-4517-923E-B609C2FD8282}.Debug|Any CPU.ActiveCfg = Debug|Any CPU
		{3BF17C10-A1FB-4517-923E-B609C2FD8282}.Debug|Any CPU.Build.0 = Debug|Any CPU
		{3BF17C10-A1FB-4517-923E-B609C2FD8282}.Debug|Mixed Platforms.ActiveCfg = Debug|Any CPU
		{3BF17C10-A1FB-4517-923E-B609C2FD8282}.Debug|Mixed Platforms.Build.0 = Debug|Any CPU
		{3BF17C10-A1FB-4517-923E-B609C2FD8282}.Debug|x86.ActiveCfg = Debug|Any CPU
		{3BF17C10-A1FB-4517-923E-B609C2FD8282}.Debug|x86.Build.0 = Debug|Any CPU
		{3BF17C10-A1FB-4517-923E-B609C2FD8282}.Release|Any CPU.ActiveCfg = Release|Any CPU
		{3BF17C10-A1FB-4517-923E-B609C2FD8282}.Release|Any CPU.Build.0 = Release|Any CPU
		{3BF17C10-A1FB-4517-923E-B609C2FD8282}.Release|Mixed Platforms.ActiveCfg = Release|Any CPU
		{3BF17C10-A1FB-4517-923E-B609C2FD8282}.Release|Mixed Platforms.Build.0 = Release|Any CPU
		{3BF17C10-A1FB-4517-923E-B609C2FD8282}.Release|x86.ActiveCfg = Release|Any CPU
		{3BF17C10-A1FB-4517-923E-B609C2FD8282}.Release|x86.Build.0 = Release|Any CPU
		{B69C2F31-5161-47AA-9FD3-2F2F2BCCF659}.Debug|Any CPU.ActiveCfg = Debug|Any CPU
		{B69C2F31-5161-47AA-9FD3-2F2F2BCCF659}.Debug|Any CPU.Build.0 = Debug|Any CPU
		{B69C2F31-5161-47AA-9FD3-2F2F2BCCF659}.Debug|Mixed Platforms.ActiveCfg = Debug|Any CPU
		{B69C2F31-5161-47AA-9FD3-2F2F2BCCF659}.Debug|Mixed Platforms.Build.0 = Debug|Any CPU
		{B69C2F31-5161-47AA-9FD3-2F2F2BCCF659}.Debug|x86.ActiveCfg = Debug|Any CPU
		{B69C2F31-5161-47AA-9FD3-2F2F2BCCF659}.Debug|x86.Build.0 = Debug|Any CPU
		{B69C2F31-5161-47AA-9FD3-2F2F2BCCF659}.Release|Any CPU.ActiveCfg = Release|Any CPU
		{B69C2F31-5161-47AA-9FD3-2F2F2BCCF659}.Release|Any CPU.Build.0 = Release|Any CPU
		{B69C2F31-5161-47AA-9FD3-2F2F2BCCF659}.Release|Mixed Platforms.ActiveCfg = Release|Any CPU
		{B69C2F31-5161-47AA-9FD3-2F2F2BCCF659}.Release|Mixed Platforms.Build.0 = Release|Any CPU
		{B69C2F31-5161-47AA-9FD3-2F2F2BCCF659}.Release|x86.ActiveCfg = Release|Any CPU
		{B69C2F31-5161-47AA-9FD3-2F2F2BCCF659}.Release|x86.Build.0 = Release|Any CPU
		{77961864-DB33-4189-804F-D774022C96E2}.Debug|Any CPU.ActiveCfg = Debug|Any CPU
		{77961864-DB33-4189-804F-D774022C96E2}.Debug|Any CPU.Build.0 = Debug|Any CPU
		{77961864-DB33-4189-804F-D774022C96E2}.Debug|Mixed Platforms.ActiveCfg = Debug|Any CPU
		{77961864-DB33-4189-804F-D774022C96E2}.Debug|Mixed Platforms.Build.0 = Debug|Any CPU
		{77961864-DB33-4189-804F-D774022C96E2}.Debug|x86.ActiveCfg = Debug|Any CPU
		{77961864-DB33-4189-804F-D774022C96E2}.Debug|x86.Build.0 = Debug|Any CPU
		{77961864-DB33-4189-804F-D774022C96E2}.Release|Any CPU.ActiveCfg = Release|Any CPU
		{77961864-DB33-4189-804F-D774022C96E2}.Release|Any CPU.Build.0 = Release|Any CPU
		{77961864-DB33-4189-804F-D774022C96E2}.Release|Mixed Platforms.ActiveCfg = Release|Any CPU
		{77961864-DB33-4189-804F-D774022C96E2}.Release|Mixed Platforms.Build.0 = Release|Any CPU
		{77961864-DB33-4189-804F-D774022C96E2}.Release|x86.ActiveCfg = Release|Any CPU
		{77961864-DB33-4189-804F-D774022C96E2}.Release|x86.Build.0 = Release|Any CPU
		{A8765C3C-1194-4A3A-8579-745CA47C36D3}.Debug|Any CPU.ActiveCfg = Debug|Any CPU
		{A8765C3C-1194-4A3A-8579-745CA47C36D3}.Debug|Any CPU.Build.0 = Debug|Any CPU
		{A8765C3C-1194-4A3A-8579-745CA47C36D3}.Debug|Mixed Platforms.ActiveCfg = Debug|Any CPU
		{A8765C3C-1194-4A3A-8579-745CA47C36D3}.Debug|Mixed Platforms.Build.0 = Debug|Any CPU
		{A8765C3C-1194-4A3A-8579-745CA47C36D3}.Debug|x86.ActiveCfg = Debug|Any CPU
		{A8765C3C-1194-4A3A-8579-745CA47C36D3}.Debug|x86.Build.0 = Debug|Any CPU
		{A8765C3C-1194-4A3A-8579-745CA47C36D3}.Release|Any CPU.ActiveCfg = Release|Any CPU
		{A8765C3C-1194-4A3A-8579-745CA47C36D3}.Release|Any CPU.Build.0 = Release|Any CPU
		{A8765C3C-1194-4A3A-8579-745CA47C36D3}.Release|Mixed Platforms.ActiveCfg = Release|Any CPU
		{A8765C3C-1194-4A3A-8579-745CA47C36D3}.Release|Mixed Platforms.Build.0 = Release|Any CPU
		{A8765C3C-1194-4A3A-8579-745CA47C36D3}.Release|x86.ActiveCfg = Release|Any CPU
		{A8765C3C-1194-4A3A-8579-745CA47C36D3}.Release|x86.Build.0 = Release|Any CPU
		{4DBD4C50-BEC5-48D9-B471-9FB0C7F69999}.Debug|Any CPU.ActiveCfg = Debug|Any CPU
		{4DBD4C50-BEC5-48D9-B471-9FB0C7F69999}.Debug|Any CPU.Build.0 = Debug|Any CPU
		{4DBD4C50-BEC5-48D9-B471-9FB0C7F69999}.Debug|Mixed Platforms.ActiveCfg = Debug|Any CPU
		{4DBD4C50-BEC5-48D9-B471-9FB0C7F69999}.Debug|Mixed Platforms.Build.0 = Debug|Any CPU
		{4DBD4C50-BEC5-48D9-B471-9FB0C7F69999}.Debug|x86.ActiveCfg = Debug|Any CPU
		{4DBD4C50-BEC5-48D9-B471-9FB0C7F69999}.Debug|x86.Build.0 = Debug|Any CPU
		{4DBD4C50-BEC5-48D9-B471-9FB0C7F69999}.Release|Any CPU.ActiveCfg = Release|Any CPU
		{4DBD4C50-BEC5-48D9-B471-9FB0C7F69999}.Release|Any CPU.Build.0 = Release|Any CPU
		{4DBD4C50-BEC5-48D9-B471-9FB0C7F69999}.Release|Mixed Platforms.ActiveCfg = Release|Any CPU
		{4DBD4C50-BEC5-48D9-B471-9FB0C7F69999}.Release|Mixed Platforms.Build.0 = Release|Any CPU
		{4DBD4C50-BEC5-48D9-B471-9FB0C7F69999}.Release|x86.ActiveCfg = Release|Any CPU
		{4DBD4C50-BEC5-48D9-B471-9FB0C7F69999}.Release|x86.Build.0 = Release|Any CPU
		{B0776C9D-7F3D-4E6E-8C5D-5F735326C7D7}.Debug|Any CPU.ActiveCfg = Debug|Any CPU
		{B0776C9D-7F3D-4E6E-8C5D-5F735326C7D7}.Debug|Any CPU.Build.0 = Debug|Any CPU
		{B0776C9D-7F3D-4E6E-8C5D-5F735326C7D7}.Debug|Mixed Platforms.ActiveCfg = Debug|Any CPU
		{B0776C9D-7F3D-4E6E-8C5D-5F735326C7D7}.Debug|Mixed Platforms.Build.0 = Debug|Any CPU
		{B0776C9D-7F3D-4E6E-8C5D-5F735326C7D7}.Debug|x86.ActiveCfg = Debug|Any CPU
		{B0776C9D-7F3D-4E6E-8C5D-5F735326C7D7}.Debug|x86.Build.0 = Debug|Any CPU
		{B0776C9D-7F3D-4E6E-8C5D-5F735326C7D7}.Release|Any CPU.ActiveCfg = Release|Any CPU
		{B0776C9D-7F3D-4E6E-8C5D-5F735326C7D7}.Release|Any CPU.Build.0 = Release|Any CPU
		{B0776C9D-7F3D-4E6E-8C5D-5F735326C7D7}.Release|Mixed Platforms.ActiveCfg = Release|Any CPU
		{B0776C9D-7F3D-4E6E-8C5D-5F735326C7D7}.Release|Mixed Platforms.Build.0 = Release|Any CPU
		{B0776C9D-7F3D-4E6E-8C5D-5F735326C7D7}.Release|x86.ActiveCfg = Release|Any CPU
		{B0776C9D-7F3D-4E6E-8C5D-5F735326C7D7}.Release|x86.Build.0 = Release|Any CPU
		{2A98B95B-B900-485C-85F7-7CD2944612C0}.Debug|Any CPU.ActiveCfg = Debug|Any CPU
		{2A98B95B-B900-485C-85F7-7CD2944612C0}.Debug|Any CPU.Build.0 = Debug|Any CPU
		{2A98B95B-B900-485C-85F7-7CD2944612C0}.Debug|Mixed Platforms.ActiveCfg = Debug|Any CPU
		{2A98B95B-B900-485C-85F7-7CD2944612C0}.Debug|Mixed Platforms.Build.0 = Debug|Any CPU
		{2A98B95B-B900-485C-85F7-7CD2944612C0}.Debug|x86.ActiveCfg = Debug|Any CPU
		{2A98B95B-B900-485C-85F7-7CD2944612C0}.Debug|x86.Build.0 = Debug|Any CPU
		{2A98B95B-B900-485C-85F7-7CD2944612C0}.Release|Any CPU.ActiveCfg = Release|Any CPU
		{2A98B95B-B900-485C-85F7-7CD2944612C0}.Release|Any CPU.Build.0 = Release|Any CPU
		{2A98B95B-B900-485C-85F7-7CD2944612C0}.Release|Mixed Platforms.ActiveCfg = Release|Any CPU
		{2A98B95B-B900-485C-85F7-7CD2944612C0}.Release|Mixed Platforms.Build.0 = Release|Any CPU
		{2A98B95B-B900-485C-85F7-7CD2944612C0}.Release|x86.ActiveCfg = Release|Any CPU
		{2A98B95B-B900-485C-85F7-7CD2944612C0}.Release|x86.Build.0 = Release|Any CPU
		{1717C7EB-06ED-434B-BA3C-E46C9644EEDF}.Debug|Any CPU.ActiveCfg = Debug|Any CPU
		{1717C7EB-06ED-434B-BA3C-E46C9644EEDF}.Debug|Any CPU.Build.0 = Debug|Any CPU
		{1717C7EB-06ED-434B-BA3C-E46C9644EEDF}.Debug|Mixed Platforms.ActiveCfg = Debug|Any CPU
		{1717C7EB-06ED-434B-BA3C-E46C9644EEDF}.Debug|Mixed Platforms.Build.0 = Debug|Any CPU
		{1717C7EB-06ED-434B-BA3C-E46C9644EEDF}.Debug|x86.ActiveCfg = Debug|Any CPU
		{1717C7EB-06ED-434B-BA3C-E46C9644EEDF}.Debug|x86.Build.0 = Debug|Any CPU
		{1717C7EB-06ED-434B-BA3C-E46C9644EEDF}.Release|Any CPU.ActiveCfg = Release|Any CPU
		{1717C7EB-06ED-434B-BA3C-E46C9644EEDF}.Release|Any CPU.Build.0 = Release|Any CPU
		{1717C7EB-06ED-434B-BA3C-E46C9644EEDF}.Release|Mixed Platforms.ActiveCfg = Release|Any CPU
		{1717C7EB-06ED-434B-BA3C-E46C9644EEDF}.Release|Mixed Platforms.Build.0 = Release|Any CPU
		{1717C7EB-06ED-434B-BA3C-E46C9644EEDF}.Release|x86.ActiveCfg = Release|Any CPU
		{1717C7EB-06ED-434B-BA3C-E46C9644EEDF}.Release|x86.Build.0 = Release|Any CPU
		{44725E46-513F-4CFB-8196-2191399C514B}.Debug|Any CPU.ActiveCfg = Debug|Any CPU
		{44725E46-513F-4CFB-8196-2191399C514B}.Debug|Any CPU.Build.0 = Debug|Any CPU
		{44725E46-513F-4CFB-8196-2191399C514B}.Debug|Mixed Platforms.ActiveCfg = Debug|Any CPU
		{44725E46-513F-4CFB-8196-2191399C514B}.Debug|Mixed Platforms.Build.0 = Debug|Any CPU
		{44725E46-513F-4CFB-8196-2191399C514B}.Debug|x86.ActiveCfg = Debug|Any CPU
		{44725E46-513F-4CFB-8196-2191399C514B}.Debug|x86.Build.0 = Debug|Any CPU
		{44725E46-513F-4CFB-8196-2191399C514B}.Release|Any CPU.ActiveCfg = Release|Any CPU
		{44725E46-513F-4CFB-8196-2191399C514B}.Release|Any CPU.Build.0 = Release|Any CPU
		{44725E46-513F-4CFB-8196-2191399C514B}.Release|Mixed Platforms.ActiveCfg = Release|Any CPU
		{44725E46-513F-4CFB-8196-2191399C514B}.Release|Mixed Platforms.Build.0 = Release|Any CPU
		{44725E46-513F-4CFB-8196-2191399C514B}.Release|x86.ActiveCfg = Release|Any CPU
		{44725E46-513F-4CFB-8196-2191399C514B}.Release|x86.Build.0 = Release|Any CPU
		{EA460394-B868-45FB-8B7F-4096550B3113}.Debug|Any CPU.ActiveCfg = Debug|Any CPU
		{EA460394-B868-45FB-8B7F-4096550B3113}.Debug|Any CPU.Build.0 = Debug|Any CPU
		{EA460394-B868-45FB-8B7F-4096550B3113}.Debug|Mixed Platforms.ActiveCfg = Debug|Any CPU
		{EA460394-B868-45FB-8B7F-4096550B3113}.Debug|Mixed Platforms.Build.0 = Debug|Any CPU
		{EA460394-B868-45FB-8B7F-4096550B3113}.Debug|x86.ActiveCfg = Debug|Any CPU
		{EA460394-B868-45FB-8B7F-4096550B3113}.Debug|x86.Build.0 = Debug|Any CPU
		{EA460394-B868-45FB-8B7F-4096550B3113}.Release|Any CPU.ActiveCfg = Release|Any CPU
		{EA460394-B868-45FB-8B7F-4096550B3113}.Release|Any CPU.Build.0 = Release|Any CPU
		{EA460394-B868-45FB-8B7F-4096550B3113}.Release|Mixed Platforms.ActiveCfg = Release|Any CPU
		{EA460394-B868-45FB-8B7F-4096550B3113}.Release|Mixed Platforms.Build.0 = Release|Any CPU
		{EA460394-B868-45FB-8B7F-4096550B3113}.Release|x86.ActiveCfg = Release|Any CPU
		{EA460394-B868-45FB-8B7F-4096550B3113}.Release|x86.Build.0 = Release|Any CPU
		{D9A2A321-F63A-495D-905F-EF7C84E4BB81}.Debug|Any CPU.ActiveCfg = Debug|Any CPU
		{D9A2A321-F63A-495D-905F-EF7C84E4BB81}.Debug|Any CPU.Build.0 = Debug|Any CPU
		{D9A2A321-F63A-495D-905F-EF7C84E4BB81}.Debug|Mixed Platforms.ActiveCfg = Debug|Any CPU
		{D9A2A321-F63A-495D-905F-EF7C84E4BB81}.Debug|Mixed Platforms.Build.0 = Debug|Any CPU
		{D9A2A321-F63A-495D-905F-EF7C84E4BB81}.Debug|x86.ActiveCfg = Debug|Any CPU
		{D9A2A321-F63A-495D-905F-EF7C84E4BB81}.Debug|x86.Build.0 = Debug|Any CPU
		{D9A2A321-F63A-495D-905F-EF7C84E4BB81}.Release|Any CPU.ActiveCfg = Release|Any CPU
		{D9A2A321-F63A-495D-905F-EF7C84E4BB81}.Release|Any CPU.Build.0 = Release|Any CPU
		{D9A2A321-F63A-495D-905F-EF7C84E4BB81}.Release|Mixed Platforms.ActiveCfg = Release|Any CPU
		{D9A2A321-F63A-495D-905F-EF7C84E4BB81}.Release|Mixed Platforms.Build.0 = Release|Any CPU
		{D9A2A321-F63A-495D-905F-EF7C84E4BB81}.Release|x86.ActiveCfg = Release|Any CPU
		{D9A2A321-F63A-495D-905F-EF7C84E4BB81}.Release|x86.Build.0 = Release|Any CPU
		{5B810793-78E2-413C-CC05-FCDD12B7DB04}.Debug|Any CPU.ActiveCfg = Debug|Any CPU
		{5B810793-78E2-413C-CC05-FCDD12B7DB04}.Debug|Any CPU.Build.0 = Debug|Any CPU
		{5B810793-78E2-413C-CC05-FCDD12B7DB04}.Debug|Mixed Platforms.ActiveCfg = Debug|Any CPU
		{5B810793-78E2-413C-CC05-FCDD12B7DB04}.Debug|Mixed Platforms.Build.0 = Debug|Any CPU
		{5B810793-78E2-413C-CC05-FCDD12B7DB04}.Debug|x86.ActiveCfg = Debug|Any CPU
		{5B810793-78E2-413C-CC05-FCDD12B7DB04}.Debug|x86.Build.0 = Debug|Any CPU
		{5B810793-78E2-413C-CC05-FCDD12B7DB04}.Release|Any CPU.ActiveCfg = Release|Any CPU
		{5B810793-78E2-413C-CC05-FCDD12B7DB04}.Release|Any CPU.Build.0 = Release|Any CPU
		{5B810793-78E2-413C-CC05-FCDD12B7DB04}.Release|Mixed Platforms.ActiveCfg = Release|Any CPU
		{5B810793-78E2-413C-CC05-FCDD12B7DB04}.Release|Mixed Platforms.Build.0 = Release|Any CPU
		{5B810793-78E2-413C-CC05-FCDD12B7DB04}.Release|x86.ActiveCfg = Release|Any CPU
		{5B810793-78E2-413C-CC05-FCDD12B7DB04}.Release|x86.Build.0 = Release|Any CPU
		{1717C7EB-06ED-434B-BA3C-E4FF9644EEDF}.Debug|Any CPU.ActiveCfg = Debug|Any CPU
		{1717C7EB-06ED-434B-BA3C-E4FF9644EEDF}.Debug|Any CPU.Build.0 = Debug|Any CPU
		{1717C7EB-06ED-434B-BA3C-E4FF9644EEDF}.Debug|Mixed Platforms.ActiveCfg = Debug|Any CPU
		{1717C7EB-06ED-434B-BA3C-E4FF9644EEDF}.Debug|Mixed Platforms.Build.0 = Debug|Any CPU
		{1717C7EB-06ED-434B-BA3C-E4FF9644EEDF}.Debug|x86.ActiveCfg = Debug|Any CPU
		{1717C7EB-06ED-434B-BA3C-E4FF9644EEDF}.Debug|x86.Build.0 = Debug|Any CPU
		{1717C7EB-06ED-434B-BA3C-E4FF9644EEDF}.Release|Any CPU.ActiveCfg = Release|Any CPU
		{1717C7EB-06ED-434B-BA3C-E4FF9644EEDF}.Release|Any CPU.Build.0 = Release|Any CPU
		{1717C7EB-06ED-434B-BA3C-E4FF9644EEDF}.Release|Mixed Platforms.ActiveCfg = Release|Any CPU
		{1717C7EB-06ED-434B-BA3C-E4FF9644EEDF}.Release|Mixed Platforms.Build.0 = Release|Any CPU
		{1717C7EB-06ED-434B-BA3C-E4FF9644EEDF}.Release|x86.ActiveCfg = Release|Any CPU
		{1717C7EB-06ED-434B-BA3C-E4FF9644EEDF}.Release|x86.Build.0 = Release|Any CPU
		{FD266261-809F-483C-99CF-F26A7C143E52}.Debug|Any CPU.ActiveCfg = Debug|Any CPU
		{FD266261-809F-483C-99CF-F26A7C143E52}.Debug|Any CPU.Build.0 = Debug|Any CPU
		{FD266261-809F-483C-99CF-F26A7C143E52}.Debug|Mixed Platforms.ActiveCfg = Debug|Any CPU
		{FD266261-809F-483C-99CF-F26A7C143E52}.Debug|Mixed Platforms.Build.0 = Debug|Any CPU
		{FD266261-809F-483C-99CF-F26A7C143E52}.Debug|x86.ActiveCfg = Debug|Any CPU
		{FD266261-809F-483C-99CF-F26A7C143E52}.Debug|x86.Build.0 = Debug|Any CPU
		{FD266261-809F-483C-99CF-F26A7C143E52}.Release|Any CPU.ActiveCfg = Release|Any CPU
		{FD266261-809F-483C-99CF-F26A7C143E52}.Release|Any CPU.Build.0 = Release|Any CPU
		{FD266261-809F-483C-99CF-F26A7C143E52}.Release|Mixed Platforms.ActiveCfg = Release|Any CPU
		{FD266261-809F-483C-99CF-F26A7C143E52}.Release|Mixed Platforms.Build.0 = Release|Any CPU
		{FD266261-809F-483C-99CF-F26A7C143E52}.Release|x86.ActiveCfg = Release|Any CPU
		{FD266261-809F-483C-99CF-F26A7C143E52}.Release|x86.Build.0 = Release|Any CPU
		{DFD831EA-79D8-49FC-8923-3AFFDA1283B9}.Debug|Any CPU.ActiveCfg = Debug|Any CPU
		{DFD831EA-79D8-49FC-8923-3AFFDA1283B9}.Debug|Any CPU.Build.0 = Debug|Any CPU
		{DFD831EA-79D8-49FC-8923-3AFFDA1283B9}.Debug|Mixed Platforms.ActiveCfg = Debug|Any CPU
		{DFD831EA-79D8-49FC-8923-3AFFDA1283B9}.Debug|Mixed Platforms.Build.0 = Debug|Any CPU
		{DFD831EA-79D8-49FC-8923-3AFFDA1283B9}.Debug|x86.ActiveCfg = Debug|Any CPU
		{DFD831EA-79D8-49FC-8923-3AFFDA1283B9}.Debug|x86.Build.0 = Debug|Any CPU
		{DFD831EA-79D8-49FC-8923-3AFFDA1283B9}.Release|Any CPU.ActiveCfg = Release|Any CPU
		{DFD831EA-79D8-49FC-8923-3AFFDA1283B9}.Release|Any CPU.Build.0 = Release|Any CPU
		{DFD831EA-79D8-49FC-8923-3AFFDA1283B9}.Release|Mixed Platforms.ActiveCfg = Release|Any CPU
		{DFD831EA-79D8-49FC-8923-3AFFDA1283B9}.Release|Mixed Platforms.Build.0 = Release|Any CPU
		{DFD831EA-79D8-49FC-8923-3AFFDA1283B9}.Release|x86.ActiveCfg = Release|Any CPU
		{DFD831EA-79D8-49FC-8923-3AFFDA1283B9}.Release|x86.Build.0 = Release|Any CPU
		{E039B97A-FEA6-4655-94D6-32381A9F9931}.Debug|Any CPU.ActiveCfg = Debug|Any CPU
		{E039B97A-FEA6-4655-94D6-32381A9F9931}.Debug|Any CPU.Build.0 = Debug|Any CPU
		{E039B97A-FEA6-4655-94D6-32381A9F9931}.Debug|Mixed Platforms.ActiveCfg = Debug|Any CPU
		{E039B97A-FEA6-4655-94D6-32381A9F9931}.Debug|Mixed Platforms.Build.0 = Debug|Any CPU
		{E039B97A-FEA6-4655-94D6-32381A9F9931}.Debug|x86.ActiveCfg = Debug|Any CPU
		{E039B97A-FEA6-4655-94D6-32381A9F9931}.Debug|x86.Build.0 = Debug|Any CPU
		{E039B97A-FEA6-4655-94D6-32381A9F9931}.Release|Any CPU.ActiveCfg = Release|Any CPU
		{E039B97A-FEA6-4655-94D6-32381A9F9931}.Release|Any CPU.Build.0 = Release|Any CPU
		{E039B97A-FEA6-4655-94D6-32381A9F9931}.Release|Mixed Platforms.ActiveCfg = Release|Any CPU
		{E039B97A-FEA6-4655-94D6-32381A9F9931}.Release|Mixed Platforms.Build.0 = Release|Any CPU
		{E039B97A-FEA6-4655-94D6-32381A9F9931}.Release|x86.ActiveCfg = Release|Any CPU
		{E039B97A-FEA6-4655-94D6-32381A9F9931}.Release|x86.Build.0 = Release|Any CPU
	EndGlobalSection
	GlobalSection(SolutionProperties) = preSolution
		HideSolutionNode = FALSE
	EndGlobalSection
	GlobalSection(NestedProjects) = preSolution
		{D30D7194-59AD-4B6F-8DB9-F1CCE0483E99} = {D60671B4-A7D3-4550-BDEE-6BA70CD35B5B}
		{6BCE96BF-7EDF-48C2-ADE3-8925BF9E107F} = {D60671B4-A7D3-4550-BDEE-6BA70CD35B5B}
		{849C084E-68A5-45C7-A18B-85077E212E9B} = {D60671B4-A7D3-4550-BDEE-6BA70CD35B5B}
		{B69C2F31-5161-47BB-9FD3-2F2F2BCBF659} = {D032B24A-CE3A-4881-BACE-CC4FE0AFD69D}
		{75A12A8A-8C8F-4D1E-801B-689D8F781BF4} = {DDBC7F79-A2A1-4D92-9AE7-ADDC838F1E5E}
		{27A3C89C-1967-45FF-A77E-94F44995C42C} = {E808AF53-3054-497B-B7C5-DEA4FDED0806}
		{4DBD4C50-BEC5-48D9-B471-9FB0A7F69999} = {FF773BDF-A20C-4A5F-BFF9-F422C2AFF3CE}
		{D89972FD-A930-4D0C-B393-1895E78FAFAB} = {FF773BDF-A20C-4A5F-BFF9-F422C2AFF3CE}
		{6509477A-7360-4937-A1B9-26FED0A75CDA} = {FF773BDF-A20C-4A5F-BFF9-F422C2AFF3CE}
		{BE9A5A27-22C4-4664-A8BD-388B30B5972C} = {D032B24A-CE3A-4881-BACE-CC4FE0AFD69D}
		{631BC4F3-E2D8-4319-814C-13904CAA17CE} = {E808AF53-3054-497B-B7C5-DEA4FDED0806}
		{FF099D48-3FA5-4ED6-BBA0-1497D734962A} = {FF773BDF-A20C-4A5F-BFF9-F422C2AFF3CE}
		{A47B7998-4EE8-4AF8-9373-C664FDEDDC65} = {3C5A2C4B-FD05-42B3-B6C6-C366DF978A62}
		{F970F8CB-8FF1-4244-9A31-D00C6D7AABE5} = {DDBC7F79-A2A1-4D92-9AE7-ADDC838F1E5E}
		{0B1011A6-8FCD-4F9E-BBB8-8DB86E23D2E8} = {DDBC7F79-A2A1-4D92-9AE7-ADDC838F1E5E}
		{49D8DA65-FC99-4C63-ADC6-1B07260F674F} = {D032B24A-CE3A-4881-BACE-CC4FE0AFD69D}
		{540BEAC7-A2C3-4C46-9F4A-E6E1DF4EF6FC} = {DDBC7F79-A2A1-4D92-9AE7-ADDC838F1E5E}
		{65F7691A-B355-4D98-BB97-0B19F13E2190} = {90065B0F-1BFE-40D8-AED5-11096B2535B0}
		{F445DB8E-E25A-41EF-A158-C742F14E94E4} = {AB88960E-B233-475B-96E4-8C10EEF8622C}
		{DE30CBE9-50F3-4A3E-BCC9-A8A36348530E} = {AB88960E-B233-475B-96E4-8C10EEF8622C}
		{B21130AE-311F-4F15-B763-0E91EE4C9646} = {1AB7FA6A-829C-4DCF-BCA6-A27156D8DA26}
		{067AAB6B-447A-45BA-9E0D-DFEA886B4F69} = {88D3D1D0-85D2-4301-A9EA-3F964CB05415}
		{F1776FF2-A727-4FAF-B6BE-D37D6B019038} = {1AB7FA6A-829C-4DCF-BCA6-A27156D8DA26}
		{5B810793-78E2-413C-AA05-FCDD12B7DB04} = {90065B0F-1BFE-40D8-AED5-11096B2535B0}
		{DFD831EA-79D8-49FC-8923-3AFFDA1283B6} = {D032B24A-CE3A-4881-BACE-CC4FE0AFD69D}
		{577B8294-334B-4E02-BE1A-CBA8ABAF8939} = {1AB7FA6A-829C-4DCF-BCA6-A27156D8DA26}
		{C286833F-D1CD-4618-98E7-F3A5BA9ECFA1} = {DDBC7F79-A2A1-4D92-9AE7-ADDC838F1E5E}
		{4CFF6607-4D83-46E6-A1D0-EF045311C98B} = {FF773BDF-A20C-4A5F-BFF9-F422C2AFF3CE}
		{599D1C00-7C78-4211-A958-1285C4CB76C9} = {3C5A2C4B-FD05-42B3-B6C6-C366DF978A62}
		{0FB92651-3EE8-441D-84F2-C4DFDA68E8A5} = {AB88960E-B233-475B-96E4-8C10EEF8622C}
		{577B8294-334B-4E02-BE3A-CBA8ABAF8939} = {1AB7FA6A-829C-4DCF-BCA6-A27156D8DA26}
		{5F30A68E-05BF-40EA-B576-5EBCDE520559} = {DDBC7F79-A2A1-4D92-9AE7-ADDC838F1E5E}
		{5A813793-78E2-413C-AA05-FCDD12B7DB04} = {90065B0F-1BFE-40D8-AED5-11096B2535B0}
		{AD653B6B-EBC7-4E69-93F7-FADA40462648} = {88D3D1D0-85D2-4301-A9EA-3F964CB05415}
		{7B8FBA4E-D6AC-4DAD-A607-43BA112F8EC1} = {90065B0F-1BFE-40D8-AED5-11096B2535B0}
		{65866A51-B229-44C5-AC81-87A90FA1741C} = {DDBC7F79-A2A1-4D92-9AE7-ADDC838F1E5E}
		{B69C2F31-5161-47BB-9FD3-2F2F2BCCF659} = {D032B24A-CE3A-4881-BACE-CC4FE0AFD69D}
		{3BF17C10-A1FB-4517-923E-B609C2FD8282} = {90065B0F-1BFE-40D8-AED5-11096B2535B0}
		{B69C2F31-5161-47AA-9FD3-2F2F2BCCF659} = {90065B0F-1BFE-40D8-AED5-11096B2535B0}
		{77961864-DB33-4189-804F-D774022C96E2} = {3C5A2C4B-FD05-42B3-B6C6-C366DF978A62}
		{A8765C3C-1194-4A3A-8579-745CA47C36D3} = {AC7C3CDA-E0E8-408C-BB32-DBCBB905E3E1}
		{4DBD4C50-BEC5-48D9-B471-9FB0C7F69999} = {FF773BDF-A20C-4A5F-BFF9-F422C2AFF3CE}
		{B0776C9D-7F3D-4E6E-8C5D-5F735326C7D7} = {88D3D1D0-85D2-4301-A9EA-3F964CB05415}
		{2A98B95B-B900-485C-85F7-7CD2944612C0} = {88D3D1D0-85D2-4301-A9EA-3F964CB05415}
		{1717C7EB-06ED-434B-BA3C-E46C9644EEDF} = {AC7C3CDA-E0E8-408C-BB32-DBCBB905E3E1}
		{44725E46-513F-4CFB-8196-2191399C514B} = {1AB7FA6A-829C-4DCF-BCA6-A27156D8DA26}
		{EA460394-B868-45FB-8B7F-4096550B3113} = {1AB7FA6A-829C-4DCF-BCA6-A27156D8DA26}
		{D9A2A321-F63A-495D-905F-EF7C84E4BB81} = {D032B24A-CE3A-4881-BACE-CC4FE0AFD69D}
		{5B810793-78E2-413C-CC05-FCDD12B7DB04} = {90065B0F-1BFE-40D8-AED5-11096B2535B0}
		{1717C7EB-06ED-434B-BA3C-E4FF9644EEDF} = {AC7C3CDA-E0E8-408C-BB32-DBCBB905E3E1}
		{FD266261-809F-483C-99CF-F26A7C143E52} = {1F29608A-4C39-42C7-B981-154F92B9EDAC}
		{DFD831EA-79D8-49FC-8923-3AFFDA1283B9} = {D032B24A-CE3A-4881-BACE-CC4FE0AFD69D}
		{E039B97A-FEA6-4655-94D6-32381A9F9931} = {1AB7FA6A-829C-4DCF-BCA6-A27156D8DA26}
	EndGlobalSection
EndGlobal
