
Microsoft Visual Studio Solution File, Format Version 12.00
# Visual Studio 15
Project("{FAE04EC0-301F-11D3-BF4B-00C04F79EFBC}") = "Mosa.Tool.Mosactl", "Mosa.Tool.Mosactl/Mosa.Tool.Mosactl.csproj", "{BB0BFCBE-EC7B-4EDF-868C-9289B729C95D}"
EndProject
Global
	GlobalSection(SolutionConfigurationPlatforms) = preSolution
		Debug|Any CPU = Debug|Any CPU
		Release|Any CPU = Release|Any CPU
	EndGlobalSection
	GlobalSection(ProjectConfigurationPlatforms) = postSolution
		{BB0BFCBE-EC7B-4EDF-868C-9289B729C95D}.Debug|Any CPU.ActiveCfg = Debug|Any CPU
		{BB0BFCBE-EC7B-4EDF-868C-9289B729C95D}.Debug|Any CPU.Build.0 = Debug|Any CPU
		{BB0BFCBE-EC7B-4EDF-868C-9289B729C95D}.Release|Any CPU.ActiveCfg = Release|Any CPU
		{BB0BFCBE-EC7B-4EDF-868C-9289B729C95D}.Release|Any CPU.Build.0 = Release|Any CPU
	EndGlobalSection
EndGlobal
