Microsoft Visual Studio Solution File, Format Version 11.00
# Visual Studio 2010
Project("{2150E333-8FDC-42A3-9474-1A3956D46DE8}") = "Platforms", "Platforms", "{AB88960E-B233-475B-96E4-8C10EEF8622C}"
EndProject
Project("{2150E333-8FDC-42A3-9474-1A3956D46DE8}") = "Tests", "Tests", "{88D3D1D0-85D2-4301-A9EA-3F964CB05415}"
EndProject
Project("{2150E333-8FDC-42A3-9474-1A3956D46DE8}") = "Tools", "Tools", "{D032B24A-CE3A-4881-BACE-CC4FE0AFD69D}"
EndProject
Project("{2150E333-8FDC-42A3-9474-1A3956D46DE8}") = "OS", "OS", "{1AB7FA6A-829C-4DCF-BCA6-A27156D8DA26}"
EndProject
Project("{2150E333-8FDC-42A3-9474-1A3956D46DE8}") = "Emulation", "Emulation", "{16A382BF-94CC-4FBB-B791-35E77DE849A8}"
EndProject
Project("{2150E333-8FDC-42A3-9474-1A3956D46DE8}") = "Pictor", "Pictor", "{F4796AD7-8EE0-4EF7-B05D-D7C5B291F65B}"
EndProject
Project("{2150E333-8FDC-42A3-9474-1A3956D46DE8}") = "Mono", "Mono", "{30F29437-8AC3-44F2-89FA-3C35804CC2A8}"
EndProject
Project("{2150E333-8FDC-42A3-9474-1A3956D46DE8}") = "Kernel", "Kernel", "{FF773BDF-A20C-4A5F-BFF9-F422C2AFF3CE}"
EndProject
Project("{FAE04EC0-301F-11D3-BF4B-00C04F79EFBC}") = "Mosa.Tool.Compiler", "Mosa.Tool.Compiler\Mosa.Tool.Compiler.csproj", "{B69C2F31-5161-47BB-9FD3-2F2F2BCBF659}"
EndProject
Project("{FAE04EC0-301F-11D3-BF4B-00C04F79EFBC}") = "Mosa.Compiler.Framework", "Mosa.Compiler.Framework\Mosa.Compiler.Framework.csproj", "{75A12A8A-8C8F-4D1E-801B-689D8F781BF4}"
EndProject
Project("{FAE04EC0-301F-11D3-BF4B-00C04F79EFBC}") = "Mosa.ClassLib", "Mosa.ClassLib\Mosa.ClassLib.csproj", "{27A3C89C-1967-45FF-A77E-94F44995C42C}"
EndProject
Project("{FAE04EC0-301F-11D3-BF4B-00C04F79EFBC}") = "Mosa.DeviceDrivers", "Mosa.DeviceDrivers\Mosa.DeviceDrivers.csproj", "{4DBD4C50-BEC5-48D9-B471-9FB0A7F69999}"
EndProject
Project("{FAE04EC0-301F-11D3-BF4B-00C04F79EFBC}") = "Mosa.FileSystem", "Mosa.FileSystem\Mosa.FileSystem.csproj", "{D89972FD-A930-4D0C-B393-1895E78FAFAB}"
EndProject
Project("{FAE04EC0-301F-11D3-BF4B-00C04F79EFBC}") = "Mosa.DeviceSystem", "Mosa.DeviceSystem\Mosa.DeviceSystem.csproj", "{6509477A-7360-4937-A1B9-26FED0A75CDA}"
EndProject
Project("{FAE04EC0-301F-11D3-BF4B-00C04F79EFBC}") = "Mosa.Emulator", "Mosa.Emulator\Mosa.Emulator.csproj", "{65D89ED3-D999-4E8F-BB82-F470F7EC06E4}"
EndProject
Project("{FAE04EC0-301F-11D3-BF4B-00C04F79EFBC}") = "Mosa.EmulatedDevices", "Mosa.EmulatedDevices\Mosa.EmulatedDevices.csproj", "{4BCC3783-8374-4E44-A843-22C0C5624C92}"
EndProject
Project("{FAE04EC0-301F-11D3-BF4B-00C04F79EFBC}") = "Mosa.EmulatedKernel", "Mosa.EmulatedKernel\Mosa.EmulatedKernel.csproj", "{A6C1F330-B858-44DE-89E6-C89D2B80DA62}"
EndProject
Project("{FAE04EC0-301F-11D3-BF4B-00C04F79EFBC}") = "Pictor", "Pictor\Pictor.csproj", "{1D756AD8-07A2-44F3-9A69-B6573A339CB4}"
EndProject
Project("{FAE04EC0-301F-11D3-BF4B-00C04F79EFBC}") = "Pictor.UI", "Pictor.UI\Pictor.UI.csproj", "{79BA50A4-B1A8-45E0-B6C2-65FDC165C147}"
EndProject
Project("{FAE04EC0-301F-11D3-BF4B-00C04F79EFBC}") = "Mosa.Tool.XMLTo", "Mosa.Tool.XmlTo\Mosa.Tool.XMLTo.csproj", "{0647E3DC-6386-4457-AFAC-CEF32F7E031E}"
EndProject
Project("{FAE04EC0-301F-11D3-BF4B-00C04F79EFBC}") = "Mosa.Tool.MakeIsoImage", "Mosa.Tool.MakeIsoImage\Mosa.Tool.MakeIsoImage.csproj", "{7EB8E856-2D85-44BA-8F90-201C8D1A17EA}"
EndProject
Project("{FAE04EC0-301F-11D3-BF4B-00C04F79EFBC}") = "Mosa.Tool.CreateBootImage", "Mosa.Tool.CreateBootImage\Mosa.Tool.CreateBootImage.csproj", "{BE9A5A27-22C4-4664-A8BD-388B30B5972C}"
EndProject
Project("{FAE04EC0-301F-11D3-BF4B-00C04F79EFBC}") = "Korlib", "Korlib\Korlib.csproj", "{631BC4F3-E2D8-4319-814C-13904CAA17CE}"
EndProject
Project("{FAE04EC0-301F-11D3-BF4B-00C04F79EFBC}") = "Mosa.Kernel.x86", "Mosa.Kernel.x86\Mosa.Kernel.x86.csproj", "{FF099D48-3FA5-4ED6-BBA0-1497D734962A}"
EndProject
Project("{2150E333-8FDC-42A3-9474-1A3956D46DE8}") = "Libraries", "Libraries", "{E808AF53-3054-497B-B7C5-DEA4FDED0806}"
EndProject
Project("{FAE04EC0-301F-11D3-BF4B-00C04F79EFBC}") = "Mosa.Platform.x86.Intrinsic", "Mosa.Platform.x86.Intrinsic\Mosa.Platform.x86.Intrinsic.csproj", "{A47B7998-4EE8-4AF8-9373-C664FDEDDC65}"
EndProject
Project("{FAE04EC0-301F-11D3-BF4B-00C04F79EFBC}") = "Mosa.Test.Prebuilt", "Mosa.Test.Prebuilt\Mosa.Test.Prebuilt.csproj", "{F9043097-AD68-4E7E-AD16-853A7DB2ECDD}"
EndProject
Project("{FAE04EC0-301F-11D3-BF4B-00C04F79EFBC}") = "Mosa.Test.System", "Mosa.Test.System\Mosa.Test.System.csproj", "{AD653B6B-EBB7-4E69-93F7-FADA40462648}"
EndProject
Project("{FAE04EC0-301F-11D3-BF4B-00C04F79EFBC}") = "Mosa.Compiler.Metadata", "Mosa.Compiler.Metadata\Mosa.Compiler.Metadata.csproj", "{7033B213-2055-4C6A-B008-D9856267F5D7}"
EndProject
Project("{FAE04EC0-301F-11D3-BF4B-00C04F79EFBC}") = "Mosa.Test.Runtime", "Mosa.Test.Runtime\Mosa.Test.Runtime.csproj", "{76CD55B8-DB16-4DF5-849C-8E2CBEF8A81B}"
EndProject
Project("{FAE04EC0-301F-11D3-BF4B-00C04F79EFBC}") = "Mosa.Test.Debug", "Mosa.Test.Debug\Mosa.Test.Debug.csproj", "{38D90F00-5CFB-4AF8-85CE-84FCCE20123F}"
EndProject
Project("{FAE04EC0-301F-11D3-BF4B-00C04F79EFBC}") = "Mosa.Test.Cases", "Mosa.Test.Cases\Mosa.Test.Cases.csproj", "{68F4256D-C291-4365-BC09-AE49B902AE59}"
EndProject
Project("{2150E333-8FDC-42A3-9474-1A3956D46DE8}") = "Compiler", "Compiler", "{DDBC7F79-A2A1-4D92-9AE7-ADDC838F1E5E}"
EndProject
Project("{FAE04EC0-301F-11D3-BF4B-00C04F79EFBC}") = "Mosa.Compiler.Pdb", "Mosa.Compiler.Pdb\Mosa.Compiler.Pdb.csproj", "{F970F8CB-8FF1-4244-9A31-D00C6D7AABE5}"
EndProject
Project("{FAE04EC0-301F-11D3-BF4B-00C04F79EFBC}") = "Mosa.Compiler.LinkerFormat", "Mosa.Compiler.LinkerFormat\Mosa.Compiler.LinkerFormat.csproj", "{CC2E6418-C325-4486-B50D-941EC27053F6}"
EndProject
Project("{FAE04EC0-301F-11D3-BF4B-00C04F79EFBC}") = "Mosa.Compiler.Linker", "Mosa.Compiler.Linker\Mosa.Compiler.Linker.csproj", "{65866A51-B229-44C5-AC81-87A90FA1741B}"
EndProject
Project("{FAE04EC0-301F-11D3-BF4B-00C04F79EFBC}") = "Mosa.Test.Quick", "Mosa.Test.Quick\Mosa.Test.Quick.csproj", "{038DC96D-021B-41E6-867E-047598F92ED3}"
EndProject
Project("{FAE04EC0-301F-11D3-BF4B-00C04F79EFBC}") = "Mosa.Compiler.Common", "Mosa.Compiler.Common\Mosa.Compiler.Common.csproj", "{0B1011A6-8FCD-4F9E-BBB8-8DB86E23D2E8}"
EndProject
Project("{FAE04EC0-301F-11D3-BF4B-00C04F79EFBC}") = "Mosa.Compiler.TypeSystem", "Mosa.Compiler.TypeSystem\Mosa.Compiler.TypeSystem.csproj", "{5F30A68E-05BF-40EA-B576-5EBCDE520449}"
EndProject
Project("{FAE04EC0-301F-11D3-BF4B-00C04F79EFBC}") = "Mosa.Tool.TypeExplorer", "Mosa.Tool.TypeExplorer\Mosa.Tool.TypeExplorer.csproj", "{49D8DA65-FC99-4C63-ADC6-1B07260F674F}"
EndProject
Project("{FAE04EC0-301F-11D3-BF4B-00C04F79EFBC}") = "Mosa.Tool.MetadataExplorer", "Mosa.Tool.MetadataExplorer\Mosa.Tool.MetadataExplorer.csproj", "{59A68DB8-5C96-45BB-889A-DD35486E9077}"
EndProject
Project("{FAE04EC0-301F-11D3-BF4B-00C04F79EFBC}") = "Mosa.Test.CodeDomCompiler", "Mosa.Test.CodeDomCompiler\Mosa.Test.CodeDomCompiler.csproj", "{7B8FBA4E-D6AC-4DAD-A607-43BA112F8EC1}"
EndProject
Project("{FAE04EC0-301F-11D3-BF4B-00C04F79EFBC}") = "Mosa.Compiler.InternalTrace", "Mosa.Compiler.InternalTrace\Mosa.Compiler.InternalTrace.csproj", "{540BEAC7-A2C3-4C46-9F4A-E6E1DF4EF6FC}"
EndProject
Project("{FAE04EC0-301F-11D3-BF4B-00C04F79EFBC}") = "Mosa.Compiler.Verifier", "Mosa.Compiler.Verifier\Mosa.Compiler.Verifier.csproj", "{5EB8CFE8-69AD-4B79-9E21-FDED65A8EA3F}"
EndProject
Project("{FAE04EC0-301F-11D3-BF4B-00C04F79EFBC}") = "Mosa.Tool.Verifier", "Mosa.Tool.Verifier\Mosa.Tool.Verifier.csproj", "{3ED7292C-9CBD-40EB-A22D-E9A104917DD2}"
EndProject
Project("{FAE04EC0-301F-11D3-BF4B-00C04F79EFBC}") = "Mosa.Tool.Mono.CreateProject", "Mosa.Tool.Mono\Mosa.Tool.Mono.CreateProject\Mosa.Tool.Mono.CreateProject.csproj", "{17DA1FF2-7414-4E25-8053-F3880C045877}"
EndProject
Project("{FAE04EC0-301F-11D3-BF4B-00C04F79EFBC}") = "Mosa.Tool.Mono.UpdateProject", "Mosa.Tool.Mono\Mosa.Tool.Mono.UpdateProject\Mosa.Tool.Mono.UpdateProject.csproj", "{59C6CA03-8473-47BA-B074-242257D2B910}"
EndProject
Project("{FAE04EC0-301F-11D3-BF4B-00C04F79EFBC}") = "Mosa.Tool.Mono.UpdateSource", "Mosa.Tool.Mono\Mosa.Tool.Mono.UpdateSource\Mosa.Tool.Mono.UpdateSource.csproj", "{22FFE0F3-1131-4227-9311-AA138A4159A8}"
EndProject
Project("{2150E333-8FDC-42A3-9474-1A3956D46DE8}") = "Utilities", "Utilities", "{90065B0F-1BFE-40D8-AED5-11096B2535B0}"
EndProject
Project("{FAE04EC0-301F-11D3-BF4B-00C04F79EFBC}") = "Mosa.Utility.BootImage", "Mosa.Utility.BootImage\Mosa.Utility.BootImage.csproj", "{65F7691A-B355-4D98-BB97-0B19F13E2190}"
EndProject
Project("{FAE04EC0-301F-11D3-BF4B-00C04F79EFBC}") = "Mosa.Utility.IsoImage", "Mosa.Utility.IsoImage\Mosa.Utility.IsoImage.csproj", "{3BF17C10-F7FB-4517-923E-B609C2FD8282}"
EndProject
Project("{FAE04EC0-301F-11D3-BF4B-00C04F79EFBC}") = "Mosa.Platform.AVR32", "Mosa.Platform.AVR32\Mosa.Platform.AVR32.csproj", "{F3BB1082-13E3-4B37-ABF4-A3E42C9E7ED9}"
EndProject
Project("{FAE04EC0-301F-11D3-BF4B-00C04F79EFBC}") = "Mosa.Platform.ARM", "Mosa.Platform.ARM\Mosa.Platform.ARM.csproj", "{A9618E8B-E94D-4FE1-9AC7-E9B1A98456BB}"
EndProject
Project("{FAE04EC0-301F-11D3-BF4B-00C04F79EFBC}") = "Mosa.Platform.x64", "Mosa.Platform.x64\Mosa.Platform.x64.csproj", "{F445DB8E-E25A-41EF-A158-C742F14E94E4}"
EndProject
Project("{FAE04EC0-301F-11D3-BF4B-00C04F79EFBC}") = "Mosa.Internal.Plug", "Mosa.Internal.Plug\Mosa.Internal.Plug.csproj", "{77961864-DB33-4189-804F-D774022C96E2}"
EndProject
Project("{FAE04EC0-301F-11D3-BF4B-00C04F79EFBC}") = "Mosa.Kernel.AVR32", "Mosa.Kernel.AVR32\Mosa.Kernel.AVR32.csproj", "{4CFF6607-4D83-46E6-A1D0-EF945311C98B}"
EndProject
Project("{FAE04EC0-301F-11D3-BF4B-00C04F79EFBC}") = "Mosa.Platform.AVR32.Intrinsic", "Mosa.Platform.AVR32.Intrinsic\Mosa.Platform.AVR32.Intrinsic.csproj", "{599D1C00-7C78-4801-A958-1285C4CB76C9}"
EndProject
Project("{FAE04EC0-301F-11D3-BF4B-00C04F79EFBC}") = "Mosa.HelloWorld.AVR32", "Mosa.HelloWorld.AVR32\Mosa.HelloWorld.AVR32.csproj", "{F5C47C68-67C3-47D2-8846-DD817C2E3999}"
EndProject
Project("{FAE04EC0-301F-11D3-BF4B-00C04F79EFBC}") = "Mosa.Platform.x86", "Mosa.Platform.x86\Mosa.Platform.x86.csproj", "{DE30CBE9-50F3-4A3E-BCC9-A8A36348530E}"
EndProject
Project("{FAE04EC0-301F-11D3-BF4B-00C04F79EFBC}") = "Mosa.Test.Compiler.Framework", "Mosa.Test.Compiler.Framework\Mosa.Test.Compiler.Framework.csproj", "{C286833F-D1CD-4618-98F7-F3A5BA9ECFA1}"
EndProject
Project("{FAE04EC0-301F-11D3-BF4B-00C04F79EFBC}") = "Mosa.CoolWorld.x86", "Mosa.CoolWorld.x86\Mosa.CoolWorld.x86.csproj", "{B21130AE-311F-4F15-B763-0E91EE4C9646}"
EndProject
Project("{FAE04EC0-301F-11D3-BF4B-00C04F79EFBC}") = "Mosa.Test.Collection", "Mosa.Test.Collection\Mosa.Test.Collection.csproj", "{067AAB6B-447A-45BA-9E0D-DFEA886B4F69}"
EndProject
Project("{FAE04EC0-301F-11D3-BF4B-00C04F79EFBC}") = "Mosa.HelloWorld.x86", "Mosa.HelloWorld.x86\Mosa.HelloWorld.x86.csproj", "{F1776FF2-A727-4FAF-B6BE-D37D6B019038}"
EndProject
Project("{FAE04EC0-301F-11D3-BF4B-00C04F79EFBC}") = "Mosa.Utility.DebugEngine", "Mosa.Utility.DebugEngine\Mosa.Utility.DebugEngine.csproj", "{5B810793-78E2-413C-AA05-FCDD12B7DB04}"
EndProject
Project("{FAE04EC0-301F-11D3-BF4B-00C04F79EFBC}") = "Mosa.Tool.Debugger", "Mosa.Tool.Debugger\Mosa.Tool.Debugger.csproj", "{DFD831EA-79D8-49FC-8923-3AFFDA1283B6}"
EndProject
Global
	GlobalSection(SolutionConfigurationPlatforms) = preSolution
		Debug|Any CPU = Debug|Any CPU
		Debug|Mixed Platforms = Debug|Mixed Platforms
		Debug|x86 = Debug|x86
		Release|Any CPU = Release|Any CPU
		Release|Mixed Platforms = Release|Mixed Platforms
		Release|x86 = Release|x86
		Description = MOSA Project
	EndGlobalSection
	GlobalSection(ProjectConfigurationPlatforms) = postSolution
		{B69C2F31-5161-47BB-9FD3-2F2F2BCBF659}.Debug|Any CPU.ActiveCfg = Debug|Any CPU
		{B69C2F31-5161-47BB-9FD3-2F2F2BCBF659}.Debug|Any CPU.Build.0 = Debug|Any CPU
		{B69C2F31-5161-47BB-9FD3-2F2F2BCBF659}.Debug|Mixed Platforms.ActiveCfg = Debug|Any CPU
		{B69C2F31-5161-47BB-9FD3-2F2F2BCBF659}.Debug|Mixed Platforms.Build.0 = Debug|Any CPU
		{B69C2F31-5161-47BB-9FD3-2F2F2BCBF659}.Debug|x86.ActiveCfg = Debug|Any CPU
		{B69C2F31-5161-47BB-9FD3-2F2F2BCBF659}.Release|Any CPU.ActiveCfg = Release|Any CPU
		{B69C2F31-5161-47BB-9FD3-2F2F2BCBF659}.Release|Any CPU.Build.0 = Release|Any CPU
		{B69C2F31-5161-47BB-9FD3-2F2F2BCBF659}.Release|Mixed Platforms.ActiveCfg = Release|Any CPU
		{B69C2F31-5161-47BB-9FD3-2F2F2BCBF659}.Release|Mixed Platforms.Build.0 = Release|Any CPU
		{B69C2F31-5161-47BB-9FD3-2F2F2BCBF659}.Release|x86.ActiveCfg = Release|Any CPU
		{75A12A8A-8C8F-4D1E-801B-689D8F781BF4}.Debug|Any CPU.ActiveCfg = Debug|Any CPU
		{75A12A8A-8C8F-4D1E-801B-689D8F781BF4}.Debug|Any CPU.Build.0 = Debug|Any CPU
		{75A12A8A-8C8F-4D1E-801B-689D8F781BF4}.Debug|Mixed Platforms.ActiveCfg = Debug|Any CPU
		{75A12A8A-8C8F-4D1E-801B-689D8F781BF4}.Debug|Mixed Platforms.Build.0 = Debug|Any CPU
		{75A12A8A-8C8F-4D1E-801B-689D8F781BF4}.Debug|x86.ActiveCfg = Debug|Any CPU
		{75A12A8A-8C8F-4D1E-801B-689D8F781BF4}.Release|Any CPU.ActiveCfg = Release|Any CPU
		{75A12A8A-8C8F-4D1E-801B-689D8F781BF4}.Release|Any CPU.Build.0 = Release|Any CPU
		{75A12A8A-8C8F-4D1E-801B-689D8F781BF4}.Release|Mixed Platforms.ActiveCfg = Release|Any CPU
		{75A12A8A-8C8F-4D1E-801B-689D8F781BF4}.Release|Mixed Platforms.Build.0 = Release|Any CPU
		{75A12A8A-8C8F-4D1E-801B-689D8F781BF4}.Release|x86.ActiveCfg = Release|Any CPU
		{27A3C89C-1967-45FF-A77E-94F44995C42C}.Debug|Any CPU.ActiveCfg = Debug|Any CPU
		{27A3C89C-1967-45FF-A77E-94F44995C42C}.Debug|Any CPU.Build.0 = Debug|Any CPU
		{27A3C89C-1967-45FF-A77E-94F44995C42C}.Debug|Mixed Platforms.ActiveCfg = Debug|Any CPU
		{27A3C89C-1967-45FF-A77E-94F44995C42C}.Debug|Mixed Platforms.Build.0 = Debug|Any CPU
		{27A3C89C-1967-45FF-A77E-94F44995C42C}.Debug|x86.ActiveCfg = Debug|Any CPU
		{27A3C89C-1967-45FF-A77E-94F44995C42C}.Release|Any CPU.ActiveCfg = Release|Any CPU
		{27A3C89C-1967-45FF-A77E-94F44995C42C}.Release|Any CPU.Build.0 = Release|Any CPU
		{27A3C89C-1967-45FF-A77E-94F44995C42C}.Release|Mixed Platforms.ActiveCfg = Release|Any CPU
		{27A3C89C-1967-45FF-A77E-94F44995C42C}.Release|Mixed Platforms.Build.0 = Release|Any CPU
		{27A3C89C-1967-45FF-A77E-94F44995C42C}.Release|x86.ActiveCfg = Release|Any CPU
		{4DBD4C50-BEC5-48D9-B471-9FB0A7F69999}.Debug|Any CPU.ActiveCfg = Debug|Any CPU
		{4DBD4C50-BEC5-48D9-B471-9FB0A7F69999}.Debug|Any CPU.Build.0 = Debug|Any CPU
		{4DBD4C50-BEC5-48D9-B471-9FB0A7F69999}.Debug|Mixed Platforms.ActiveCfg = Debug|Any CPU
		{4DBD4C50-BEC5-48D9-B471-9FB0A7F69999}.Debug|Mixed Platforms.Build.0 = Debug|Any CPU
		{4DBD4C50-BEC5-48D9-B471-9FB0A7F69999}.Debug|x86.ActiveCfg = Debug|Any CPU
		{4DBD4C50-BEC5-48D9-B471-9FB0A7F69999}.Release|Any CPU.ActiveCfg = Release|Any CPU
		{4DBD4C50-BEC5-48D9-B471-9FB0A7F69999}.Release|Any CPU.Build.0 = Release|Any CPU
		{4DBD4C50-BEC5-48D9-B471-9FB0A7F69999}.Release|Mixed Platforms.ActiveCfg = Release|Any CPU
		{4DBD4C50-BEC5-48D9-B471-9FB0A7F69999}.Release|Mixed Platforms.Build.0 = Release|Any CPU
		{4DBD4C50-BEC5-48D9-B471-9FB0A7F69999}.Release|x86.ActiveCfg = Release|Any CPU
		{D89972FD-A930-4D0C-B393-1895E78FAFAB}.Debug|Any CPU.ActiveCfg = Debug|Any CPU
		{D89972FD-A930-4D0C-B393-1895E78FAFAB}.Debug|Any CPU.Build.0 = Debug|Any CPU
		{D89972FD-A930-4D0C-B393-1895E78FAFAB}.Debug|Mixed Platforms.ActiveCfg = Debug|Any CPU
		{D89972FD-A930-4D0C-B393-1895E78FAFAB}.Debug|Mixed Platforms.Build.0 = Debug|Any CPU
		{D89972FD-A930-4D0C-B393-1895E78FAFAB}.Debug|x86.ActiveCfg = Debug|Any CPU
		{D89972FD-A930-4D0C-B393-1895E78FAFAB}.Release|Any CPU.ActiveCfg = Release|Any CPU
		{D89972FD-A930-4D0C-B393-1895E78FAFAB}.Release|Any CPU.Build.0 = Release|Any CPU
		{D89972FD-A930-4D0C-B393-1895E78FAFAB}.Release|Mixed Platforms.ActiveCfg = Release|Any CPU
		{D89972FD-A930-4D0C-B393-1895E78FAFAB}.Release|Mixed Platforms.Build.0 = Release|Any CPU
		{D89972FD-A930-4D0C-B393-1895E78FAFAB}.Release|x86.ActiveCfg = Release|Any CPU
		{6509477A-7360-4937-A1B9-26FED0A75CDA}.Debug|Any CPU.ActiveCfg = Debug|Any CPU
		{6509477A-7360-4937-A1B9-26FED0A75CDA}.Debug|Any CPU.Build.0 = Debug|Any CPU
		{6509477A-7360-4937-A1B9-26FED0A75CDA}.Debug|Mixed Platforms.ActiveCfg = Debug|Any CPU
		{6509477A-7360-4937-A1B9-26FED0A75CDA}.Debug|Mixed Platforms.Build.0 = Debug|Any CPU
		{6509477A-7360-4937-A1B9-26FED0A75CDA}.Debug|x86.ActiveCfg = Debug|Any CPU
		{6509477A-7360-4937-A1B9-26FED0A75CDA}.Release|Any CPU.ActiveCfg = Release|Any CPU
		{6509477A-7360-4937-A1B9-26FED0A75CDA}.Release|Any CPU.Build.0 = Release|Any CPU
		{6509477A-7360-4937-A1B9-26FED0A75CDA}.Release|Mixed Platforms.ActiveCfg = Release|Any CPU
		{6509477A-7360-4937-A1B9-26FED0A75CDA}.Release|Mixed Platforms.Build.0 = Release|Any CPU
		{6509477A-7360-4937-A1B9-26FED0A75CDA}.Release|x86.ActiveCfg = Release|Any CPU
		{65D89ED3-D999-4E8F-BB82-F470F7EC06E4}.Debug|Any CPU.ActiveCfg = Debug|Any CPU
		{65D89ED3-D999-4E8F-BB82-F470F7EC06E4}.Debug|Any CPU.Build.0 = Debug|Any CPU
		{65D89ED3-D999-4E8F-BB82-F470F7EC06E4}.Debug|Mixed Platforms.ActiveCfg = Debug|Any CPU
		{65D89ED3-D999-4E8F-BB82-F470F7EC06E4}.Debug|Mixed Platforms.Build.0 = Debug|Any CPU
		{65D89ED3-D999-4E8F-BB82-F470F7EC06E4}.Debug|x86.ActiveCfg = Debug|Any CPU
		{65D89ED3-D999-4E8F-BB82-F470F7EC06E4}.Release|Any CPU.ActiveCfg = Release|Any CPU
		{65D89ED3-D999-4E8F-BB82-F470F7EC06E4}.Release|Any CPU.Build.0 = Release|Any CPU
		{65D89ED3-D999-4E8F-BB82-F470F7EC06E4}.Release|Mixed Platforms.ActiveCfg = Release|Any CPU
		{65D89ED3-D999-4E8F-BB82-F470F7EC06E4}.Release|x86.ActiveCfg = Release|Any CPU
		{4BCC3783-8374-4E44-A843-22C0C5624C92}.Debug|Any CPU.ActiveCfg = Debug|Any CPU
		{4BCC3783-8374-4E44-A843-22C0C5624C92}.Debug|Any CPU.Build.0 = Debug|Any CPU
		{4BCC3783-8374-4E44-A843-22C0C5624C92}.Debug|Mixed Platforms.ActiveCfg = Debug|Any CPU
		{4BCC3783-8374-4E44-A843-22C0C5624C92}.Debug|Mixed Platforms.Build.0 = Debug|Any CPU
		{4BCC3783-8374-4E44-A843-22C0C5624C92}.Debug|x86.ActiveCfg = Debug|Any CPU
		{4BCC3783-8374-4E44-A843-22C0C5624C92}.Release|Any CPU.ActiveCfg = Release|Any CPU
		{4BCC3783-8374-4E44-A843-22C0C5624C92}.Release|Any CPU.Build.0 = Release|Any CPU
		{4BCC3783-8374-4E44-A843-22C0C5624C92}.Release|Mixed Platforms.ActiveCfg = Release|Any CPU
		{4BCC3783-8374-4E44-A843-22C0C5624C92}.Release|Mixed Platforms.Build.0 = Release|Any CPU
		{4BCC3783-8374-4E44-A843-22C0C5624C92}.Release|x86.ActiveCfg = Release|Any CPU
		{A6C1F330-B858-44DE-89E6-C89D2B80DA62}.Debug|Any CPU.ActiveCfg = Debug|Any CPU
		{A6C1F330-B858-44DE-89E6-C89D2B80DA62}.Debug|Any CPU.Build.0 = Debug|Any CPU
		{A6C1F330-B858-44DE-89E6-C89D2B80DA62}.Debug|Mixed Platforms.ActiveCfg = Debug|Any CPU
		{A6C1F330-B858-44DE-89E6-C89D2B80DA62}.Debug|Mixed Platforms.Build.0 = Debug|Any CPU
		{A6C1F330-B858-44DE-89E6-C89D2B80DA62}.Debug|x86.ActiveCfg = Debug|Any CPU
		{A6C1F330-B858-44DE-89E6-C89D2B80DA62}.Release|Any CPU.ActiveCfg = Release|Any CPU
		{A6C1F330-B858-44DE-89E6-C89D2B80DA62}.Release|Any CPU.Build.0 = Release|Any CPU
		{A6C1F330-B858-44DE-89E6-C89D2B80DA62}.Release|Mixed Platforms.ActiveCfg = Release|Any CPU
		{A6C1F330-B858-44DE-89E6-C89D2B80DA62}.Release|Mixed Platforms.Build.0 = Release|Any CPU
		{A6C1F330-B858-44DE-89E6-C89D2B80DA62}.Release|x86.ActiveCfg = Release|Any CPU
		{1D756AD8-07A2-44F3-9A69-B6573A339CB4}.Debug|Any CPU.ActiveCfg = Debug|Any CPU
		{1D756AD8-07A2-44F3-9A69-B6573A339CB4}.Debug|Any CPU.Build.0 = Debug|Any CPU
		{1D756AD8-07A2-44F3-9A69-B6573A339CB4}.Debug|Mixed Platforms.ActiveCfg = Debug|Any CPU
		{1D756AD8-07A2-44F3-9A69-B6573A339CB4}.Debug|Mixed Platforms.Build.0 = Debug|Any CPU
		{1D756AD8-07A2-44F3-9A69-B6573A339CB4}.Debug|x86.ActiveCfg = Debug|Any CPU
		{1D756AD8-07A2-44F3-9A69-B6573A339CB4}.Release|Any CPU.ActiveCfg = Release|Any CPU
		{1D756AD8-07A2-44F3-9A69-B6573A339CB4}.Release|Any CPU.Build.0 = Release|Any CPU
		{1D756AD8-07A2-44F3-9A69-B6573A339CB4}.Release|Mixed Platforms.ActiveCfg = Release|Any CPU
		{1D756AD8-07A2-44F3-9A69-B6573A339CB4}.Release|Mixed Platforms.Build.0 = Release|Any CPU
		{1D756AD8-07A2-44F3-9A69-B6573A339CB4}.Release|x86.ActiveCfg = Release|Any CPU
		{79BA50A4-B1A8-45E0-B6C2-65FDC165C147}.Debug|Any CPU.ActiveCfg = Debug|Any CPU
		{79BA50A4-B1A8-45E0-B6C2-65FDC165C147}.Debug|Any CPU.Build.0 = Debug|Any CPU
		{79BA50A4-B1A8-45E0-B6C2-65FDC165C147}.Debug|Mixed Platforms.ActiveCfg = Debug|Any CPU
		{79BA50A4-B1A8-45E0-B6C2-65FDC165C147}.Debug|Mixed Platforms.Build.0 = Debug|Any CPU
		{79BA50A4-B1A8-45E0-B6C2-65FDC165C147}.Debug|x86.ActiveCfg = Debug|Any CPU
		{79BA50A4-B1A8-45E0-B6C2-65FDC165C147}.Release|Any CPU.ActiveCfg = Release|Any CPU
		{79BA50A4-B1A8-45E0-B6C2-65FDC165C147}.Release|Any CPU.Build.0 = Release|Any CPU
		{79BA50A4-B1A8-45E0-B6C2-65FDC165C147}.Release|Mixed Platforms.ActiveCfg = Release|Any CPU
		{79BA50A4-B1A8-45E0-B6C2-65FDC165C147}.Release|Mixed Platforms.Build.0 = Release|Any CPU
		{79BA50A4-B1A8-45E0-B6C2-65FDC165C147}.Release|x86.ActiveCfg = Release|Any CPU
		{0647E3DC-6386-4457-AFAC-CEF32F7E031E}.Debug|Any CPU.ActiveCfg = Debug|Any CPU
		{0647E3DC-6386-4457-AFAC-CEF32F7E031E}.Debug|Any CPU.Build.0 = Debug|Any CPU
		{0647E3DC-6386-4457-AFAC-CEF32F7E031E}.Debug|Mixed Platforms.ActiveCfg = Debug|Any CPU
		{0647E3DC-6386-4457-AFAC-CEF32F7E031E}.Debug|Mixed Platforms.Build.0 = Debug|Any CPU
		{0647E3DC-6386-4457-AFAC-CEF32F7E031E}.Debug|x86.ActiveCfg = Debug|Any CPU
		{0647E3DC-6386-4457-AFAC-CEF32F7E031E}.Release|Any CPU.ActiveCfg = Release|Any CPU
		{0647E3DC-6386-4457-AFAC-CEF32F7E031E}.Release|Any CPU.Build.0 = Release|Any CPU
		{0647E3DC-6386-4457-AFAC-CEF32F7E031E}.Release|Mixed Platforms.ActiveCfg = Release|Any CPU
		{0647E3DC-6386-4457-AFAC-CEF32F7E031E}.Release|Mixed Platforms.Build.0 = Release|Any CPU
		{0647E3DC-6386-4457-AFAC-CEF32F7E031E}.Release|x86.ActiveCfg = Release|Any CPU
		{7EB8E856-2D85-44BA-8F90-201C8D1A17EA}.Debug|Any CPU.ActiveCfg = Debug|Any CPU
		{7EB8E856-2D85-44BA-8F90-201C8D1A17EA}.Debug|Any CPU.Build.0 = Debug|Any CPU
		{7EB8E856-2D85-44BA-8F90-201C8D1A17EA}.Debug|Mixed Platforms.ActiveCfg = Debug|Any CPU
		{7EB8E856-2D85-44BA-8F90-201C8D1A17EA}.Debug|Mixed Platforms.Build.0 = Debug|Any CPU
		{7EB8E856-2D85-44BA-8F90-201C8D1A17EA}.Debug|x86.ActiveCfg = Debug|Any CPU
		{7EB8E856-2D85-44BA-8F90-201C8D1A17EA}.Release|Any CPU.ActiveCfg = Release|Any CPU
		{7EB8E856-2D85-44BA-8F90-201C8D1A17EA}.Release|Any CPU.Build.0 = Release|Any CPU
		{7EB8E856-2D85-44BA-8F90-201C8D1A17EA}.Release|Mixed Platforms.ActiveCfg = Release|Any CPU
		{7EB8E856-2D85-44BA-8F90-201C8D1A17EA}.Release|Mixed Platforms.Build.0 = Release|Any CPU
		{7EB8E856-2D85-44BA-8F90-201C8D1A17EA}.Release|x86.ActiveCfg = Release|Any CPU
		{BE9A5A27-22C4-4664-A8BD-388B30B5972C}.Debug|Any CPU.ActiveCfg = Debug|Any CPU
		{BE9A5A27-22C4-4664-A8BD-388B30B5972C}.Debug|Any CPU.Build.0 = Debug|Any CPU
		{BE9A5A27-22C4-4664-A8BD-388B30B5972C}.Debug|Mixed Platforms.ActiveCfg = Debug|Any CPU
		{BE9A5A27-22C4-4664-A8BD-388B30B5972C}.Debug|Mixed Platforms.Build.0 = Debug|Any CPU
		{BE9A5A27-22C4-4664-A8BD-388B30B5972C}.Debug|x86.ActiveCfg = Debug|Any CPU
		{BE9A5A27-22C4-4664-A8BD-388B30B5972C}.Release|Any CPU.ActiveCfg = Release|Any CPU
		{BE9A5A27-22C4-4664-A8BD-388B30B5972C}.Release|Any CPU.Build.0 = Release|Any CPU
		{BE9A5A27-22C4-4664-A8BD-388B30B5972C}.Release|Mixed Platforms.ActiveCfg = Release|Any CPU
		{BE9A5A27-22C4-4664-A8BD-388B30B5972C}.Release|Mixed Platforms.Build.0 = Release|Any CPU
		{BE9A5A27-22C4-4664-A8BD-388B30B5972C}.Release|x86.ActiveCfg = Release|Any CPU
		{631BC4F3-E2D8-4319-814C-13904CAA17CE}.Debug|Any CPU.ActiveCfg = Debug|Any CPU
		{631BC4F3-E2D8-4319-814C-13904CAA17CE}.Debug|Any CPU.Build.0 = Debug|Any CPU
		{631BC4F3-E2D8-4319-814C-13904CAA17CE}.Debug|Mixed Platforms.ActiveCfg = Debug|Any CPU
		{631BC4F3-E2D8-4319-814C-13904CAA17CE}.Debug|Mixed Platforms.Build.0 = Debug|Any CPU
		{631BC4F3-E2D8-4319-814C-13904CAA17CE}.Debug|x86.ActiveCfg = Debug|Any CPU
		{631BC4F3-E2D8-4319-814C-13904CAA17CE}.Release|Any CPU.ActiveCfg = Release|Any CPU
		{631BC4F3-E2D8-4319-814C-13904CAA17CE}.Release|Any CPU.Build.0 = Release|Any CPU
		{631BC4F3-E2D8-4319-814C-13904CAA17CE}.Release|Mixed Platforms.ActiveCfg = Release|Any CPU
		{631BC4F3-E2D8-4319-814C-13904CAA17CE}.Release|Mixed Platforms.Build.0 = Release|Any CPU
		{631BC4F3-E2D8-4319-814C-13904CAA17CE}.Release|x86.ActiveCfg = Release|Any CPU
		{FF099D48-3FA5-4ED6-BBA0-1497D734962A}.Debug|Any CPU.ActiveCfg = Debug|Any CPU
		{FF099D48-3FA5-4ED6-BBA0-1497D734962A}.Debug|Any CPU.Build.0 = Debug|Any CPU
		{FF099D48-3FA5-4ED6-BBA0-1497D734962A}.Debug|Mixed Platforms.ActiveCfg = Debug|Any CPU
		{FF099D48-3FA5-4ED6-BBA0-1497D734962A}.Debug|Mixed Platforms.Build.0 = Debug|Any CPU
		{FF099D48-3FA5-4ED6-BBA0-1497D734962A}.Debug|x86.ActiveCfg = Debug|Any CPU
		{FF099D48-3FA5-4ED6-BBA0-1497D734962A}.Release|Any CPU.ActiveCfg = Release|Any CPU
		{FF099D48-3FA5-4ED6-BBA0-1497D734962A}.Release|Any CPU.Build.0 = Release|Any CPU
		{FF099D48-3FA5-4ED6-BBA0-1497D734962A}.Release|Mixed Platforms.ActiveCfg = Release|Any CPU
		{FF099D48-3FA5-4ED6-BBA0-1497D734962A}.Release|Mixed Platforms.Build.0 = Release|Any CPU
		{FF099D48-3FA5-4ED6-BBA0-1497D734962A}.Release|x86.ActiveCfg = Release|Any CPU
		{A47B7998-4EE8-4AF8-9373-C664FDEDDC65}.Debug|Any CPU.ActiveCfg = Debug|Any CPU
		{A47B7998-4EE8-4AF8-9373-C664FDEDDC65}.Debug|Any CPU.Build.0 = Debug|Any CPU
		{A47B7998-4EE8-4AF8-9373-C664FDEDDC65}.Debug|Mixed Platforms.ActiveCfg = Debug|Any CPU
		{A47B7998-4EE8-4AF8-9373-C664FDEDDC65}.Debug|Mixed Platforms.Build.0 = Debug|Any CPU
		{A47B7998-4EE8-4AF8-9373-C664FDEDDC65}.Debug|x86.ActiveCfg = Debug|Any CPU
		{A47B7998-4EE8-4AF8-9373-C664FDEDDC65}.Release|Any CPU.ActiveCfg = Release|Any CPU
		{A47B7998-4EE8-4AF8-9373-C664FDEDDC65}.Release|Any CPU.Build.0 = Release|Any CPU
		{A47B7998-4EE8-4AF8-9373-C664FDEDDC65}.Release|Mixed Platforms.ActiveCfg = Release|Any CPU
		{A47B7998-4EE8-4AF8-9373-C664FDEDDC65}.Release|Mixed Platforms.Build.0 = Release|Any CPU
		{A47B7998-4EE8-4AF8-9373-C664FDEDDC65}.Release|x86.ActiveCfg = Release|Any CPU
		{F9043097-AD68-4E7E-AD16-853A7DB2ECDD}.Debug|Any CPU.ActiveCfg = Debug|Any CPU
		{F9043097-AD68-4E7E-AD16-853A7DB2ECDD}.Debug|Any CPU.Build.0 = Debug|Any CPU
		{F9043097-AD68-4E7E-AD16-853A7DB2ECDD}.Debug|Mixed Platforms.ActiveCfg = Debug|Any CPU
		{F9043097-AD68-4E7E-AD16-853A7DB2ECDD}.Debug|Mixed Platforms.Build.0 = Debug|Any CPU
		{F9043097-AD68-4E7E-AD16-853A7DB2ECDD}.Debug|x86.ActiveCfg = Debug|Any CPU
		{F9043097-AD68-4E7E-AD16-853A7DB2ECDD}.Release|Any CPU.ActiveCfg = Release|Any CPU
		{F9043097-AD68-4E7E-AD16-853A7DB2ECDD}.Release|Any CPU.Build.0 = Release|Any CPU
		{F9043097-AD68-4E7E-AD16-853A7DB2ECDD}.Release|Mixed Platforms.ActiveCfg = Release|Any CPU
		{F9043097-AD68-4E7E-AD16-853A7DB2ECDD}.Release|Mixed Platforms.Build.0 = Release|Any CPU
		{F9043097-AD68-4E7E-AD16-853A7DB2ECDD}.Release|x86.ActiveCfg = Release|Any CPU
		{AD653B6B-EBB7-4E69-93F7-FADA40462648}.Debug|Any CPU.ActiveCfg = Debug|Any CPU
		{AD653B6B-EBB7-4E69-93F7-FADA40462648}.Debug|Any CPU.Build.0 = Debug|Any CPU
		{AD653B6B-EBB7-4E69-93F7-FADA40462648}.Debug|Mixed Platforms.ActiveCfg = Debug|Any CPU
		{AD653B6B-EBB7-4E69-93F7-FADA40462648}.Debug|Mixed Platforms.Build.0 = Debug|Any CPU
		{AD653B6B-EBB7-4E69-93F7-FADA40462648}.Debug|x86.ActiveCfg = Debug|Any CPU
		{AD653B6B-EBB7-4E69-93F7-FADA40462648}.Release|Any CPU.ActiveCfg = Release|Any CPU
		{AD653B6B-EBB7-4E69-93F7-FADA40462648}.Release|Any CPU.Build.0 = Release|Any CPU
		{AD653B6B-EBB7-4E69-93F7-FADA40462648}.Release|Mixed Platforms.ActiveCfg = Release|Any CPU
		{AD653B6B-EBB7-4E69-93F7-FADA40462648}.Release|Mixed Platforms.Build.0 = Release|Any CPU
		{AD653B6B-EBB7-4E69-93F7-FADA40462648}.Release|x86.ActiveCfg = Release|Any CPU
		{7033B213-2055-4C6A-B008-D9856267F5D7}.Debug|Any CPU.ActiveCfg = Debug|Any CPU
		{7033B213-2055-4C6A-B008-D9856267F5D7}.Debug|Any CPU.Build.0 = Debug|Any CPU
		{7033B213-2055-4C6A-B008-D9856267F5D7}.Debug|Mixed Platforms.ActiveCfg = Debug|Any CPU
		{7033B213-2055-4C6A-B008-D9856267F5D7}.Debug|Mixed Platforms.Build.0 = Debug|Any CPU
		{7033B213-2055-4C6A-B008-D9856267F5D7}.Debug|x86.ActiveCfg = Debug|Any CPU
		{7033B213-2055-4C6A-B008-D9856267F5D7}.Release|Any CPU.ActiveCfg = Release|Any CPU
		{7033B213-2055-4C6A-B008-D9856267F5D7}.Release|Any CPU.Build.0 = Release|Any CPU
		{7033B213-2055-4C6A-B008-D9856267F5D7}.Release|Mixed Platforms.ActiveCfg = Release|Any CPU
		{7033B213-2055-4C6A-B008-D9856267F5D7}.Release|Mixed Platforms.Build.0 = Release|Any CPU
		{7033B213-2055-4C6A-B008-D9856267F5D7}.Release|x86.ActiveCfg = Release|Any CPU
		{76CD55B8-DB16-4DF5-849C-8E2CBEF8A81B}.Debug|Any CPU.ActiveCfg = Debug|Any CPU
		{76CD55B8-DB16-4DF5-849C-8E2CBEF8A81B}.Debug|Any CPU.Build.0 = Debug|Any CPU
		{76CD55B8-DB16-4DF5-849C-8E2CBEF8A81B}.Debug|Mixed Platforms.ActiveCfg = Debug|Any CPU
		{76CD55B8-DB16-4DF5-849C-8E2CBEF8A81B}.Debug|Mixed Platforms.Build.0 = Debug|Any CPU
		{76CD55B8-DB16-4DF5-849C-8E2CBEF8A81B}.Debug|x86.ActiveCfg = Debug|Any CPU
		{76CD55B8-DB16-4DF5-849C-8E2CBEF8A81B}.Release|Any CPU.ActiveCfg = Release|Any CPU
		{76CD55B8-DB16-4DF5-849C-8E2CBEF8A81B}.Release|Any CPU.Build.0 = Release|Any CPU
		{76CD55B8-DB16-4DF5-849C-8E2CBEF8A81B}.Release|Mixed Platforms.ActiveCfg = Release|Any CPU
		{76CD55B8-DB16-4DF5-849C-8E2CBEF8A81B}.Release|Mixed Platforms.Build.0 = Release|Any CPU
		{76CD55B8-DB16-4DF5-849C-8E2CBEF8A81B}.Release|x86.ActiveCfg = Release|Any CPU
		{38D90F00-5CFB-4AF8-85CE-84FCCE20123F}.Debug|Any CPU.ActiveCfg = Debug|Any CPU
		{38D90F00-5CFB-4AF8-85CE-84FCCE20123F}.Debug|Any CPU.Build.0 = Debug|Any CPU
		{38D90F00-5CFB-4AF8-85CE-84FCCE20123F}.Debug|Mixed Platforms.ActiveCfg = Debug|Any CPU
		{38D90F00-5CFB-4AF8-85CE-84FCCE20123F}.Debug|Mixed Platforms.Build.0 = Debug|Any CPU
		{38D90F00-5CFB-4AF8-85CE-84FCCE20123F}.Debug|x86.ActiveCfg = Debug|Any CPU
		{38D90F00-5CFB-4AF8-85CE-84FCCE20123F}.Release|Any CPU.ActiveCfg = Release|Any CPU
		{38D90F00-5CFB-4AF8-85CE-84FCCE20123F}.Release|Any CPU.Build.0 = Release|Any CPU
		{38D90F00-5CFB-4AF8-85CE-84FCCE20123F}.Release|Mixed Platforms.ActiveCfg = Release|Any CPU
		{38D90F00-5CFB-4AF8-85CE-84FCCE20123F}.Release|Mixed Platforms.Build.0 = Release|Any CPU
		{38D90F00-5CFB-4AF8-85CE-84FCCE20123F}.Release|x86.ActiveCfg = Release|Any CPU
		{68F4256D-C291-4365-BC09-AE49B902AE59}.Debug|Any CPU.ActiveCfg = Debug|Any CPU
		{68F4256D-C291-4365-BC09-AE49B902AE59}.Debug|Any CPU.Build.0 = Debug|Any CPU
		{68F4256D-C291-4365-BC09-AE49B902AE59}.Debug|Mixed Platforms.ActiveCfg = Debug|Any CPU
		{68F4256D-C291-4365-BC09-AE49B902AE59}.Debug|Mixed Platforms.Build.0 = Debug|Any CPU
		{68F4256D-C291-4365-BC09-AE49B902AE59}.Debug|x86.ActiveCfg = Debug|Any CPU
		{68F4256D-C291-4365-BC09-AE49B902AE59}.Release|Any CPU.ActiveCfg = Release|Any CPU
		{68F4256D-C291-4365-BC09-AE49B902AE59}.Release|Any CPU.Build.0 = Release|Any CPU
		{68F4256D-C291-4365-BC09-AE49B902AE59}.Release|Mixed Platforms.ActiveCfg = Release|Any CPU
		{68F4256D-C291-4365-BC09-AE49B902AE59}.Release|Mixed Platforms.Build.0 = Release|Any CPU
		{68F4256D-C291-4365-BC09-AE49B902AE59}.Release|x86.ActiveCfg = Release|Any CPU
		{F970F8CB-8FF1-4244-9A31-D00C6D7AABE5}.Debug|Any CPU.ActiveCfg = Debug|Any CPU
		{F970F8CB-8FF1-4244-9A31-D00C6D7AABE5}.Debug|Any CPU.Build.0 = Debug|Any CPU
		{F970F8CB-8FF1-4244-9A31-D00C6D7AABE5}.Debug|Mixed Platforms.ActiveCfg = Debug|Any CPU
		{F970F8CB-8FF1-4244-9A31-D00C6D7AABE5}.Debug|Mixed Platforms.Build.0 = Debug|Any CPU
		{F970F8CB-8FF1-4244-9A31-D00C6D7AABE5}.Debug|x86.ActiveCfg = Debug|Any CPU
		{F970F8CB-8FF1-4244-9A31-D00C6D7AABE5}.Release|Any CPU.ActiveCfg = Release|Any CPU
		{F970F8CB-8FF1-4244-9A31-D00C6D7AABE5}.Release|Any CPU.Build.0 = Release|Any CPU
		{F970F8CB-8FF1-4244-9A31-D00C6D7AABE5}.Release|Mixed Platforms.ActiveCfg = Release|Any CPU
		{F970F8CB-8FF1-4244-9A31-D00C6D7AABE5}.Release|Mixed Platforms.Build.0 = Release|Any CPU
		{F970F8CB-8FF1-4244-9A31-D00C6D7AABE5}.Release|x86.ActiveCfg = Release|Any CPU
		{CC2E6418-C325-4486-B50D-941EC27053F6}.Debug|Any CPU.ActiveCfg = Debug|Any CPU
		{CC2E6418-C325-4486-B50D-941EC27053F6}.Debug|Any CPU.Build.0 = Debug|Any CPU
		{CC2E6418-C325-4486-B50D-941EC27053F6}.Debug|Mixed Platforms.ActiveCfg = Debug|Any CPU
		{CC2E6418-C325-4486-B50D-941EC27053F6}.Debug|Mixed Platforms.Build.0 = Debug|Any CPU
		{CC2E6418-C325-4486-B50D-941EC27053F6}.Debug|x86.ActiveCfg = Debug|Any CPU
		{CC2E6418-C325-4486-B50D-941EC27053F6}.Release|Any CPU.ActiveCfg = Release|Any CPU
		{CC2E6418-C325-4486-B50D-941EC27053F6}.Release|Any CPU.Build.0 = Release|Any CPU
		{CC2E6418-C325-4486-B50D-941EC27053F6}.Release|Mixed Platforms.ActiveCfg = Release|Any CPU
		{CC2E6418-C325-4486-B50D-941EC27053F6}.Release|Mixed Platforms.Build.0 = Release|Any CPU
		{CC2E6418-C325-4486-B50D-941EC27053F6}.Release|x86.ActiveCfg = Release|Any CPU
		{65866A51-B229-44C5-AC81-87A90FA1741B}.Debug|Any CPU.ActiveCfg = Debug|Any CPU
		{65866A51-B229-44C5-AC81-87A90FA1741B}.Debug|Any CPU.Build.0 = Debug|Any CPU
		{65866A51-B229-44C5-AC81-87A90FA1741B}.Debug|Mixed Platforms.ActiveCfg = Debug|Any CPU
		{65866A51-B229-44C5-AC81-87A90FA1741B}.Debug|Mixed Platforms.Build.0 = Debug|Any CPU
		{65866A51-B229-44C5-AC81-87A90FA1741B}.Debug|x86.ActiveCfg = Debug|Any CPU
		{65866A51-B229-44C5-AC81-87A90FA1741B}.Release|Any CPU.ActiveCfg = Release|Any CPU
		{65866A51-B229-44C5-AC81-87A90FA1741B}.Release|Any CPU.Build.0 = Release|Any CPU
		{65866A51-B229-44C5-AC81-87A90FA1741B}.Release|Mixed Platforms.ActiveCfg = Release|Any CPU
		{65866A51-B229-44C5-AC81-87A90FA1741B}.Release|Mixed Platforms.Build.0 = Release|Any CPU
		{65866A51-B229-44C5-AC81-87A90FA1741B}.Release|x86.ActiveCfg = Release|Any CPU
		{038DC96D-021B-41E6-867E-047598F92ED3}.Debug|Any CPU.ActiveCfg = Debug|Any CPU
		{038DC96D-021B-41E6-867E-047598F92ED3}.Debug|Any CPU.Build.0 = Debug|Any CPU
		{038DC96D-021B-41E6-867E-047598F92ED3}.Debug|Mixed Platforms.ActiveCfg = Debug|Any CPU
		{038DC96D-021B-41E6-867E-047598F92ED3}.Debug|Mixed Platforms.Build.0 = Debug|Any CPU
		{038DC96D-021B-41E6-867E-047598F92ED3}.Debug|x86.ActiveCfg = Debug|Any CPU
		{038DC96D-021B-41E6-867E-047598F92ED3}.Release|Any CPU.ActiveCfg = Release|Any CPU
		{038DC96D-021B-41E6-867E-047598F92ED3}.Release|Any CPU.Build.0 = Release|Any CPU
		{038DC96D-021B-41E6-867E-047598F92ED3}.Release|Mixed Platforms.ActiveCfg = Release|Any CPU
		{038DC96D-021B-41E6-867E-047598F92ED3}.Release|Mixed Platforms.Build.0 = Release|Any CPU
		{038DC96D-021B-41E6-867E-047598F92ED3}.Release|x86.ActiveCfg = Release|Any CPU
		{0B1011A6-8FCD-4F9E-BBB8-8DB86E23D2E8}.Debug|Any CPU.ActiveCfg = Debug|Any CPU
		{0B1011A6-8FCD-4F9E-BBB8-8DB86E23D2E8}.Debug|Any CPU.Build.0 = Debug|Any CPU
		{0B1011A6-8FCD-4F9E-BBB8-8DB86E23D2E8}.Debug|Mixed Platforms.ActiveCfg = Debug|Any CPU
		{0B1011A6-8FCD-4F9E-BBB8-8DB86E23D2E8}.Debug|Mixed Platforms.Build.0 = Debug|Any CPU
		{0B1011A6-8FCD-4F9E-BBB8-8DB86E23D2E8}.Debug|x86.ActiveCfg = Debug|Any CPU
		{0B1011A6-8FCD-4F9E-BBB8-8DB86E23D2E8}.Release|Any CPU.ActiveCfg = Release|Any CPU
		{0B1011A6-8FCD-4F9E-BBB8-8DB86E23D2E8}.Release|Any CPU.Build.0 = Release|Any CPU
		{0B1011A6-8FCD-4F9E-BBB8-8DB86E23D2E8}.Release|Mixed Platforms.ActiveCfg = Release|Any CPU
		{0B1011A6-8FCD-4F9E-BBB8-8DB86E23D2E8}.Release|Mixed Platforms.Build.0 = Release|Any CPU
		{0B1011A6-8FCD-4F9E-BBB8-8DB86E23D2E8}.Release|x86.ActiveCfg = Release|Any CPU
		{5F30A68E-05BF-40EA-B576-5EBCDE520449}.Debug|Any CPU.ActiveCfg = Debug|Any CPU
		{5F30A68E-05BF-40EA-B576-5EBCDE520449}.Debug|Any CPU.Build.0 = Debug|Any CPU
		{5F30A68E-05BF-40EA-B576-5EBCDE520449}.Debug|Mixed Platforms.ActiveCfg = Debug|Any CPU
		{5F30A68E-05BF-40EA-B576-5EBCDE520449}.Debug|Mixed Platforms.Build.0 = Debug|Any CPU
		{5F30A68E-05BF-40EA-B576-5EBCDE520449}.Debug|x86.ActiveCfg = Debug|Any CPU
		{5F30A68E-05BF-40EA-B576-5EBCDE520449}.Release|Any CPU.ActiveCfg = Release|Any CPU
		{5F30A68E-05BF-40EA-B576-5EBCDE520449}.Release|Any CPU.Build.0 = Release|Any CPU
		{5F30A68E-05BF-40EA-B576-5EBCDE520449}.Release|Mixed Platforms.ActiveCfg = Release|Any CPU
		{5F30A68E-05BF-40EA-B576-5EBCDE520449}.Release|Mixed Platforms.Build.0 = Release|Any CPU
		{5F30A68E-05BF-40EA-B576-5EBCDE520449}.Release|x86.ActiveCfg = Release|Any CPU
		{49D8DA65-FC99-4C63-ADC6-1B07260F674F}.Debug|Any CPU.ActiveCfg = Debug|Any CPU
		{49D8DA65-FC99-4C63-ADC6-1B07260F674F}.Debug|Any CPU.Build.0 = Debug|Any CPU
		{49D8DA65-FC99-4C63-ADC6-1B07260F674F}.Debug|Mixed Platforms.ActiveCfg = Debug|Any CPU
		{49D8DA65-FC99-4C63-ADC6-1B07260F674F}.Debug|Mixed Platforms.Build.0 = Debug|Any CPU
		{49D8DA65-FC99-4C63-ADC6-1B07260F674F}.Debug|x86.ActiveCfg = Debug|Any CPU
		{49D8DA65-FC99-4C63-ADC6-1B07260F674F}.Release|Any CPU.ActiveCfg = Release|Any CPU
		{49D8DA65-FC99-4C63-ADC6-1B07260F674F}.Release|Any CPU.Build.0 = Release|Any CPU
		{49D8DA65-FC99-4C63-ADC6-1B07260F674F}.Release|Mixed Platforms.ActiveCfg = Release|Any CPU
		{49D8DA65-FC99-4C63-ADC6-1B07260F674F}.Release|Mixed Platforms.Build.0 = Release|Any CPU
		{49D8DA65-FC99-4C63-ADC6-1B07260F674F}.Release|x86.ActiveCfg = Release|Any CPU
		{59A68DB8-5C96-45BB-889A-DD35486E9077}.Debug|Any CPU.ActiveCfg = Debug|Any CPU
		{59A68DB8-5C96-45BB-889A-DD35486E9077}.Debug|Any CPU.Build.0 = Debug|Any CPU
		{59A68DB8-5C96-45BB-889A-DD35486E9077}.Debug|Mixed Platforms.ActiveCfg = Debug|Any CPU
		{59A68DB8-5C96-45BB-889A-DD35486E9077}.Debug|Mixed Platforms.Build.0 = Debug|Any CPU
		{59A68DB8-5C96-45BB-889A-DD35486E9077}.Debug|x86.ActiveCfg = Debug|Any CPU
		{59A68DB8-5C96-45BB-889A-DD35486E9077}.Release|Any CPU.ActiveCfg = Release|Any CPU
		{59A68DB8-5C96-45BB-889A-DD35486E9077}.Release|Any CPU.Build.0 = Release|Any CPU
		{59A68DB8-5C96-45BB-889A-DD35486E9077}.Release|Mixed Platforms.ActiveCfg = Release|Any CPU
		{59A68DB8-5C96-45BB-889A-DD35486E9077}.Release|Mixed Platforms.Build.0 = Release|Any CPU
		{59A68DB8-5C96-45BB-889A-DD35486E9077}.Release|x86.ActiveCfg = Release|Any CPU
		{7B8FBA4E-D6AC-4DAD-A607-43BA112F8EC1}.Debug|Any CPU.ActiveCfg = Debug|Any CPU
		{7B8FBA4E-D6AC-4DAD-A607-43BA112F8EC1}.Debug|Any CPU.Build.0 = Debug|Any CPU
		{7B8FBA4E-D6AC-4DAD-A607-43BA112F8EC1}.Debug|Mixed Platforms.ActiveCfg = Debug|Any CPU
		{7B8FBA4E-D6AC-4DAD-A607-43BA112F8EC1}.Debug|Mixed Platforms.Build.0 = Debug|Any CPU
		{7B8FBA4E-D6AC-4DAD-A607-43BA112F8EC1}.Debug|x86.ActiveCfg = Debug|Any CPU
		{7B8FBA4E-D6AC-4DAD-A607-43BA112F8EC1}.Release|Any CPU.ActiveCfg = Release|Any CPU
		{7B8FBA4E-D6AC-4DAD-A607-43BA112F8EC1}.Release|Any CPU.Build.0 = Release|Any CPU
		{7B8FBA4E-D6AC-4DAD-A607-43BA112F8EC1}.Release|Mixed Platforms.ActiveCfg = Release|Any CPU
		{7B8FBA4E-D6AC-4DAD-A607-43BA112F8EC1}.Release|Mixed Platforms.Build.0 = Release|Any CPU
		{7B8FBA4E-D6AC-4DAD-A607-43BA112F8EC1}.Release|x86.ActiveCfg = Release|Any CPU
		{540BEAC7-A2C3-4C46-9F4A-E6E1DF4EF6FC}.Debug|Any CPU.ActiveCfg = Debug|Any CPU
		{540BEAC7-A2C3-4C46-9F4A-E6E1DF4EF6FC}.Debug|Any CPU.Build.0 = Debug|Any CPU
		{540BEAC7-A2C3-4C46-9F4A-E6E1DF4EF6FC}.Debug|Mixed Platforms.ActiveCfg = Debug|Any CPU
		{540BEAC7-A2C3-4C46-9F4A-E6E1DF4EF6FC}.Debug|Mixed Platforms.Build.0 = Debug|Any CPU
		{540BEAC7-A2C3-4C46-9F4A-E6E1DF4EF6FC}.Debug|x86.ActiveCfg = Debug|Any CPU
		{540BEAC7-A2C3-4C46-9F4A-E6E1DF4EF6FC}.Release|Any CPU.ActiveCfg = Release|Any CPU
		{540BEAC7-A2C3-4C46-9F4A-E6E1DF4EF6FC}.Release|Any CPU.Build.0 = Release|Any CPU
		{540BEAC7-A2C3-4C46-9F4A-E6E1DF4EF6FC}.Release|Mixed Platforms.ActiveCfg = Release|Any CPU
		{540BEAC7-A2C3-4C46-9F4A-E6E1DF4EF6FC}.Release|Mixed Platforms.Build.0 = Release|Any CPU
		{540BEAC7-A2C3-4C46-9F4A-E6E1DF4EF6FC}.Release|x86.ActiveCfg = Release|Any CPU
		{5EB8CFE8-69AD-4B79-9E21-FDED65A8EA3F}.Debug|Any CPU.ActiveCfg = Debug|Any CPU
		{5EB8CFE8-69AD-4B79-9E21-FDED65A8EA3F}.Debug|Any CPU.Build.0 = Debug|Any CPU
		{5EB8CFE8-69AD-4B79-9E21-FDED65A8EA3F}.Debug|Mixed Platforms.ActiveCfg = Debug|Any CPU
		{5EB8CFE8-69AD-4B79-9E21-FDED65A8EA3F}.Debug|Mixed Platforms.Build.0 = Debug|Any CPU
		{5EB8CFE8-69AD-4B79-9E21-FDED65A8EA3F}.Debug|x86.ActiveCfg = Debug|Any CPU
		{5EB8CFE8-69AD-4B79-9E21-FDED65A8EA3F}.Release|Any CPU.ActiveCfg = Release|Any CPU
		{5EB8CFE8-69AD-4B79-9E21-FDED65A8EA3F}.Release|Any CPU.Build.0 = Release|Any CPU
		{5EB8CFE8-69AD-4B79-9E21-FDED65A8EA3F}.Release|Mixed Platforms.ActiveCfg = Release|Any CPU
		{5EB8CFE8-69AD-4B79-9E21-FDED65A8EA3F}.Release|Mixed Platforms.Build.0 = Release|Any CPU
		{5EB8CFE8-69AD-4B79-9E21-FDED65A8EA3F}.Release|x86.ActiveCfg = Release|Any CPU
		{3ED7292C-9CBD-40EB-A22D-E9A104917DD2}.Debug|Any CPU.ActiveCfg = Debug|Any CPU
		{3ED7292C-9CBD-40EB-A22D-E9A104917DD2}.Debug|Any CPU.Build.0 = Debug|Any CPU
		{3ED7292C-9CBD-40EB-A22D-E9A104917DD2}.Debug|Mixed Platforms.ActiveCfg = Debug|Any CPU
		{3ED7292C-9CBD-40EB-A22D-E9A104917DD2}.Debug|Mixed Platforms.Build.0 = Debug|Any CPU
		{3ED7292C-9CBD-40EB-A22D-E9A104917DD2}.Debug|x86.ActiveCfg = Debug|Any CPU
		{3ED7292C-9CBD-40EB-A22D-E9A104917DD2}.Release|Any CPU.ActiveCfg = Release|Any CPU
		{3ED7292C-9CBD-40EB-A22D-E9A104917DD2}.Release|Any CPU.Build.0 = Release|Any CPU
		{3ED7292C-9CBD-40EB-A22D-E9A104917DD2}.Release|Mixed Platforms.ActiveCfg = Release|Any CPU
		{3ED7292C-9CBD-40EB-A22D-E9A104917DD2}.Release|Mixed Platforms.Build.0 = Release|Any CPU
		{3ED7292C-9CBD-40EB-A22D-E9A104917DD2}.Release|x86.ActiveCfg = Release|Any CPU
		{17DA1FF2-7414-4E25-8053-F3880C045877}.Debug|Any CPU.ActiveCfg = Debug|Any CPU
		{17DA1FF2-7414-4E25-8053-F3880C045877}.Debug|Any CPU.Build.0 = Debug|Any CPU
		{17DA1FF2-7414-4E25-8053-F3880C045877}.Debug|Mixed Platforms.ActiveCfg = Debug|Any CPU
		{17DA1FF2-7414-4E25-8053-F3880C045877}.Debug|Mixed Platforms.Build.0 = Debug|Any CPU
		{17DA1FF2-7414-4E25-8053-F3880C045877}.Debug|x86.ActiveCfg = Debug|Any CPU
		{17DA1FF2-7414-4E25-8053-F3880C045877}.Release|Any CPU.ActiveCfg = Release|Any CPU
		{17DA1FF2-7414-4E25-8053-F3880C045877}.Release|Any CPU.Build.0 = Release|Any CPU
		{17DA1FF2-7414-4E25-8053-F3880C045877}.Release|Mixed Platforms.ActiveCfg = Release|Any CPU
		{17DA1FF2-7414-4E25-8053-F3880C045877}.Release|Mixed Platforms.Build.0 = Release|Any CPU
		{17DA1FF2-7414-4E25-8053-F3880C045877}.Release|x86.ActiveCfg = Release|Any CPU
		{59C6CA03-8473-47BA-B074-242257D2B910}.Debug|Any CPU.ActiveCfg = Debug|Any CPU
		{59C6CA03-8473-47BA-B074-242257D2B910}.Debug|Any CPU.Build.0 = Debug|Any CPU
		{59C6CA03-8473-47BA-B074-242257D2B910}.Debug|Mixed Platforms.ActiveCfg = Debug|Any CPU
		{59C6CA03-8473-47BA-B074-242257D2B910}.Debug|Mixed Platforms.Build.0 = Debug|Any CPU
		{59C6CA03-8473-47BA-B074-242257D2B910}.Debug|x86.ActiveCfg = Debug|Any CPU
		{59C6CA03-8473-47BA-B074-242257D2B910}.Release|Any CPU.ActiveCfg = Release|Any CPU
		{59C6CA03-8473-47BA-B074-242257D2B910}.Release|Any CPU.Build.0 = Release|Any CPU
		{59C6CA03-8473-47BA-B074-242257D2B910}.Release|Mixed Platforms.ActiveCfg = Release|Any CPU
		{59C6CA03-8473-47BA-B074-242257D2B910}.Release|Mixed Platforms.Build.0 = Release|Any CPU
		{59C6CA03-8473-47BA-B074-242257D2B910}.Release|x86.ActiveCfg = Release|Any CPU
		{22FFE0F3-1131-4227-9311-AA138A4159A8}.Debug|Any CPU.ActiveCfg = Debug|Any CPU
		{22FFE0F3-1131-4227-9311-AA138A4159A8}.Debug|Any CPU.Build.0 = Debug|Any CPU
		{22FFE0F3-1131-4227-9311-AA138A4159A8}.Debug|Mixed Platforms.ActiveCfg = Debug|Any CPU
		{22FFE0F3-1131-4227-9311-AA138A4159A8}.Debug|Mixed Platforms.Build.0 = Debug|Any CPU
		{22FFE0F3-1131-4227-9311-AA138A4159A8}.Debug|x86.ActiveCfg = Debug|Any CPU
		{22FFE0F3-1131-4227-9311-AA138A4159A8}.Release|Any CPU.ActiveCfg = Release|Any CPU
		{22FFE0F3-1131-4227-9311-AA138A4159A8}.Release|Any CPU.Build.0 = Release|Any CPU
		{22FFE0F3-1131-4227-9311-AA138A4159A8}.Release|Mixed Platforms.ActiveCfg = Release|Any CPU
		{22FFE0F3-1131-4227-9311-AA138A4159A8}.Release|Mixed Platforms.Build.0 = Release|Any CPU
		{22FFE0F3-1131-4227-9311-AA138A4159A8}.Release|x86.ActiveCfg = Release|Any CPU
		{65F7691A-B355-4D98-BB97-0B19F13E2190}.Debug|Any CPU.ActiveCfg = Debug|Any CPU
		{65F7691A-B355-4D98-BB97-0B19F13E2190}.Debug|Any CPU.Build.0 = Debug|Any CPU
		{65F7691A-B355-4D98-BB97-0B19F13E2190}.Debug|Mixed Platforms.ActiveCfg = Debug|Any CPU
		{65F7691A-B355-4D98-BB97-0B19F13E2190}.Debug|Mixed Platforms.Build.0 = Debug|Any CPU
		{65F7691A-B355-4D98-BB97-0B19F13E2190}.Debug|x86.ActiveCfg = Debug|Any CPU
		{65F7691A-B355-4D98-BB97-0B19F13E2190}.Release|Any CPU.ActiveCfg = Release|Any CPU
		{65F7691A-B355-4D98-BB97-0B19F13E2190}.Release|Any CPU.Build.0 = Release|Any CPU
		{65F7691A-B355-4D98-BB97-0B19F13E2190}.Release|Mixed Platforms.ActiveCfg = Release|Any CPU
		{65F7691A-B355-4D98-BB97-0B19F13E2190}.Release|Mixed Platforms.Build.0 = Release|Any CPU
		{65F7691A-B355-4D98-BB97-0B19F13E2190}.Release|x86.ActiveCfg = Release|Any CPU
		{3BF17C10-F7FB-4517-923E-B609C2FD8282}.Debug|Any CPU.ActiveCfg = Debug|Any CPU
		{3BF17C10-F7FB-4517-923E-B609C2FD8282}.Debug|Any CPU.Build.0 = Debug|Any CPU
		{3BF17C10-F7FB-4517-923E-B609C2FD8282}.Debug|Mixed Platforms.ActiveCfg = Debug|Any CPU
		{3BF17C10-F7FB-4517-923E-B609C2FD8282}.Debug|Mixed Platforms.Build.0 = Debug|Any CPU
		{3BF17C10-F7FB-4517-923E-B609C2FD8282}.Debug|x86.ActiveCfg = Debug|Any CPU
		{3BF17C10-F7FB-4517-923E-B609C2FD8282}.Release|Any CPU.ActiveCfg = Release|Any CPU
		{3BF17C10-F7FB-4517-923E-B609C2FD8282}.Release|Any CPU.Build.0 = Release|Any CPU
		{3BF17C10-F7FB-4517-923E-B609C2FD8282}.Release|Mixed Platforms.ActiveCfg = Release|Any CPU
		{3BF17C10-F7FB-4517-923E-B609C2FD8282}.Release|Mixed Platforms.Build.0 = Release|Any CPU
		{3BF17C10-F7FB-4517-923E-B609C2FD8282}.Release|x86.ActiveCfg = Release|Any CPU
		{F3BB1082-13E3-4B37-ABF4-A3E42C9E7ED9}.Debug|Any CPU.ActiveCfg = Debug|Any CPU
		{F3BB1082-13E3-4B37-ABF4-A3E42C9E7ED9}.Debug|Any CPU.Build.0 = Debug|Any CPU
		{F3BB1082-13E3-4B37-ABF4-A3E42C9E7ED9}.Debug|Mixed Platforms.ActiveCfg = Debug|Any CPU
		{F3BB1082-13E3-4B37-ABF4-A3E42C9E7ED9}.Debug|Mixed Platforms.Build.0 = Debug|Any CPU
		{F3BB1082-13E3-4B37-ABF4-A3E42C9E7ED9}.Debug|x86.ActiveCfg = Debug|Any CPU
		{F3BB1082-13E3-4B37-ABF4-A3E42C9E7ED9}.Release|Any CPU.ActiveCfg = Release|Any CPU
		{F3BB1082-13E3-4B37-ABF4-A3E42C9E7ED9}.Release|Any CPU.Build.0 = Release|Any CPU
		{F3BB1082-13E3-4B37-ABF4-A3E42C9E7ED9}.Release|Mixed Platforms.ActiveCfg = Release|Any CPU
		{F3BB1082-13E3-4B37-ABF4-A3E42C9E7ED9}.Release|Mixed Platforms.Build.0 = Release|Any CPU
		{F3BB1082-13E3-4B37-ABF4-A3E42C9E7ED9}.Release|x86.ActiveCfg = Release|Any CPU
		{A9618E8B-E94D-4FE1-9AC7-E9B1A98456BB}.Debug|Any CPU.ActiveCfg = Debug|Any CPU
		{A9618E8B-E94D-4FE1-9AC7-E9B1A98456BB}.Debug|Any CPU.Build.0 = Debug|Any CPU
		{A9618E8B-E94D-4FE1-9AC7-E9B1A98456BB}.Debug|Mixed Platforms.ActiveCfg = Debug|Any CPU
		{A9618E8B-E94D-4FE1-9AC7-E9B1A98456BB}.Debug|Mixed Platforms.Build.0 = Debug|Any CPU
		{A9618E8B-E94D-4FE1-9AC7-E9B1A98456BB}.Debug|x86.ActiveCfg = Debug|Any CPU
		{A9618E8B-E94D-4FE1-9AC7-E9B1A98456BB}.Release|Any CPU.ActiveCfg = Release|Any CPU
		{A9618E8B-E94D-4FE1-9AC7-E9B1A98456BB}.Release|Any CPU.Build.0 = Release|Any CPU
		{A9618E8B-E94D-4FE1-9AC7-E9B1A98456BB}.Release|Mixed Platforms.ActiveCfg = Release|Any CPU
		{A9618E8B-E94D-4FE1-9AC7-E9B1A98456BB}.Release|Mixed Platforms.Build.0 = Release|Any CPU
		{A9618E8B-E94D-4FE1-9AC7-E9B1A98456BB}.Release|x86.ActiveCfg = Release|Any CPU
		{F445DB8E-E25A-41EF-A158-C742F14E94E4}.Debug|Any CPU.ActiveCfg = Debug|Any CPU
		{F445DB8E-E25A-41EF-A158-C742F14E94E4}.Debug|Any CPU.Build.0 = Debug|Any CPU
		{F445DB8E-E25A-41EF-A158-C742F14E94E4}.Debug|Mixed Platforms.ActiveCfg = Debug|Any CPU
		{F445DB8E-E25A-41EF-A158-C742F14E94E4}.Debug|Mixed Platforms.Build.0 = Debug|Any CPU
		{F445DB8E-E25A-41EF-A158-C742F14E94E4}.Debug|x86.ActiveCfg = Debug|Any CPU
		{F445DB8E-E25A-41EF-A158-C742F14E94E4}.Release|Any CPU.ActiveCfg = Release|Any CPU
		{F445DB8E-E25A-41EF-A158-C742F14E94E4}.Release|Any CPU.Build.0 = Release|Any CPU
		{F445DB8E-E25A-41EF-A158-C742F14E94E4}.Release|Mixed Platforms.ActiveCfg = Release|Any CPU
		{F445DB8E-E25A-41EF-A158-C742F14E94E4}.Release|Mixed Platforms.Build.0 = Release|Any CPU
		{F445DB8E-E25A-41EF-A158-C742F14E94E4}.Release|x86.ActiveCfg = Release|Any CPU
		{77961864-DB33-4189-804F-D774022C96E2}.Debug|Any CPU.ActiveCfg = Debug|Any CPU
		{77961864-DB33-4189-804F-D774022C96E2}.Debug|Any CPU.Build.0 = Debug|Any CPU
		{77961864-DB33-4189-804F-D774022C96E2}.Debug|Mixed Platforms.ActiveCfg = Debug|Any CPU
		{77961864-DB33-4189-804F-D774022C96E2}.Debug|Mixed Platforms.Build.0 = Debug|Any CPU
		{77961864-DB33-4189-804F-D774022C96E2}.Debug|x86.ActiveCfg = Debug|Any CPU
		{77961864-DB33-4189-804F-D774022C96E2}.Release|Any CPU.ActiveCfg = Release|Any CPU
		{77961864-DB33-4189-804F-D774022C96E2}.Release|Any CPU.Build.0 = Release|Any CPU
		{77961864-DB33-4189-804F-D774022C96E2}.Release|Mixed Platforms.ActiveCfg = Release|Any CPU
		{77961864-DB33-4189-804F-D774022C96E2}.Release|Mixed Platforms.Build.0 = Release|Any CPU
		{77961864-DB33-4189-804F-D774022C96E2}.Release|x86.ActiveCfg = Release|Any CPU
		{4CFF6607-4D83-46E6-A1D0-EF945311C98B}.Debug|Any CPU.ActiveCfg = Debug|Any CPU
		{4CFF6607-4D83-46E6-A1D0-EF945311C98B}.Debug|Any CPU.Build.0 = Debug|Any CPU
		{4CFF6607-4D83-46E6-A1D0-EF945311C98B}.Debug|Mixed Platforms.ActiveCfg = Debug|Any CPU
		{4CFF6607-4D83-46E6-A1D0-EF945311C98B}.Debug|Mixed Platforms.Build.0 = Debug|Any CPU
		{4CFF6607-4D83-46E6-A1D0-EF945311C98B}.Debug|x86.ActiveCfg = Debug|Any CPU
		{4CFF6607-4D83-46E6-A1D0-EF945311C98B}.Release|Any CPU.ActiveCfg = Release|Any CPU
		{4CFF6607-4D83-46E6-A1D0-EF945311C98B}.Release|Any CPU.Build.0 = Release|Any CPU
		{4CFF6607-4D83-46E6-A1D0-EF945311C98B}.Release|Mixed Platforms.ActiveCfg = Release|Any CPU
		{4CFF6607-4D83-46E6-A1D0-EF945311C98B}.Release|Mixed Platforms.Build.0 = Release|Any CPU
		{4CFF6607-4D83-46E6-A1D0-EF945311C98B}.Release|x86.ActiveCfg = Release|Any CPU
		{599D1C00-7C78-4801-A958-1285C4CB76C9}.Debug|Any CPU.ActiveCfg = Debug|Any CPU
		{599D1C00-7C78-4801-A958-1285C4CB76C9}.Debug|Any CPU.Build.0 = Debug|Any CPU
		{599D1C00-7C78-4801-A958-1285C4CB76C9}.Debug|Mixed Platforms.ActiveCfg = Debug|Any CPU
		{599D1C00-7C78-4801-A958-1285C4CB76C9}.Debug|Mixed Platforms.Build.0 = Debug|Any CPU
		{599D1C00-7C78-4801-A958-1285C4CB76C9}.Debug|x86.ActiveCfg = Debug|Any CPU
		{599D1C00-7C78-4801-A958-1285C4CB76C9}.Release|Any CPU.ActiveCfg = Release|Any CPU
		{599D1C00-7C78-4801-A958-1285C4CB76C9}.Release|Any CPU.Build.0 = Release|Any CPU
		{599D1C00-7C78-4801-A958-1285C4CB76C9}.Release|Mixed Platforms.ActiveCfg = Release|Any CPU
		{599D1C00-7C78-4801-A958-1285C4CB76C9}.Release|Mixed Platforms.Build.0 = Release|Any CPU
		{599D1C00-7C78-4801-A958-1285C4CB76C9}.Release|x86.ActiveCfg = Release|Any CPU
		{F5C47C68-67C3-47D2-8846-DD817C2E3999}.Debug|Any CPU.ActiveCfg = Debug|Any CPU
		{F5C47C68-67C3-47D2-8846-DD817C2E3999}.Debug|Any CPU.Build.0 = Debug|Any CPU
		{F5C47C68-67C3-47D2-8846-DD817C2E3999}.Debug|Mixed Platforms.ActiveCfg = Debug|Any CPU
		{F5C47C68-67C3-47D2-8846-DD817C2E3999}.Debug|Mixed Platforms.Build.0 = Debug|Any CPU
		{F5C47C68-67C3-47D2-8846-DD817C2E3999}.Debug|x86.ActiveCfg = Debug|Any CPU
		{F5C47C68-67C3-47D2-8846-DD817C2E3999}.Release|Any CPU.ActiveCfg = Release|Any CPU
		{F5C47C68-67C3-47D2-8846-DD817C2E3999}.Release|Any CPU.Build.0 = Release|Any CPU
		{F5C47C68-67C3-47D2-8846-DD817C2E3999}.Release|Mixed Platforms.ActiveCfg = Release|Any CPU
		{F5C47C68-67C3-47D2-8846-DD817C2E3999}.Release|Mixed Platforms.Build.0 = Release|Any CPU
		{F5C47C68-67C3-47D2-8846-DD817C2E3999}.Release|x86.ActiveCfg = Release|Any CPU
		{DE30CBE9-50F3-4A3E-BCC9-A8A36348530E}.Debug|Any CPU.ActiveCfg = Debug|Any CPU
		{DE30CBE9-50F3-4A3E-BCC9-A8A36348530E}.Debug|Any CPU.Build.0 = Debug|Any CPU
		{DE30CBE9-50F3-4A3E-BCC9-A8A36348530E}.Debug|Mixed Platforms.ActiveCfg = Debug|Any CPU
		{DE30CBE9-50F3-4A3E-BCC9-A8A36348530E}.Debug|Mixed Platforms.Build.0 = Debug|Any CPU
		{DE30CBE9-50F3-4A3E-BCC9-A8A36348530E}.Debug|x86.ActiveCfg = Debug|Any CPU
		{DE30CBE9-50F3-4A3E-BCC9-A8A36348530E}.Release|Any CPU.ActiveCfg = Release|Any CPU
		{DE30CBE9-50F3-4A3E-BCC9-A8A36348530E}.Release|Any CPU.Build.0 = Release|Any CPU
		{DE30CBE9-50F3-4A3E-BCC9-A8A36348530E}.Release|Mixed Platforms.ActiveCfg = Release|Any CPU
		{DE30CBE9-50F3-4A3E-BCC9-A8A36348530E}.Release|Mixed Platforms.Build.0 = Release|Any CPU
		{DE30CBE9-50F3-4A3E-BCC9-A8A36348530E}.Release|x86.ActiveCfg = Release|Any CPU
		{C286833F-D1CD-4618-98F7-F3A5BA9ECFA1}.Debug|Any CPU.ActiveCfg = Debug|Any CPU
		{C286833F-D1CD-4618-98F7-F3A5BA9ECFA1}.Debug|Any CPU.Build.0 = Debug|Any CPU
		{C286833F-D1CD-4618-98F7-F3A5BA9ECFA1}.Debug|Mixed Platforms.ActiveCfg = Debug|Any CPU
		{C286833F-D1CD-4618-98F7-F3A5BA9ECFA1}.Debug|Mixed Platforms.Build.0 = Debug|Any CPU
		{C286833F-D1CD-4618-98F7-F3A5BA9ECFA1}.Debug|x86.ActiveCfg = Debug|Any CPU
		{C286833F-D1CD-4618-98F7-F3A5BA9ECFA1}.Release|Any CPU.ActiveCfg = Release|Any CPU
		{C286833F-D1CD-4618-98F7-F3A5BA9ECFA1}.Release|Any CPU.Build.0 = Release|Any CPU
		{C286833F-D1CD-4618-98F7-F3A5BA9ECFA1}.Release|Mixed Platforms.ActiveCfg = Release|Any CPU
		{C286833F-D1CD-4618-98F7-F3A5BA9ECFA1}.Release|Mixed Platforms.Build.0 = Release|Any CPU
		{C286833F-D1CD-4618-98F7-F3A5BA9ECFA1}.Release|x86.ActiveCfg = Release|Any CPU
		{B21130AE-311F-4F15-B763-0E91EE4C9646}.Debug|Any CPU.ActiveCfg = Debug|Any CPU
		{B21130AE-311F-4F15-B763-0E91EE4C9646}.Debug|Any CPU.Build.0 = Debug|Any CPU
		{B21130AE-311F-4F15-B763-0E91EE4C9646}.Debug|Mixed Platforms.ActiveCfg = Debug|Any CPU
		{B21130AE-311F-4F15-B763-0E91EE4C9646}.Debug|Mixed Platforms.Build.0 = Debug|Any CPU
		{B21130AE-311F-4F15-B763-0E91EE4C9646}.Debug|x86.ActiveCfg = Debug|Any CPU
		{B21130AE-311F-4F15-B763-0E91EE4C9646}.Release|Any CPU.ActiveCfg = Release|Any CPU
		{B21130AE-311F-4F15-B763-0E91EE4C9646}.Release|Any CPU.Build.0 = Release|Any CPU
		{B21130AE-311F-4F15-B763-0E91EE4C9646}.Release|Mixed Platforms.ActiveCfg = Release|Any CPU
		{B21130AE-311F-4F15-B763-0E91EE4C9646}.Release|Mixed Platforms.Build.0 = Release|Any CPU
		{B21130AE-311F-4F15-B763-0E91EE4C9646}.Release|x86.ActiveCfg = Release|Any CPU
		{067AAB6B-447A-45BA-9E0D-DFEA886B4F69}.Debug|Any CPU.ActiveCfg = Debug|Any CPU
		{067AAB6B-447A-45BA-9E0D-DFEA886B4F69}.Debug|Any CPU.Build.0 = Debug|Any CPU
		{067AAB6B-447A-45BA-9E0D-DFEA886B4F69}.Debug|Mixed Platforms.ActiveCfg = Debug|Any CPU
		{067AAB6B-447A-45BA-9E0D-DFEA886B4F69}.Debug|Mixed Platforms.Build.0 = Debug|Any CPU
		{067AAB6B-447A-45BA-9E0D-DFEA886B4F69}.Debug|x86.ActiveCfg = Debug|Any CPU
		{067AAB6B-447A-45BA-9E0D-DFEA886B4F69}.Release|Any CPU.ActiveCfg = Release|Any CPU
		{067AAB6B-447A-45BA-9E0D-DFEA886B4F69}.Release|Any CPU.Build.0 = Release|Any CPU
		{067AAB6B-447A-45BA-9E0D-DFEA886B4F69}.Release|Mixed Platforms.ActiveCfg = Release|Any CPU
		{067AAB6B-447A-45BA-9E0D-DFEA886B4F69}.Release|Mixed Platforms.Build.0 = Release|Any CPU
		{067AAB6B-447A-45BA-9E0D-DFEA886B4F69}.Release|x86.ActiveCfg = Release|Any CPU
		{F1776FF2-A727-4FAF-B6BE-D37D6B019038}.Debug|Any CPU.ActiveCfg = Debug|Any CPU
		{F1776FF2-A727-4FAF-B6BE-D37D6B019038}.Debug|Any CPU.Build.0 = Debug|Any CPU
		{F1776FF2-A727-4FAF-B6BE-D37D6B019038}.Debug|Mixed Platforms.ActiveCfg = Debug|Any CPU
		{F1776FF2-A727-4FAF-B6BE-D37D6B019038}.Debug|Mixed Platforms.Build.0 = Debug|Any CPU
		{F1776FF2-A727-4FAF-B6BE-D37D6B019038}.Debug|x86.ActiveCfg = Debug|Any CPU
		{F1776FF2-A727-4FAF-B6BE-D37D6B019038}.Release|Any CPU.ActiveCfg = Release|Any CPU
		{F1776FF2-A727-4FAF-B6BE-D37D6B019038}.Release|Any CPU.Build.0 = Release|Any CPU
		{F1776FF2-A727-4FAF-B6BE-D37D6B019038}.Release|Mixed Platforms.ActiveCfg = Release|Any CPU
		{F1776FF2-A727-4FAF-B6BE-D37D6B019038}.Release|Mixed Platforms.Build.0 = Release|Any CPU
		{F1776FF2-A727-4FAF-B6BE-D37D6B019038}.Release|x86.ActiveCfg = Release|Any CPU
		{5B810793-78E2-413C-AA05-FCDD12B7DB04}.Debug|Any CPU.ActiveCfg = Debug|Any CPU
		{5B810793-78E2-413C-AA05-FCDD12B7DB04}.Debug|Any CPU.Build.0 = Debug|Any CPU
		{5B810793-78E2-413C-AA05-FCDD12B7DB04}.Debug|Mixed Platforms.ActiveCfg = Debug|Any CPU
		{5B810793-78E2-413C-AA05-FCDD12B7DB04}.Debug|Mixed Platforms.Build.0 = Debug|Any CPU
		{5B810793-78E2-413C-AA05-FCDD12B7DB04}.Debug|x86.ActiveCfg = Debug|Any CPU
		{5B810793-78E2-413C-AA05-FCDD12B7DB04}.Release|Any CPU.ActiveCfg = Release|Any CPU
		{5B810793-78E2-413C-AA05-FCDD12B7DB04}.Release|Any CPU.Build.0 = Release|Any CPU
		{5B810793-78E2-413C-AA05-FCDD12B7DB04}.Release|Mixed Platforms.ActiveCfg = Release|Any CPU
		{5B810793-78E2-413C-AA05-FCDD12B7DB04}.Release|Mixed Platforms.Build.0 = Release|Any CPU
		{5B810793-78E2-413C-AA05-FCDD12B7DB04}.Release|x86.ActiveCfg = Release|Any CPU
		{DFD831EA-79D8-49FC-8923-3AFFDA1283B6}.Debug|Any CPU.ActiveCfg = Debug|Any CPU
		{DFD831EA-79D8-49FC-8923-3AFFDA1283B6}.Debug|Any CPU.Build.0 = Debug|Any CPU
		{DFD831EA-79D8-49FC-8923-3AFFDA1283B6}.Debug|Mixed Platforms.ActiveCfg = Debug|Any CPU
		{DFD831EA-79D8-49FC-8923-3AFFDA1283B6}.Debug|Mixed Platforms.Build.0 = Debug|Any CPU
		{DFD831EA-79D8-49FC-8923-3AFFDA1283B6}.Debug|x86.ActiveCfg = Debug|Any CPU
		{DFD831EA-79D8-49FC-8923-3AFFDA1283B6}.Release|Any CPU.ActiveCfg = Release|Any CPU
		{DFD831EA-79D8-49FC-8923-3AFFDA1283B6}.Release|Any CPU.Build.0 = Release|Any CPU
		{DFD831EA-79D8-49FC-8923-3AFFDA1283B6}.Release|Mixed Platforms.ActiveCfg = Release|Any CPU
		{DFD831EA-79D8-49FC-8923-3AFFDA1283B6}.Release|Mixed Platforms.Build.0 = Release|Any CPU
		{DFD831EA-79D8-49FC-8923-3AFFDA1283B6}.Release|x86.ActiveCfg = Release|Any CPU
	EndGlobalSection
	GlobalSection(SolutionProperties) = preSolution
		HideSolutionNode = FALSE
	EndGlobalSection
	GlobalSection(NestedProjects) = preSolution
		{A47B7998-4EE8-4AF8-9373-C664FDEDDC65} = {AB88960E-B233-475B-96E4-8C10EEF8622C}
		{F3BB1082-13E3-4B37-ABF4-A3E42C9E7ED9} = {AB88960E-B233-475B-96E4-8C10EEF8622C}
		{A9618E8B-E94D-4FE1-9AC7-E9B1A98456BB} = {AB88960E-B233-475B-96E4-8C10EEF8622C}
		{F445DB8E-E25A-41EF-A158-C742F14E94E4} = {AB88960E-B233-475B-96E4-8C10EEF8622C}
		{599D1C00-7C78-4801-A958-1285C4CB76C9} = {AB88960E-B233-475B-96E4-8C10EEF8622C}
		{DE30CBE9-50F3-4A3E-BCC9-A8A36348530E} = {AB88960E-B233-475B-96E4-8C10EEF8622C}
		{F9043097-AD68-4E7E-AD16-853A7DB2ECDD} = {88D3D1D0-85D2-4301-A9EA-3F964CB05415}
		{AD653B6B-EBB7-4E69-93F7-FADA40462648} = {88D3D1D0-85D2-4301-A9EA-3F964CB05415}
		{76CD55B8-DB16-4DF5-849C-8E2CBEF8A81B} = {88D3D1D0-85D2-4301-A9EA-3F964CB05415}
		{38D90F00-5CFB-4AF8-85CE-84FCCE20123F} = {88D3D1D0-85D2-4301-A9EA-3F964CB05415}
		{68F4256D-C291-4365-BC09-AE49B902AE59} = {88D3D1D0-85D2-4301-A9EA-3F964CB05415}
		{038DC96D-021B-41E6-867E-047598F92ED3} = {88D3D1D0-85D2-4301-A9EA-3F964CB05415}
		{7B8FBA4E-D6AC-4DAD-A607-43BA112F8EC1} = {88D3D1D0-85D2-4301-A9EA-3F964CB05415}
		{C286833F-D1CD-4618-98F7-F3A5BA9ECFA1} = {88D3D1D0-85D2-4301-A9EA-3F964CB05415}
		{067AAB6B-447A-45BA-9E0D-DFEA886B4F69} = {88D3D1D0-85D2-4301-A9EA-3F964CB05415}
		{30F29437-8AC3-44F2-89FA-3C35804CC2A8} = {D032B24A-CE3A-4881-BACE-CC4FE0AFD69D}
		{B69C2F31-5161-47BB-9FD3-2F2F2BCBF659} = {D032B24A-CE3A-4881-BACE-CC4FE0AFD69D}
		{0647E3DC-6386-4457-AFAC-CEF32F7E031E} = {D032B24A-CE3A-4881-BACE-CC4FE0AFD69D}
		{7EB8E856-2D85-44BA-8F90-201C8D1A17EA} = {D032B24A-CE3A-4881-BACE-CC4FE0AFD69D}
		{BE9A5A27-22C4-4664-A8BD-388B30B5972C} = {D032B24A-CE3A-4881-BACE-CC4FE0AFD69D}
		{49D8DA65-FC99-4C63-ADC6-1B07260F674F} = {D032B24A-CE3A-4881-BACE-CC4FE0AFD69D}
		{59A68DB8-5C96-45BB-889A-DD35486E9077} = {D032B24A-CE3A-4881-BACE-CC4FE0AFD69D}
		{3ED7292C-9CBD-40EB-A22D-E9A104917DD2} = {D032B24A-CE3A-4881-BACE-CC4FE0AFD69D}
		{DFD831EA-79D8-49FC-8923-3AFFDA1283B6} = {D032B24A-CE3A-4881-BACE-CC4FE0AFD69D}
		{F5C47C68-67C3-47D2-8846-DD817C2E3999} = {1AB7FA6A-829C-4DCF-BCA6-A27156D8DA26}
		{B21130AE-311F-4F15-B763-0E91EE4C9646} = {1AB7FA6A-829C-4DCF-BCA6-A27156D8DA26}
		{F1776FF2-A727-4FAF-B6BE-D37D6B019038} = {1AB7FA6A-829C-4DCF-BCA6-A27156D8DA26}
		{65D89ED3-D999-4E8F-BB82-F470F7EC06E4} = {16A382BF-94CC-4FBB-B791-35E77DE849A8}
		{4BCC3783-8374-4E44-A843-22C0C5624C92} = {16A382BF-94CC-4FBB-B791-35E77DE849A8}
		{A6C1F330-B858-44DE-89E6-C89D2B80DA62} = {16A382BF-94CC-4FBB-B791-35E77DE849A8}
		{1D756AD8-07A2-44F3-9A69-B6573A339CB4} = {F4796AD7-8EE0-4EF7-B05D-D7C5B291F65B}
		{79BA50A4-B1A8-45E0-B6C2-65FDC165C147} = {F4796AD7-8EE0-4EF7-B05D-D7C5B291F65B}
		{17DA1FF2-7414-4E25-8053-F3880C045877} = {30F29437-8AC3-44F2-89FA-3C35804CC2A8}
		{59C6CA03-8473-47BA-B074-242257D2B910} = {30F29437-8AC3-44F2-89FA-3C35804CC2A8}
		{22FFE0F3-1131-4227-9311-AA138A4159A8} = {30F29437-8AC3-44F2-89FA-3C35804CC2A8}
		{4DBD4C50-BEC5-48D9-B471-9FB0A7F69999} = {FF773BDF-A20C-4A5F-BFF9-F422C2AFF3CE}
		{D89972FD-A930-4D0C-B393-1895E78FAFAB} = {FF773BDF-A20C-4A5F-BFF9-F422C2AFF3CE}
		{6509477A-7360-4937-A1B9-26FED0A75CDA} = {FF773BDF-A20C-4A5F-BFF9-F422C2AFF3CE}
		{FF099D48-3FA5-4ED6-BBA0-1497D734962A} = {FF773BDF-A20C-4A5F-BFF9-F422C2AFF3CE}
		{4CFF6607-4D83-46E6-A1D0-EF945311C98B} = {FF773BDF-A20C-4A5F-BFF9-F422C2AFF3CE}
		{7033B213-2055-4C6A-B008-D9856267F5D7} = {DDBC7F79-A2A1-4D92-9AE7-ADDC838F1E5E}
		{75A12A8A-8C8F-4D1E-801B-689D8F781BF4} = {DDBC7F79-A2A1-4D92-9AE7-ADDC838F1E5E}
		{F970F8CB-8FF1-4244-9A31-D00C6D7AABE5} = {DDBC7F79-A2A1-4D92-9AE7-ADDC838F1E5E}
		{CC2E6418-C325-4486-B50D-941EC27053F6} = {DDBC7F79-A2A1-4D92-9AE7-ADDC838F1E5E}
		{65866A51-B229-44C5-AC81-87A90FA1741B} = {DDBC7F79-A2A1-4D92-9AE7-ADDC838F1E5E}
		{0B1011A6-8FCD-4F9E-BBB8-8DB86E23D2E8} = {DDBC7F79-A2A1-4D92-9AE7-ADDC838F1E5E}
		{5F30A68E-05BF-40EA-B576-5EBCDE520449} = {DDBC7F79-A2A1-4D92-9AE7-ADDC838F1E5E}
		{540BEAC7-A2C3-4C46-9F4A-E6E1DF4EF6FC} = {DDBC7F79-A2A1-4D92-9AE7-ADDC838F1E5E}
		{5EB8CFE8-69AD-4B79-9E21-FDED65A8EA3F} = {DDBC7F79-A2A1-4D92-9AE7-ADDC838F1E5E}
		{631BC4F3-E2D8-4319-814C-13904CAA17CE} = {E808AF53-3054-497B-B7C5-DEA4FDED0806}
		{27A3C89C-1967-45FF-A77E-94F44995C42C} = {E808AF53-3054-497B-B7C5-DEA4FDED0806}
		{77961864-DB33-4189-804F-D774022C96E2} = {E808AF53-3054-497B-B7C5-DEA4FDED0806}
		{65F7691A-B355-4D98-BB97-0B19F13E2190} = {90065B0F-1BFE-40D8-AED5-11096B2535B0}
		{3BF17C10-F7FB-4517-923E-B609C2FD8282} = {90065B0F-1BFE-40D8-AED5-11096B2535B0}
		{5B810793-78E2-413C-AA05-FCDD12B7DB04} = {90065B0F-1BFE-40D8-AED5-11096B2535B0}
	EndGlobalSection
EndGlobal
